// !$*UTF8*$!
{
	archiveVersion = 1;
	classes = {
	};
	objectVersion = 46;
	objects = {

/* Begin PBXBuildFile section */
		1E15E71016B4F88F00508BEC /* DDLog.m in Sources */ = {isa = PBXBuildFile; fileRef = 1E15E70B16B4F88F00508BEC /* DDLog.m */; };
		1EABE6F416B0A254004DDB61 /* Growl.framework in Frameworks */ = {isa = PBXBuildFile; fileRef = 1EABE6F316B0A254004DDB61 /* Growl.framework */; settings = {ATTRIBUTES = (Weak, ); }; };
		1EABE6F616B0C593004DDB61 /* Growl.framework in CopyFiles */ = {isa = PBXBuildFile; fileRef = 1EABE6F316B0A254004DDB61 /* Growl.framework */; };
		1EABE6FE16B0DA21004DDB61 /* Growl Registration Ticket.growlRegDict in Resources */ = {isa = PBXBuildFile; fileRef = 1EABE6FD16B0DA21004DDB61 /* Growl Registration Ticket.growlRegDict */; };
		D208560716B61B9B002F5F8C /* MTPreferencesViewController.m in Sources */ = {isa = PBXBuildFile; fileRef = D208560516B61B9B002F5F8C /* MTPreferencesViewController.m */; };
		D208560816B61B9B002F5F8C /* MTPreferencesViewController.xib in Resources */ = {isa = PBXBuildFile; fileRef = D208560616B61B9B002F5F8C /* MTPreferencesViewController.xib */; };
		D20BA5531678F7BD007BADB9 /* MTProgressindicator.m in Sources */ = {isa = PBXBuildFile; fileRef = D20BA5521678F7BD007BADB9 /* MTProgressindicator.m */; };
		D219D5E916A4F88D00C79962 /* MTHelpViewController.xib in Resources */ = {isa = PBXBuildFile; fileRef = D219D5E616A4F88C00C79962 /* MTHelpViewController.xib */; };
		D219D5EA16A4F88D00C79962 /* MTHelpViewController.m in Sources */ = {isa = PBXBuildFile; fileRef = D219D5E816A4F88D00C79962 /* MTHelpViewController.m */; };
		D219D5F416A503C100C79962 /* EncoderHelpText.rtf in Resources */ = {isa = PBXBuildFile; fileRef = D219D5F316A503C100C79962 /* EncoderHelpText.rtf */; };
		D22BC41F1680DB5E007D699C /* MTTiVoShow.m in Sources */ = {isa = PBXBuildFile; fileRef = D22BC41E1680DB5E007D699C /* MTTiVoShow.m */; };
		D22E4B1916B76DCD00619A6E /* MTAdvPreferencesViewController.xib in Resources */ = {isa = PBXBuildFile; fileRef = D22E4B1716B76DCD00619A6E /* MTAdvPreferencesViewController.xib */; };
		D235BF01168F52DE00320FA5 /* MTSubscriptionTableView.m in Sources */ = {isa = PBXBuildFile; fileRef = D235BF00168F52DE00320FA5 /* MTSubscriptionTableView.m */; };
		D24A8D0E16A5F3DC00DFF890 /* catToFile in Resources */ = {isa = PBXBuildFile; fileRef = D24A8D0D16A5F3DC00DFF890 /* catToFile */; };
		D257C6E41697400700EBE30B /* MTFormatPopUpButton.m in Sources */ = {isa = PBXBuildFile; fileRef = D257C6E21697400600EBE30B /* MTFormatPopUpButton.m */; };
		D257C6E9169740A000EBE30B /* MTPopUpTableCellView.m in Sources */ = {isa = PBXBuildFile; fileRef = D257C6E7169740A000EBE30B /* MTPopUpTableCellView.m */; };
		D27579BD16B4DC2B0090D137 /* MTPreferencesWindowController.m in Sources */ = {isa = PBXBuildFile; fileRef = D27579BB16B4DC2B0090D137 /* MTPreferencesWindowController.m */; };
		D27579BE16B4DC2B0090D137 /* MTPreferencesWindowController.xib in Resources */ = {isa = PBXBuildFile; fileRef = D27579BC16B4DC2B0090D137 /* MTPreferencesWindowController.xib */; };
		D27579C216B575A30090D137 /* MTTabViewItem.m in Sources */ = {isa = PBXBuildFile; fileRef = D27579C116B575A20090D137 /* MTTabViewItem.m */; };
		D279D3EB167A32FA007F0677 /* MTMainWindowController.m in Sources */ = {isa = PBXBuildFile; fileRef = D279D3E9167A32FA007F0677 /* MTMainWindowController.m */; };
		D279D3EC167A32FA007F0677 /* MTMainWindowController.xib in Resources */ = {isa = PBXBuildFile; fileRef = D279D3EA167A32FA007F0677 /* MTMainWindowController.xib */; };
		D28EB0FB16B3182100AA0330 /* MTNetService.m in Sources */ = {isa = PBXBuildFile; fileRef = D28EB0F916B3182100AA0330 /* MTNetService.m */; };
		D2901AE91677BB0E001E559C /* MTDownloadTableCellView.m in Sources */ = {isa = PBXBuildFile; fileRef = D2901AE81677BB0E001E559C /* MTDownloadTableCellView.m */; };
		D2995CA6168B8BB200B960B9 /* MTCheckBox.m in Sources */ = {isa = PBXBuildFile; fileRef = D2995CA5168B8BB200B960B9 /* MTCheckBox.m */; };
		D2995CAB168D08B300B960B9 /* cTiVo_sparkle_pub.pem in Resources */ = {isa = PBXBuildFile; fileRef = D2995CAA168D08B300B960B9 /* cTiVo_sparkle_pub.pem */; };
		D2995CAD168D0EE700B960B9 /* Sparkle.framework in Frameworks */ = {isa = PBXBuildFile; fileRef = D2995CAC168D0EE700B960B9 /* Sparkle.framework */; };
		D2995CAF168D0F9200B960B9 /* Sparkle.framework in CopyFiles */ = {isa = PBXBuildFile; fileRef = D2995CAC168D0EE700B960B9 /* Sparkle.framework */; };
		D2A648F216991CD300C7DA01 /* MTTiVo.m in Sources */ = {isa = PBXBuildFile; fileRef = D2A648F116991CD300C7DA01 /* MTTiVo.m */; };
		D2A648FB16994D2A00C7DA01 /* MTSubscription.m in Sources */ = {isa = PBXBuildFile; fileRef = 1E791BD31697C59300E47E84 /* MTSubscription.m */; };
		D2A7269816A23E3D00C58C5F /* MTFormat.m in Sources */ = {isa = PBXBuildFile; fileRef = D2A7269716A23E3D00C58C5F /* MTFormat.m */; };
		D2A7269C16A25DEB00C58C5F /* MTFormatEditorController.m in Sources */ = {isa = PBXBuildFile; fileRef = D2A7269A16A25DEB00C58C5F /* MTFormatEditorController.m */; };
		D2A7269D16A25DEB00C58C5F /* MTFormatEditorController.xib in Resources */ = {isa = PBXBuildFile; fileRef = D2A7269B16A25DEB00C58C5F /* MTFormatEditorController.xib */; };
		D2AFDBE8169B2D3A00D7DA3B /* MTiTivoImport.m in Sources */ = {isa = PBXBuildFile; fileRef = D2AFDBE7169B2D3A00D7DA3B /* MTiTivoImport.m */; };
		D2B6706D169CA91F009CB164 /* SystemConfiguration.framework in Frameworks */ = {isa = PBXBuildFile; fileRef = D2B6706C169CA91F009CB164 /* SystemConfiguration.framework */; };
		D2B73F3216BC485E003CB4ED /* comskip in Resources */ = {isa = PBXBuildFile; fileRef = D2B73F3116BC485E003CB4ED /* comskip */; };
		D2B73F3616BC8A90003CB4ED /* comskip.ini in Resources */ = {isa = PBXBuildFile; fileRef = D2B73F3516BC8A90003CB4ED /* comskip.ini */; };
		D2C390761687FFA600D2062E /* MTiTunes.m in Sources */ = {isa = PBXBuildFile; fileRef = D2C390741687FFA600D2062E /* MTiTunes.m */; };
		D2CAF34016AB43AE004E4CFA /* IOKit.framework in Frameworks */ = {isa = PBXBuildFile; fileRef = D2CAF33F16AB43AE004E4CFA /* IOKit.framework */; };
		D2CAF34316AB6FDE004E4CFA /* checkImage.png in Resources */ = {isa = PBXBuildFile; fileRef = D2CAF34216AB6FDE004E4CFA /* checkImage.png */; };
		D2D2C6F016B3816B001AFE75 /* MTManualTiVoEditorController.xib in Resources */ = {isa = PBXBuildFile; fileRef = D2D2C6ED16B3816B001AFE75 /* MTManualTiVoEditorController.xib */; };
		D2D2C6F116B3816B001AFE75 /* MTManualTiVoEditorController.m in Sources */ = {isa = PBXBuildFile; fileRef = D2D2C6EE16B3816B001AFE75 /* MTManualTiVoEditorController.m */; };
		D2D60BA216766EFD00CE32DE /* Cocoa.framework in Frameworks */ = {isa = PBXBuildFile; fileRef = D2D60BA116766EFD00CE32DE /* Cocoa.framework */; };
		D2D60BAC16766EFD00CE32DE /* InfoPlist.strings in Resources */ = {isa = PBXBuildFile; fileRef = D2D60BAA16766EFD00CE32DE /* InfoPlist.strings */; };
		D2D60BAE16766EFD00CE32DE /* main.m in Sources */ = {isa = PBXBuildFile; fileRef = D2D60BAD16766EFD00CE32DE /* main.m */; };
		D2D60BB216766EFD00CE32DE /* Credits.rtf in Resources */ = {isa = PBXBuildFile; fileRef = D2D60BB016766EFD00CE32DE /* Credits.rtf */; };
		D2D60BB516766EFD00CE32DE /* MTAppDelegate.m in Sources */ = {isa = PBXBuildFile; fileRef = D2D60BB416766EFD00CE32DE /* MTAppDelegate.m */; };
		D2D60BB816766EFD00CE32DE /* MainMenu.xib in Resources */ = {isa = PBXBuildFile; fileRef = D2D60BB616766EFD00CE32DE /* MainMenu.xib */; };
		D2D60BC416766F3200CE32DE /* cTiVo.icns in Resources */ = {isa = PBXBuildFile; fileRef = D2D60BBF16766F3200CE32DE /* cTiVo.icns */; };
		D2D60BC516766F3200CE32DE /* formats.plist in Resources */ = {isa = PBXBuildFile; fileRef = D2D60BC016766F3200CE32DE /* formats.plist */; };
		D2D60BC616766F3200CE32DE /* HandBrakeCLI in Resources */ = {isa = PBXBuildFile; fileRef = D2D60BC116766F3200CE32DE /* HandBrakeCLI */; };
		D2D60BC716766F3200CE32DE /* mencoder in Resources */ = {isa = PBXBuildFile; fileRef = D2D60BC216766F3200CE32DE /* mencoder */; };
		D2D60BC816766F3200CE32DE /* tivodecode in Resources */ = {isa = PBXBuildFile; fileRef = D2D60BC316766F3200CE32DE /* tivodecode */; };
		D2D60BD416766FA600CE32DE /* MTTiVoManager.m in Sources */ = {isa = PBXBuildFile; fileRef = D2D60BC916766FA600CE32DE /* MTTiVoManager.m */; };
		D2D60BD716766FA600CE32DE /* MTDownloadTableView.m in Sources */ = {isa = PBXBuildFile; fileRef = D2D60BCC16766FA600CE32DE /* MTDownloadTableView.m */; };
		D2D60BD916766FA600CE32DE /* MTProgramTableView.m in Sources */ = {isa = PBXBuildFile; fileRef = D2D60BCE16766FA600CE32DE /* MTProgramTableView.m */; };
		D2D60BDC16766FA600CE32DE /* NSString+HTML.m in Sources */ = {isa = PBXBuildFile; fileRef = D2D60BD116766FA600CE32DE /* NSString+HTML.m */; };
		D2D60BDE16766FA600CE32DE /* GTMNSString+HTML.m in Sources */ = {isa = PBXBuildFile; fileRef = D2D60BD316766FA600CE32DE /* GTMNSString+HTML.m */; };
		D2DFA6891683B9E200CD6CE0 /* ScriptingBridge.framework in Frameworks */ = {isa = PBXBuildFile; fileRef = D2DFA6881683B9E200CD6CE0 /* ScriptingBridge.framework */; };
		D2DFA68F1683C27600CD6CE0 /* MTDownloadCheckTableCell.m in Sources */ = {isa = PBXBuildFile; fileRef = D2DFA68E1683C27600CD6CE0 /* MTDownloadCheckTableCell.m */; };
/* End PBXBuildFile section */

/* Begin PBXCopyFilesBuildPhase section */
		D2995CAE168D0F7D00B960B9 /* CopyFiles */ = {
			isa = PBXCopyFilesBuildPhase;
			buildActionMask = 2147483647;
			dstPath = "";
			dstSubfolderSpec = 10;
			files = (
				D2995CAF168D0F9200B960B9 /* Sparkle.framework in CopyFiles */,
				1EABE6F616B0C593004DDB61 /* Growl.framework in CopyFiles */,
			);
			runOnlyForDeploymentPostprocessing = 0;
		};
/* End PBXCopyFilesBuildPhase section */

/* Begin PBXFileReference section */
		1E15E70A16B4F88F00508BEC /* DDLog.h */ = {isa = PBXFileReference; fileEncoding = 4; lastKnownFileType = sourcecode.c.h; path = DDLog.h; sourceTree = "<group>"; };
		1E15E70B16B4F88F00508BEC /* DDLog.m */ = {isa = PBXFileReference; fileEncoding = 4; lastKnownFileType = sourcecode.c.objc; path = DDLog.m; sourceTree = "<group>"; };
		1E791BD21697C59300E47E84 /* MTSubscription.h */ = {isa = PBXFileReference; fileEncoding = 4; lastKnownFileType = sourcecode.c.h; path = MTSubscription.h; sourceTree = "<group>"; };
		1E791BD31697C59300E47E84 /* MTSubscription.m */ = {isa = PBXFileReference; fileEncoding = 4; lastKnownFileType = sourcecode.c.objc; path = MTSubscription.m; sourceTree = "<group>"; };
		1EABE6F316B0A254004DDB61 /* Growl.framework */ = {isa = PBXFileReference; lastKnownFileType = wrapper.framework; name = Growl.framework; path = cTiVo/Growl.framework; sourceTree = "<group>"; };
		1EABE6FD16B0DA21004DDB61 /* Growl Registration Ticket.growlRegDict */ = {isa = PBXFileReference; fileEncoding = 4; lastKnownFileType = text.xml; path = "Growl Registration Ticket.growlRegDict"; sourceTree = "<group>"; };
		D202E09F169778DA00514213 /* MTiTivoImport.h */ = {isa = PBXFileReference; fileEncoding = 4; lastKnownFileType = sourcecode.objj.h; path = MTiTivoImport.h; sourceTree = "<group>"; };
		D208560416B61B9B002F5F8C /* MTPreferencesViewController.h */ = {isa = PBXFileReference; fileEncoding = 4; lastKnownFileType = sourcecode.c.h; path = MTPreferencesViewController.h; sourceTree = "<group>"; };
		D208560516B61B9B002F5F8C /* MTPreferencesViewController.m */ = {isa = PBXFileReference; fileEncoding = 4; lastKnownFileType = sourcecode.c.objc; path = MTPreferencesViewController.m; sourceTree = "<group>"; };
		D208560616B61B9B002F5F8C /* MTPreferencesViewController.xib */ = {isa = PBXFileReference; fileEncoding = 4; lastKnownFileType = file.xib; path = MTPreferencesViewController.xib; sourceTree = "<group>"; };
		D20BA5511678F7BD007BADB9 /* MTProgressindicator.h */ = {isa = PBXFileReference; fileEncoding = 4; lastKnownFileType = sourcecode.c.h; path = MTProgressindicator.h; sourceTree = "<group>"; };
		D20BA5521678F7BD007BADB9 /* MTProgressindicator.m */ = {isa = PBXFileReference; fileEncoding = 4; lastKnownFileType = sourcecode.c.objc; path = MTProgressindicator.m; sourceTree = "<group>"; };
		D219D5E616A4F88C00C79962 /* MTHelpViewController.xib */ = {isa = PBXFileReference; fileEncoding = 4; lastKnownFileType = file.xib; path = MTHelpViewController.xib; sourceTree = "<group>"; };
		D219D5E716A4F88C00C79962 /* MTHelpViewController.h */ = {isa = PBXFileReference; fileEncoding = 4; lastKnownFileType = sourcecode.c.h; path = MTHelpViewController.h; sourceTree = "<group>"; };
		D219D5E816A4F88D00C79962 /* MTHelpViewController.m */ = {isa = PBXFileReference; fileEncoding = 4; lastKnownFileType = sourcecode.c.objc; path = MTHelpViewController.m; sourceTree = "<group>"; };
		D219D5F316A503C100C79962 /* EncoderHelpText.rtf */ = {isa = PBXFileReference; fileEncoding = 4; lastKnownFileType = text.rtf; path = EncoderHelpText.rtf; sourceTree = "<group>"; };
		D22BC41D1680DB5E007D699C /* MTTiVoShow.h */ = {isa = PBXFileReference; fileEncoding = 4; lastKnownFileType = sourcecode.c.h; path = MTTiVoShow.h; sourceTree = "<group>"; };
		D22BC41E1680DB5E007D699C /* MTTiVoShow.m */ = {isa = PBXFileReference; fileEncoding = 4; lastKnownFileType = sourcecode.c.objc; path = MTTiVoShow.m; sourceTree = "<group>"; };
		D22E4B1716B76DCD00619A6E /* MTAdvPreferencesViewController.xib */ = {isa = PBXFileReference; fileEncoding = 4; lastKnownFileType = file.xib; path = MTAdvPreferencesViewController.xib; sourceTree = "<group>"; };
		D235BEFF168F52DE00320FA5 /* MTSubscriptionTableView.h */ = {isa = PBXFileReference; fileEncoding = 4; lastKnownFileType = sourcecode.c.h; path = MTSubscriptionTableView.h; sourceTree = "<group>"; };
		D235BF00168F52DE00320FA5 /* MTSubscriptionTableView.m */ = {isa = PBXFileReference; fileEncoding = 4; lastKnownFileType = sourcecode.c.objc; path = MTSubscriptionTableView.m; sourceTree = "<group>"; };
		D24A8D0D16A5F3DC00DFF890 /* catToFile */ = {isa = PBXFileReference; fileEncoding = 4; lastKnownFileType = text.script.sh; path = catToFile; sourceTree = "<group>"; };
		D257C6E11697400600EBE30B /* MTFormatPopUpButton.h */ = {isa = PBXFileReference; fileEncoding = 4; lastKnownFileType = sourcecode.c.h; path = MTFormatPopUpButton.h; sourceTree = "<group>"; };
		D257C6E21697400600EBE30B /* MTFormatPopUpButton.m */ = {isa = PBXFileReference; fileEncoding = 4; lastKnownFileType = sourcecode.c.objc; path = MTFormatPopUpButton.m; sourceTree = "<group>"; };
		D257C6E61697409F00EBE30B /* MTPopUpTableCellView.h */ = {isa = PBXFileReference; fileEncoding = 4; lastKnownFileType = sourcecode.objj.h; path = MTPopUpTableCellView.h; sourceTree = "<group>"; };
		D257C6E7169740A000EBE30B /* MTPopUpTableCellView.m */ = {isa = PBXFileReference; fileEncoding = 4; lastKnownFileType = sourcecode.c.objc; path = MTPopUpTableCellView.m; sourceTree = "<group>"; };
		D27579BA16B4DC2B0090D137 /* MTPreferencesWindowController.h */ = {isa = PBXFileReference; fileEncoding = 4; lastKnownFileType = sourcecode.c.h; path = MTPreferencesWindowController.h; sourceTree = "<group>"; };
		D27579BB16B4DC2B0090D137 /* MTPreferencesWindowController.m */ = {isa = PBXFileReference; fileEncoding = 4; lastKnownFileType = sourcecode.c.objc; path = MTPreferencesWindowController.m; sourceTree = "<group>"; };
		D27579BC16B4DC2B0090D137 /* MTPreferencesWindowController.xib */ = {isa = PBXFileReference; fileEncoding = 4; lastKnownFileType = file.xib; path = MTPreferencesWindowController.xib; sourceTree = "<group>"; };
		D27579C016B575A20090D137 /* MTTabViewItem.h */ = {isa = PBXFileReference; fileEncoding = 4; lastKnownFileType = sourcecode.c.h; path = MTTabViewItem.h; sourceTree = "<group>"; };
		D27579C116B575A20090D137 /* MTTabViewItem.m */ = {isa = PBXFileReference; fileEncoding = 4; lastKnownFileType = sourcecode.c.objc; path = MTTabViewItem.m; sourceTree = "<group>"; };
		D279D3E8167A32FA007F0677 /* MTMainWindowController.h */ = {isa = PBXFileReference; fileEncoding = 4; lastKnownFileType = sourcecode.c.h; path = MTMainWindowController.h; sourceTree = "<group>"; };
		D279D3E9167A32FA007F0677 /* MTMainWindowController.m */ = {isa = PBXFileReference; fileEncoding = 4; lastKnownFileType = sourcecode.c.objc; path = MTMainWindowController.m; sourceTree = "<group>"; };
		D279D3EA167A32FA007F0677 /* MTMainWindowController.xib */ = {isa = PBXFileReference; fileEncoding = 4; lastKnownFileType = file.xib; path = MTMainWindowController.xib; sourceTree = "<group>"; };
		D28EB0F916B3182100AA0330 /* MTNetService.m */ = {isa = PBXFileReference; fileEncoding = 4; lastKnownFileType = sourcecode.c.objc; path = MTNetService.m; sourceTree = "<group>"; };
		D28EB0FA16B3182100AA0330 /* MTNetService.h */ = {isa = PBXFileReference; fileEncoding = 4; lastKnownFileType = sourcecode.c.h; path = MTNetService.h; sourceTree = "<group>"; };
		D2901AE71677BB0E001E559C /* MTDownloadTableCellView.h */ = {isa = PBXFileReference; fileEncoding = 4; lastKnownFileType = sourcecode.c.h; path = MTDownloadTableCellView.h; sourceTree = "<group>"; };
		D2901AE81677BB0E001E559C /* MTDownloadTableCellView.m */ = {isa = PBXFileReference; fileEncoding = 4; lastKnownFileType = sourcecode.c.objc; path = MTDownloadTableCellView.m; sourceTree = "<group>"; };
		D2995CA4168B8BB200B960B9 /* MTCheckBox.h */ = {isa = PBXFileReference; fileEncoding = 4; lastKnownFileType = sourcecode.c.h; path = MTCheckBox.h; sourceTree = "<group>"; };
		D2995CA5168B8BB200B960B9 /* MTCheckBox.m */ = {isa = PBXFileReference; fileEncoding = 4; lastKnownFileType = sourcecode.c.objc; path = MTCheckBox.m; sourceTree = "<group>"; };
		D2995CAA168D08B300B960B9 /* cTiVo_sparkle_pub.pem */ = {isa = PBXFileReference; fileEncoding = 4; lastKnownFileType = text; path = cTiVo_sparkle_pub.pem; sourceTree = "<group>"; };
		D2995CAC168D0EE700B960B9 /* Sparkle.framework */ = {isa = PBXFileReference; lastKnownFileType = wrapper.framework; name = Sparkle.framework; path = cTiVo/Sparkle.framework; sourceTree = "<group>"; };
		D2A648F016991CD300C7DA01 /* MTTiVo.h */ = {isa = PBXFileReference; fileEncoding = 4; lastKnownFileType = sourcecode.c.h; path = MTTiVo.h; sourceTree = "<group>"; };
		D2A648F116991CD300C7DA01 /* MTTiVo.m */ = {isa = PBXFileReference; fileEncoding = 4; lastKnownFileType = sourcecode.c.objc; path = MTTiVo.m; sourceTree = "<group>"; };
		D2A7269416A2005400C58C5F /* README */ = {isa = PBXFileReference; lastKnownFileType = text; path = README; sourceTree = "<group>"; };
		D2A7269616A23E3D00C58C5F /* MTFormat.h */ = {isa = PBXFileReference; fileEncoding = 4; lastKnownFileType = sourcecode.c.h; path = MTFormat.h; sourceTree = "<group>"; };
		D2A7269716A23E3D00C58C5F /* MTFormat.m */ = {isa = PBXFileReference; fileEncoding = 4; lastKnownFileType = sourcecode.c.objc; path = MTFormat.m; sourceTree = "<group>"; };
		D2A7269916A25DEB00C58C5F /* MTFormatEditorController.h */ = {isa = PBXFileReference; fileEncoding = 4; lastKnownFileType = sourcecode.c.h; path = MTFormatEditorController.h; sourceTree = "<group>"; };
		D2A7269A16A25DEB00C58C5F /* MTFormatEditorController.m */ = {isa = PBXFileReference; fileEncoding = 4; lastKnownFileType = sourcecode.c.objc; path = MTFormatEditorController.m; sourceTree = "<group>"; };
		D2A7269B16A25DEB00C58C5F /* MTFormatEditorController.xib */ = {isa = PBXFileReference; fileEncoding = 4; lastKnownFileType = file.xib; path = MTFormatEditorController.xib; sourceTree = "<group>"; };
		D2AFDBE7169B2D3A00D7DA3B /* MTiTivoImport.m */ = {isa = PBXFileReference; fileEncoding = 4; lastKnownFileType = sourcecode.c.objc; path = MTiTivoImport.m; sourceTree = "<group>"; };
		D2B6706C169CA91F009CB164 /* SystemConfiguration.framework */ = {isa = PBXFileReference; lastKnownFileType = wrapper.framework; name = SystemConfiguration.framework; path = System/Library/Frameworks/SystemConfiguration.framework; sourceTree = SDKROOT; };
		D2B73F3116BC485E003CB4ED /* comskip */ = {isa = PBXFileReference; lastKnownFileType = "compiled.mach-o.executable"; path = comskip; sourceTree = "<group>"; };
		D2B73F3516BC8A90003CB4ED /* comskip.ini */ = {isa = PBXFileReference; fileEncoding = 4; lastKnownFileType = text; path = comskip.ini; sourceTree = "<group>"; };
		D2C390741687FFA600D2062E /* MTiTunes.m */ = {isa = PBXFileReference; fileEncoding = 4; lastKnownFileType = sourcecode.c.objc; path = MTiTunes.m; sourceTree = "<group>"; };
		D2C390751687FFA600D2062E /* MTiTunes.h */ = {isa = PBXFileReference; fileEncoding = 4; lastKnownFileType = sourcecode.objj.h; path = MTiTunes.h; sourceTree = "<group>"; };
		D2CAF33F16AB43AE004E4CFA /* IOKit.framework */ = {isa = PBXFileReference; lastKnownFileType = wrapper.framework; name = IOKit.framework; path = System/Library/Frameworks/IOKit.framework; sourceTree = SDKROOT; };
		D2CAF34216AB6FDE004E4CFA /* checkImage.png */ = {isa = PBXFileReference; lastKnownFileType = image.png; path = checkImage.png; sourceTree = "<group>"; };
		D2D2C6ED16B3816B001AFE75 /* MTManualTiVoEditorController.xib */ = {isa = PBXFileReference; fileEncoding = 4; lastKnownFileType = file.xib; path = MTManualTiVoEditorController.xib; sourceTree = "<group>"; };
		D2D2C6EE16B3816B001AFE75 /* MTManualTiVoEditorController.m */ = {isa = PBXFileReference; fileEncoding = 4; lastKnownFileType = sourcecode.c.objc; path = MTManualTiVoEditorController.m; sourceTree = "<group>"; };
		D2D2C6EF16B3816B001AFE75 /* MTManualTiVoEditorController.h */ = {isa = PBXFileReference; fileEncoding = 4; lastKnownFileType = sourcecode.c.h; path = MTManualTiVoEditorController.h; sourceTree = "<group>"; };
		D2D60B9D16766EFD00CE32DE /* cTiVo.app */ = {isa = PBXFileReference; explicitFileType = wrapper.application; includeInIndex = 0; path = cTiVo.app; sourceTree = BUILT_PRODUCTS_DIR; };
		D2D60BA116766EFD00CE32DE /* Cocoa.framework */ = {isa = PBXFileReference; lastKnownFileType = wrapper.framework; name = Cocoa.framework; path = System/Library/Frameworks/Cocoa.framework; sourceTree = SDKROOT; };
		D2D60BA416766EFD00CE32DE /* AppKit.framework */ = {isa = PBXFileReference; lastKnownFileType = wrapper.framework; name = AppKit.framework; path = System/Library/Frameworks/AppKit.framework; sourceTree = SDKROOT; };
		D2D60BA516766EFD00CE32DE /* CoreData.framework */ = {isa = PBXFileReference; lastKnownFileType = wrapper.framework; name = CoreData.framework; path = System/Library/Frameworks/CoreData.framework; sourceTree = SDKROOT; };
		D2D60BA616766EFD00CE32DE /* Foundation.framework */ = {isa = PBXFileReference; lastKnownFileType = wrapper.framework; name = Foundation.framework; path = System/Library/Frameworks/Foundation.framework; sourceTree = SDKROOT; };
		D2D60BA916766EFD00CE32DE /* cTiVo-Info.plist */ = {isa = PBXFileReference; lastKnownFileType = text.plist.xml; path = "cTiVo-Info.plist"; sourceTree = "<group>"; };
		D2D60BAB16766EFD00CE32DE /* en */ = {isa = PBXFileReference; lastKnownFileType = text.plist.strings; name = en; path = en.lproj/InfoPlist.strings; sourceTree = "<group>"; };
		D2D60BAD16766EFD00CE32DE /* main.m */ = {isa = PBXFileReference; lastKnownFileType = sourcecode.c.objc; path = main.m; sourceTree = "<group>"; };
		D2D60BAF16766EFD00CE32DE /* cTiVo-Prefix.pch */ = {isa = PBXFileReference; lastKnownFileType = sourcecode.c.h; path = "cTiVo-Prefix.pch"; sourceTree = "<group>"; };
		D2D60BB116766EFD00CE32DE /* en */ = {isa = PBXFileReference; lastKnownFileType = text.rtf; name = en; path = en.lproj/Credits.rtf; sourceTree = "<group>"; };
		D2D60BB316766EFD00CE32DE /* MTAppDelegate.h */ = {isa = PBXFileReference; lastKnownFileType = sourcecode.objj.h; path = MTAppDelegate.h; sourceTree = "<group>"; };
		D2D60BB416766EFD00CE32DE /* MTAppDelegate.m */ = {isa = PBXFileReference; lastKnownFileType = sourcecode.c.objc; path = MTAppDelegate.m; sourceTree = "<group>"; };
		D2D60BB716766EFD00CE32DE /* en */ = {isa = PBXFileReference; lastKnownFileType = file.xib; name = en; path = en.lproj/MainMenu.xib; sourceTree = "<group>"; };
		D2D60BBF16766F3200CE32DE /* cTiVo.icns */ = {isa = PBXFileReference; lastKnownFileType = image.icns; path = cTiVo.icns; sourceTree = "<group>"; };
		D2D60BC016766F3200CE32DE /* formats.plist */ = {isa = PBXFileReference; fileEncoding = 4; lastKnownFileType = text.plist.xml; path = formats.plist; sourceTree = "<group>"; };
		D2D60BC116766F3200CE32DE /* HandBrakeCLI */ = {isa = PBXFileReference; lastKnownFileType = "compiled.mach-o.executable"; path = HandBrakeCLI; sourceTree = "<group>"; };
		D2D60BC216766F3200CE32DE /* mencoder */ = {isa = PBXFileReference; lastKnownFileType = "compiled.mach-o.executable"; path = mencoder; sourceTree = "<group>"; };
		D2D60BC316766F3200CE32DE /* tivodecode */ = {isa = PBXFileReference; lastKnownFileType = "compiled.mach-o.executable"; path = tivodecode; sourceTree = "<group>"; };
		D2D60BC916766FA600CE32DE /* MTTiVoManager.m */ = {isa = PBXFileReference; fileEncoding = 4; lastKnownFileType = sourcecode.c.objc; path = MTTiVoManager.m; sourceTree = "<group>"; };
		D2D60BCA16766FA600CE32DE /* MTTiVoManager.h */ = {isa = PBXFileReference; fileEncoding = 4; lastKnownFileType = sourcecode.objj.h; path = MTTiVoManager.h; sourceTree = "<group>"; };
		D2D60BCB16766FA600CE32DE /* MTConstants.h */ = {isa = PBXFileReference; fileEncoding = 4; lastKnownFileType = sourcecode.objj.h; path = MTConstants.h; sourceTree = "<group>"; };
		D2D60BCC16766FA600CE32DE /* MTDownloadTableView.m */ = {isa = PBXFileReference; fileEncoding = 4; lastKnownFileType = sourcecode.c.objc; path = MTDownloadTableView.m; sourceTree = "<group>"; };
		D2D60BCD16766FA600CE32DE /* MTDownloadTableView.h */ = {isa = PBXFileReference; fileEncoding = 4; lastKnownFileType = sourcecode.c.h; path = MTDownloadTableView.h; sourceTree = "<group>"; };
		D2D60BCE16766FA600CE32DE /* MTProgramTableView.m */ = {isa = PBXFileReference; fileEncoding = 4; lastKnownFileType = sourcecode.c.objc; path = MTProgramTableView.m; sourceTree = "<group>"; };
		D2D60BCF16766FA600CE32DE /* MTProgramTableView.h */ = {isa = PBXFileReference; fileEncoding = 4; lastKnownFileType = sourcecode.c.h; path = MTProgramTableView.h; sourceTree = "<group>"; };
		D2D60BD016766FA600CE32DE /* NSString+HTML.h */ = {isa = PBXFileReference; fileEncoding = 4; lastKnownFileType = sourcecode.objj.h; path = "NSString+HTML.h"; sourceTree = "<group>"; };
		D2D60BD116766FA600CE32DE /* NSString+HTML.m */ = {isa = PBXFileReference; fileEncoding = 4; lastKnownFileType = sourcecode.c.objc; path = "NSString+HTML.m"; sourceTree = "<group>"; };
		D2D60BD216766FA600CE32DE /* GTMNSString+HTML.h */ = {isa = PBXFileReference; fileEncoding = 4; lastKnownFileType = sourcecode.objj.h; path = "GTMNSString+HTML.h"; sourceTree = "<group>"; };
		D2D60BD316766FA600CE32DE /* GTMNSString+HTML.m */ = {isa = PBXFileReference; fileEncoding = 4; lastKnownFileType = sourcecode.c.objc; path = "GTMNSString+HTML.m"; sourceTree = "<group>"; };
		D2DFA6881683B9E200CD6CE0 /* ScriptingBridge.framework */ = {isa = PBXFileReference; lastKnownFileType = wrapper.framework; name = ScriptingBridge.framework; path = System/Library/Frameworks/ScriptingBridge.framework; sourceTree = SDKROOT; };
		D2DFA68C1683BA0300CD6CE0 /* iTunes.h */ = {isa = PBXFileReference; fileEncoding = 4; lastKnownFileType = sourcecode.c.h; path = iTunes.h; sourceTree = "<group>"; };
		D2DFA68D1683C27600CD6CE0 /* MTDownloadCheckTableCell.h */ = {isa = PBXFileReference; fileEncoding = 4; lastKnownFileType = sourcecode.c.h; path = MTDownloadCheckTableCell.h; sourceTree = "<group>"; };
		D2DFA68E1683C27600CD6CE0 /* MTDownloadCheckTableCell.m */ = {isa = PBXFileReference; fileEncoding = 4; lastKnownFileType = sourcecode.c.objc; path = MTDownloadCheckTableCell.m; sourceTree = "<group>"; };
/* End PBXFileReference section */

/* Begin PBXFrameworksBuildPhase section */
		D2D60B9A16766EFD00CE32DE /* Frameworks */ = {
			isa = PBXFrameworksBuildPhase;
			buildActionMask = 2147483647;
			files = (
				D2CAF34016AB43AE004E4CFA /* IOKit.framework in Frameworks */,
				D2B6706D169CA91F009CB164 /* SystemConfiguration.framework in Frameworks */,
				D2995CAD168D0EE700B960B9 /* Sparkle.framework in Frameworks */,
				D2DFA6891683B9E200CD6CE0 /* ScriptingBridge.framework in Frameworks */,
				D2D60BA216766EFD00CE32DE /* Cocoa.framework in Frameworks */,
				1EABE6F416B0A254004DDB61 /* Growl.framework in Frameworks */,
			);
			runOnlyForDeploymentPostprocessing = 0;
		};
/* End PBXFrameworksBuildPhase section */

/* Begin PBXGroup section */
		1E791BD01697ACAA00E47E84 /* Custom NSViews */ = {
			isa = PBXGroup;
			children = (
				D2995CA4168B8BB200B960B9 /* MTCheckBox.h */,
				D2995CA5168B8BB200B960B9 /* MTCheckBox.m */,
				D257C6E11697400600EBE30B /* MTFormatPopUpButton.h */,
				D257C6E21697400600EBE30B /* MTFormatPopUpButton.m */,
				D257C6E61697409F00EBE30B /* MTPopUpTableCellView.h */,
				D257C6E7169740A000EBE30B /* MTPopUpTableCellView.m */,
				D20BA5511678F7BD007BADB9 /* MTProgressindicator.h */,
				D20BA5521678F7BD007BADB9 /* MTProgressindicator.m */,
			);
			name = "Custom NSViews";
			sourceTree = "<group>";
		};
		1EE4418016A4E64800796897 /* UI Classes- Format Edit */ = {
			isa = PBXGroup;
			children = (
				D2A7269916A25DEB00C58C5F /* MTFormatEditorController.h */,
				D2A7269A16A25DEB00C58C5F /* MTFormatEditorController.m */,
				D2A7269B16A25DEB00C58C5F /* MTFormatEditorController.xib */,
				D219D5E716A4F88C00C79962 /* MTHelpViewController.h */,
				D219D5E816A4F88D00C79962 /* MTHelpViewController.m */,
				D219D5E616A4F88C00C79962 /* MTHelpViewController.xib */,
			);
			name = "UI Classes- Format Edit";
			sourceTree = "<group>";
		};
		D272E49116B33D1600392165 /* UI Classes - Manual TiVo Editor */ = {
			isa = PBXGroup;
			children = (
				D2D2C6ED16B3816B001AFE75 /* MTManualTiVoEditorController.xib */,
				D2D2C6EE16B3816B001AFE75 /* MTManualTiVoEditorController.m */,
				D2D2C6EF16B3816B001AFE75 /* MTManualTiVoEditorController.h */,
			);
			name = "UI Classes - Manual TiVo Editor";
			sourceTree = "<group>";
		};
		D278CCDA16B49A8500711FFD /* UI Classes - Preferences  */ = {
			isa = PBXGroup;
			children = (
				D27579BA16B4DC2B0090D137 /* MTPreferencesWindowController.h */,
				D27579BB16B4DC2B0090D137 /* MTPreferencesWindowController.m */,
				D27579BC16B4DC2B0090D137 /* MTPreferencesWindowController.xib */,
				D27579C016B575A20090D137 /* MTTabViewItem.h */,
				D27579C116B575A20090D137 /* MTTabViewItem.m */,
				D208560416B61B9B002F5F8C /* MTPreferencesViewController.h */,
				D208560516B61B9B002F5F8C /* MTPreferencesViewController.m */,
				D208560616B61B9B002F5F8C /* MTPreferencesViewController.xib */,
				D22E4B1716B76DCD00619A6E /* MTAdvPreferencesViewController.xib */,
			);
			name = "UI Classes - Preferences ";
			sourceTree = "<group>";
		};
		D2D60B9216766EFD00CE32DE = {
			isa = PBXGroup;
			children = (
				D2D60BA716766EFD00CE32DE /* cTiVo */,
				D2D60BA016766EFD00CE32DE /* Frameworks */,
				D2D60B9E16766EFD00CE32DE /* Products */,
			);
			sourceTree = "<group>";
		};
		D2D60B9E16766EFD00CE32DE /* Products */ = {
			isa = PBXGroup;
			children = (
				D2D60B9D16766EFD00CE32DE /* cTiVo.app */,
			);
			name = Products;
			sourceTree = "<group>";
		};
		D2D60BA016766EFD00CE32DE /* Frameworks */ = {
			isa = PBXGroup;
			children = (
				D2CAF33F16AB43AE004E4CFA /* IOKit.framework */,
				D2B6706C169CA91F009CB164 /* SystemConfiguration.framework */,
				1EABE6F316B0A254004DDB61 /* Growl.framework */,
				D2995CAC168D0EE700B960B9 /* Sparkle.framework */,
				D2DFA6881683B9E200CD6CE0 /* ScriptingBridge.framework */,
				D2D60BA116766EFD00CE32DE /* Cocoa.framework */,
				D2D60BA316766EFD00CE32DE /* Other Frameworks */,
			);
			name = Frameworks;
			sourceTree = "<group>";
		};
		D2D60BA316766EFD00CE32DE /* Other Frameworks */ = {
			isa = PBXGroup;
			children = (
				D2D60BA416766EFD00CE32DE /* AppKit.framework */,
				D2D60BA516766EFD00CE32DE /* CoreData.framework */,
				D2D60BA616766EFD00CE32DE /* Foundation.framework */,
			);
			name = "Other Frameworks";
			sourceTree = "<group>";
		};
		D2D60BA716766EFD00CE32DE /* cTiVo */ = {
			isa = PBXGroup;
			children = (
				D2D60BB616766EFD00CE32DE /* MainMenu.xib */,
				D2D60BB316766EFD00CE32DE /* MTAppDelegate.h */,
				D2D60BB416766EFD00CE32DE /* MTAppDelegate.m */,
				D2D60BCB16766FA600CE32DE /* MTConstants.h */,
				D2A7269416A2005400C58C5F /* README */,
				D2DA8FBA169CDAAD0053B7CB /* Data Model */,
				D2DA8FBB169CDACC0053B7CB /* UI Classes- Main Window */,
				D278CCDA16B49A8500711FFD /* UI Classes - Preferences  */,
				1EE4418016A4E64800796897 /* UI Classes- Format Edit */,
				D272E49116B33D1600392165 /* UI Classes - Manual TiVo Editor */,
				1E791BD01697ACAA00E47E84 /* Custom NSViews */,
				D2DFA68B1683B9EC00CD6CE0 /* iTunesInterface */,
				D2D60BBE16766F1100CE32DE /* Resources */,
				D2D60BA816766EFD00CE32DE /* Supporting Files */,
				D2D60BDF16766FB100CE32DE /* Utilities */,
			);
			path = cTiVo;
			sourceTree = "<group>";
		};
		D2D60BA816766EFD00CE32DE /* Supporting Files */ = {
			isa = PBXGroup;
			children = (
				D2D60BA916766EFD00CE32DE /* cTiVo-Info.plist */,
				D2D60BAA16766EFD00CE32DE /* InfoPlist.strings */,
				D2D60BAD16766EFD00CE32DE /* main.m */,
				D2D60BAF16766EFD00CE32DE /* cTiVo-Prefix.pch */,
				D2D60BB016766EFD00CE32DE /* Credits.rtf */,
			);
			name = "Supporting Files";
			sourceTree = "<group>";
		};
		D2D60BBE16766F1100CE32DE /* Resources */ = {
			isa = PBXGroup;
			children = (
				D2B73F3516BC8A90003CB4ED /* comskip.ini */,
				D2B73F3116BC485E003CB4ED /* comskip */,
				D2CAF34216AB6FDE004E4CFA /* checkImage.png */,
				D24A8D0D16A5F3DC00DFF890 /* catToFile */,
				D219D5F316A503C100C79962 /* EncoderHelpText.rtf */,
				D2995CAA168D08B300B960B9 /* cTiVo_sparkle_pub.pem */,
				D2D60BBF16766F3200CE32DE /* cTiVo.icns */,
				1EABE6FD16B0DA21004DDB61 /* Growl Registration Ticket.growlRegDict */,
				D2D60BC016766F3200CE32DE /* formats.plist */,
				D2D60BC116766F3200CE32DE /* HandBrakeCLI */,
				D2D60BC216766F3200CE32DE /* mencoder */,
				D2D60BC316766F3200CE32DE /* tivodecode */,
			);
			name = Resources;
			sourceTree = "<group>";
		};
		D2D60BDF16766FB100CE32DE /* Utilities */ = {
			isa = PBXGroup;
			children = (
				D2D60BD016766FA600CE32DE /* NSString+HTML.h */,
				D2D60BD116766FA600CE32DE /* NSString+HTML.m */,
				D2D60BD216766FA600CE32DE /* GTMNSString+HTML.h */,
				D2D60BD316766FA600CE32DE /* GTMNSString+HTML.m */,
				D202E09F169778DA00514213 /* MTiTivoImport.h */,
				D2AFDBE7169B2D3A00D7DA3B /* MTiTivoImport.m */,
				1E15E70A16B4F88F00508BEC /* DDLog.h */,
				1E15E70B16B4F88F00508BEC /* DDLog.m */,
			);
			name = Utilities;
			sourceTree = "<group>";
		};
		D2DA8FBA169CDAAD0053B7CB /* Data Model */ = {
			isa = PBXGroup;
			children = (
				D28EB0FA16B3182100AA0330 /* MTNetService.h */,
				D28EB0F916B3182100AA0330 /* MTNetService.m */,
				D2A648F016991CD300C7DA01 /* MTTiVo.h */,
				D2A648F116991CD300C7DA01 /* MTTiVo.m */,
				D2D60BCA16766FA600CE32DE /* MTTiVoManager.h */,
				D2D60BC916766FA600CE32DE /* MTTiVoManager.m */,
				D22BC41D1680DB5E007D699C /* MTTiVoShow.h */,
				D22BC41E1680DB5E007D699C /* MTTiVoShow.m */,
				1E791BD21697C59300E47E84 /* MTSubscription.h */,
				1E791BD31697C59300E47E84 /* MTSubscription.m */,
				D2A7269616A23E3D00C58C5F /* MTFormat.h */,
				D2A7269716A23E3D00C58C5F /* MTFormat.m */,
			);
			name = "Data Model";
			sourceTree = "<group>";
		};
		D2DA8FBB169CDACC0053B7CB /* UI Classes- Main Window */ = {
			isa = PBXGroup;
			children = (
				D2D60BCD16766FA600CE32DE /* MTDownloadTableView.h */,
				D2D60BCC16766FA600CE32DE /* MTDownloadTableView.m */,
				D2901AE71677BB0E001E559C /* MTDownloadTableCellView.h */,
				D2901AE81677BB0E001E559C /* MTDownloadTableCellView.m */,
				D2DFA68D1683C27600CD6CE0 /* MTDownloadCheckTableCell.h */,
				D2DFA68E1683C27600CD6CE0 /* MTDownloadCheckTableCell.m */,
				D279D3E8167A32FA007F0677 /* MTMainWindowController.h */,
				D279D3E9167A32FA007F0677 /* MTMainWindowController.m */,
				D279D3EA167A32FA007F0677 /* MTMainWindowController.xib */,
				D2D60BCF16766FA600CE32DE /* MTProgramTableView.h */,
				D2D60BCE16766FA600CE32DE /* MTProgramTableView.m */,
				D235BEFF168F52DE00320FA5 /* MTSubscriptionTableView.h */,
				D235BF00168F52DE00320FA5 /* MTSubscriptionTableView.m */,
				D2901AE71677BB0E001E559C /* MTDownloadTableCellView.h */,
				D2901AE81677BB0E001E559C /* MTDownloadTableCellView.m */,
				D2DFA68D1683C27600CD6CE0 /* MTDownloadCheckTableCell.h */,
				D2DFA68E1683C27600CD6CE0 /* MTDownloadCheckTableCell.m */,
			);
			name = "UI Classes- Main Window";
			sourceTree = "<group>";
		};
		D2DFA68B1683B9EC00CD6CE0 /* iTunesInterface */ = {
			isa = PBXGroup;
			children = (
				D2C390751687FFA600D2062E /* MTiTunes.h */,
				D2C390741687FFA600D2062E /* MTiTunes.m */,
				D2DFA68C1683BA0300CD6CE0 /* iTunes.h */,
			);
			name = iTunesInterface;
			sourceTree = "<group>";
		};
/* End PBXGroup section */

/* Begin PBXNativeTarget section */
		D2D60B9C16766EFD00CE32DE /* cTiVo */ = {
			isa = PBXNativeTarget;
			buildConfigurationList = D2D60BBB16766EFD00CE32DE /* Build configuration list for PBXNativeTarget "cTiVo" */;
			buildPhases = (
				D2D60B9916766EFD00CE32DE /* Sources */,
				D2901ADC1677AF3C001E559C /* ShellScript */,
				D2D60B9A16766EFD00CE32DE /* Frameworks */,
				D2D60B9B16766EFD00CE32DE /* Resources */,
				D2995CAE168D0F7D00B960B9 /* CopyFiles */,
			);
			buildRules = (
			);
			dependencies = (
			);
			name = cTiVo;
			productName = cTiVo;
			productReference = D2D60B9D16766EFD00CE32DE /* cTiVo.app */;
			productType = "com.apple.product-type.application";
		};
/* End PBXNativeTarget section */

/* Begin PBXProject section */
		D2D60B9416766EFD00CE32DE /* Project object */ = {
			isa = PBXProject;
			attributes = {
				CLASSPREFIX = MT;
				LastUpgradeCheck = 0450;
				ORGANIZATIONNAME = "Scott Buchanan";
			};
			buildConfigurationList = D2D60B9716766EFD00CE32DE /* Build configuration list for PBXProject "cTiVo" */;
			compatibilityVersion = "Xcode 3.2";
			developmentRegion = English;
			hasScannedForEncodings = 0;
			knownRegions = (
				en,
			);
			mainGroup = D2D60B9216766EFD00CE32DE;
			productRefGroup = D2D60B9E16766EFD00CE32DE /* Products */;
			projectDirPath = "";
			projectRoot = "";
			targets = (
				D2D60B9C16766EFD00CE32DE /* cTiVo */,
			);
		};
/* End PBXProject section */

/* Begin PBXResourcesBuildPhase section */
		D2D60B9B16766EFD00CE32DE /* Resources */ = {
			isa = PBXResourcesBuildPhase;
			buildActionMask = 2147483647;
			files = (
				D2D60BAC16766EFD00CE32DE /* InfoPlist.strings in Resources */,
				D2D60BB216766EFD00CE32DE /* Credits.rtf in Resources */,
				D2D60BB816766EFD00CE32DE /* MainMenu.xib in Resources */,
				D2D60BC416766F3200CE32DE /* cTiVo.icns in Resources */,
				D2D60BC516766F3200CE32DE /* formats.plist in Resources */,
				D2D60BC616766F3200CE32DE /* HandBrakeCLI in Resources */,
				D2D60BC716766F3200CE32DE /* mencoder in Resources */,
				D2D60BC816766F3200CE32DE /* tivodecode in Resources */,
				D279D3EC167A32FA007F0677 /* MTMainWindowController.xib in Resources */,
				D2995CAB168D08B300B960B9 /* cTiVo_sparkle_pub.pem in Resources */,
				D2A7269D16A25DEB00C58C5F /* MTFormatEditorController.xib in Resources */,
				D219D5E916A4F88D00C79962 /* MTHelpViewController.xib in Resources */,
				D219D5F416A503C100C79962 /* EncoderHelpText.rtf in Resources */,
				D24A8D0E16A5F3DC00DFF890 /* catToFile in Resources */,
				D2CAF34316AB6FDE004E4CFA /* checkImage.png in Resources */,
				1EABE6FE16B0DA21004DDB61 /* Growl Registration Ticket.growlRegDict in Resources */,
				D2D2C6F016B3816B001AFE75 /* MTManualTiVoEditorController.xib in Resources */,
				D27579BE16B4DC2B0090D137 /* MTPreferencesWindowController.xib in Resources */,
				D208560816B61B9B002F5F8C /* MTPreferencesViewController.xib in Resources */,
				D22E4B1916B76DCD00619A6E /* MTAdvPreferencesViewController.xib in Resources */,
				D2B73F3216BC485E003CB4ED /* comskip in Resources */,
				D2B73F3616BC8A90003CB4ED /* comskip.ini in Resources */,
			);
			runOnlyForDeploymentPostprocessing = 0;
		};
/* End PBXResourcesBuildPhase section */

/* Begin PBXShellScriptBuildPhase section */
		D2901ADC1677AF3C001E559C /* ShellScript */ = {
			isa = PBXShellScriptBuildPhase;
			buildActionMask = 2147483647;
			files = (
			);
			inputPaths = (
			);
			outputPaths = (
			);
			runOnlyForDeploymentPostprocessing = 0;
			shellPath = /bin/sh;
			shellScript = "svn update\n/usr/libexec/PlistBuddy -c \"Set :CFBundleVersion `svn info | grep Revision | awk '{print $2}'`\" ${TARGET_BUILD_DIR}/${INFOPLIST_PATH}\n";
		};
/* End PBXShellScriptBuildPhase section */

/* Begin PBXSourcesBuildPhase section */
		D2D60B9916766EFD00CE32DE /* Sources */ = {
			isa = PBXSourcesBuildPhase;
			buildActionMask = 2147483647;
			files = (
				D2D60BAE16766EFD00CE32DE /* main.m in Sources */,
				D2D60BB516766EFD00CE32DE /* MTAppDelegate.m in Sources */,
				D2D60BD416766FA600CE32DE /* MTTiVoManager.m in Sources */,
				D2D60BD716766FA600CE32DE /* MTDownloadTableView.m in Sources */,
				D2D60BD916766FA600CE32DE /* MTProgramTableView.m in Sources */,
				D2D60BDC16766FA600CE32DE /* NSString+HTML.m in Sources */,
				D2D60BDE16766FA600CE32DE /* GTMNSString+HTML.m in Sources */,
				D2901AE91677BB0E001E559C /* MTDownloadTableCellView.m in Sources */,
				D20BA5531678F7BD007BADB9 /* MTProgressindicator.m in Sources */,
				D279D3EB167A32FA007F0677 /* MTMainWindowController.m in Sources */,
				D22BC41F1680DB5E007D699C /* MTTiVoShow.m in Sources */,
				D2DFA68F1683C27600CD6CE0 /* MTDownloadCheckTableCell.m in Sources */,
				D2C390761687FFA600D2062E /* MTiTunes.m in Sources */,
				D2995CA6168B8BB200B960B9 /* MTCheckBox.m in Sources */,
				D235BF01168F52DE00320FA5 /* MTSubscriptionTableView.m in Sources */,
				D257C6E41697400700EBE30B /* MTFormatPopUpButton.m in Sources */,
				D257C6E9169740A000EBE30B /* MTPopUpTableCellView.m in Sources */,
				D2A648F216991CD300C7DA01 /* MTTiVo.m in Sources */,
				D2A648FB16994D2A00C7DA01 /* MTSubscription.m in Sources */,
				D2AFDBE8169B2D3A00D7DA3B /* MTiTivoImport.m in Sources */,
				D2A7269816A23E3D00C58C5F /* MTFormat.m in Sources */,
				D2A7269C16A25DEB00C58C5F /* MTFormatEditorController.m in Sources */,
				D219D5EA16A4F88D00C79962 /* MTHelpViewController.m in Sources */,
				D28EB0FB16B3182100AA0330 /* MTNetService.m in Sources */,
				D2D2C6F116B3816B001AFE75 /* MTManualTiVoEditorController.m in Sources */,
				D27579BD16B4DC2B0090D137 /* MTPreferencesWindowController.m in Sources */,
				D27579C216B575A30090D137 /* MTTabViewItem.m in Sources */,
				D208560716B61B9B002F5F8C /* MTPreferencesViewController.m in Sources */,
				1E15E71016B4F88F00508BEC /* DDLog.m in Sources */,
			);
			runOnlyForDeploymentPostprocessing = 0;
		};
/* End PBXSourcesBuildPhase section */

/* Begin PBXVariantGroup section */
		D2D60BAA16766EFD00CE32DE /* InfoPlist.strings */ = {
			isa = PBXVariantGroup;
			children = (
				D2D60BAB16766EFD00CE32DE /* en */,
			);
			name = InfoPlist.strings;
			sourceTree = "<group>";
		};
		D2D60BB016766EFD00CE32DE /* Credits.rtf */ = {
			isa = PBXVariantGroup;
			children = (
				D2D60BB116766EFD00CE32DE /* en */,
			);
			name = Credits.rtf;
			sourceTree = "<group>";
		};
		D2D60BB616766EFD00CE32DE /* MainMenu.xib */ = {
			isa = PBXVariantGroup;
			children = (
				D2D60BB716766EFD00CE32DE /* en */,
			);
			name = MainMenu.xib;
			sourceTree = "<group>";
		};
/* End PBXVariantGroup section */

/* Begin XCBuildConfiguration section */
		D2D60BB916766EFD00CE32DE /* Debug */ = {
			isa = XCBuildConfiguration;
			buildSettings = {
				ALWAYS_SEARCH_USER_PATHS = NO;
				ARCHS = "$(ARCHS_STANDARD_64_BIT)";
				CLANG_CXX_LANGUAGE_STANDARD = "gnu++0x";
				CLANG_CXX_LIBRARY = "libc++";
				CLANG_WARN_EMPTY_BODY = YES;
				CLANG_WARN__DUPLICATE_METHOD_MATCH = YES;
				COPY_PHASE_STRIP = NO;
				GCC_C_LANGUAGE_STANDARD = gnu99;
				GCC_DYNAMIC_NO_PIC = NO;
				GCC_ENABLE_OBJC_EXCEPTIONS = YES;
				GCC_OPTIMIZATION_LEVEL = 0;
				GCC_PREPROCESSOR_DEFINITIONS = (
					"DEBUG=1",
					"$(inherited)",
				);
				GCC_SYMBOLS_PRIVATE_EXTERN = NO;
				GCC_WARN_64_TO_32_BIT_CONVERSION = YES;
				GCC_WARN_ABOUT_RETURN_TYPE = YES;
				GCC_WARN_UNINITIALIZED_AUTOS = YES;
				GCC_WARN_UNUSED_VARIABLE = YES;
				MACOSX_DEPLOYMENT_TARGET = 10.5;
				ONLY_ACTIVE_ARCH = YES;
				SDKROOT = macosx;
			};
			name = Debug;
		};
		D2D60BBA16766EFD00CE32DE /* Release */ = {
			isa = XCBuildConfiguration;
			buildSettings = {
				ALWAYS_SEARCH_USER_PATHS = NO;
				ARCHS = "$(ARCHS_STANDARD_64_BIT)";
				CLANG_CXX_LANGUAGE_STANDARD = "gnu++0x";
				CLANG_CXX_LIBRARY = "libc++";
				CLANG_WARN_EMPTY_BODY = YES;
				CLANG_WARN__DUPLICATE_METHOD_MATCH = YES;
				COPY_PHASE_STRIP = YES;
				DEBUG_INFORMATION_FORMAT = "dwarf-with-dsym";
				GCC_C_LANGUAGE_STANDARD = gnu99;
				GCC_ENABLE_OBJC_EXCEPTIONS = YES;
				GCC_WARN_64_TO_32_BIT_CONVERSION = YES;
				GCC_WARN_ABOUT_RETURN_TYPE = YES;
				GCC_WARN_UNINITIALIZED_AUTOS = YES;
				GCC_WARN_UNUSED_VARIABLE = YES;
				MACOSX_DEPLOYMENT_TARGET = 10.5;
				SDKROOT = macosx;
			};
			name = Release;
		};
		D2D60BBC16766EFD00CE32DE /* Debug */ = {
			isa = XCBuildConfiguration;
			buildSettings = {
				COMBINE_HIDPI_IMAGES = YES;
				FRAMEWORK_SEARCH_PATHS = (
					"$(inherited)",
					"\"$(SRCROOT)/cTiVo\"",
					"\"$(SRCROOT)\"",
				);
				GCC_PRECOMPILE_PREFIX_HEADER = YES;
				GCC_PREFIX_HEADER = "cTiVo/cTiVo-Prefix.pch";
				INFOPLIST_FILE = "cTiVo/cTiVo-Info.plist";
				MACOSX_DEPLOYMENT_TARGET = 10.5;
				PRODUCT_NAME = "$(TARGET_NAME)";
				WRAPPER_EXTENSION = app;
			};
			name = Debug;
		};
		D2D60BBD16766EFD00CE32DE /* Release */ = {
			isa = XCBuildConfiguration;
			buildSettings = {
				COMBINE_HIDPI_IMAGES = YES;
				FRAMEWORK_SEARCH_PATHS = (
					"$(inherited)",
					"\"$(SRCROOT)/cTiVo\"",
					"\"$(SRCROOT)\"",
				);
				GCC_PRECOMPILE_PREFIX_HEADER = YES;
				GCC_PREFIX_HEADER = "cTiVo/cTiVo-Prefix.pch";
				INFOPLIST_FILE = "cTiVo/cTiVo-Info.plist";
				MACOSX_DEPLOYMENT_TARGET = 10.5;
				PRODUCT_NAME = "$(TARGET_NAME)";
				WRAPPER_EXTENSION = app;
			};
			name = Release;
		};
/* End XCBuildConfiguration section */

/* Begin XCConfigurationList section */
		D2D60B9716766EFD00CE32DE /* Build configuration list for PBXProject "cTiVo" */ = {
			isa = XCConfigurationList;
			buildConfigurations = (
				D2D60BB916766EFD00CE32DE /* Debug */,
				D2D60BBA16766EFD00CE32DE /* Release */,
			);
			defaultConfigurationIsVisible = 0;
			defaultConfigurationName = Release;
		};
		D2D60BBB16766EFD00CE32DE /* Build configuration list for PBXNativeTarget "cTiVo" */ = {
			isa = XCConfigurationList;
			buildConfigurations = (
				D2D60BBC16766EFD00CE32DE /* Debug */,
				D2D60BBD16766EFD00CE32DE /* Release */,
			);
			defaultConfigurationIsVisible = 0;
			defaultConfigurationName = Release;
		};
/* End XCConfigurationList section */
	};
	rootObject = D2D60B9416766EFD00CE32DE /* Project object */;
}
