// !$*UTF8*$!
{
	archiveVersion = 1;
	classes = {
	};
	objectVersion = 46;
	objects = {

/* Begin PBXBuildFile section */
		D20BA5531678F7BD007BADB9 /* MTProgressindicator.m in Sources */ = {isa = PBXBuildFile; fileRef = D20BA5521678F7BD007BADB9 /* MTProgressindicator.m */; };
		D22BC41F1680DB5E007D699C /* MTTiVoShow.m in Sources */ = {isa = PBXBuildFile; fileRef = D22BC41E1680DB5E007D699C /* MTTiVoShow.m */; };
		D279D3EB167A32FA007F0677 /* MTMainWindowController.m in Sources */ = {isa = PBXBuildFile; fileRef = D279D3E9167A32FA007F0677 /* MTMainWindowController.m */; };
		D279D3EC167A32FA007F0677 /* MTMainWindowController.xib in Resources */ = {isa = PBXBuildFile; fileRef = D279D3EA167A32FA007F0677 /* MTMainWindowController.xib */; };
		D2901AE91677BB0E001E559C /* MTDownloadListCellView.m in Sources */ = {isa = PBXBuildFile; fileRef = D2901AE81677BB0E001E559C /* MTDownloadListCellView.m */; };
		D2995CA6168B8BB200B960B9 /* MTCheckBox.m in Sources */ = {isa = PBXBuildFile; fileRef = D2995CA5168B8BB200B960B9 /* MTCheckBox.m */; };
		D2995CAB168D08B300B960B9 /* dsa_pub.pem in Resources */ = {isa = PBXBuildFile; fileRef = D2995CAA168D08B300B960B9 /* dsa_pub.pem */; };
		D2995CAD168D0EE700B960B9 /* Sparkle.framework in Frameworks */ = {isa = PBXBuildFile; fileRef = D2995CAC168D0EE700B960B9 /* Sparkle.framework */; };
		D2995CAF168D0F9200B960B9 /* Sparkle.framework in CopyFiles */ = {isa = PBXBuildFile; fileRef = D2995CAC168D0EE700B960B9 /* Sparkle.framework */; };
		D2C390761687FFA600D2062E /* MTiTunes.m in Sources */ = {isa = PBXBuildFile; fileRef = D2C390741687FFA600D2062E /* MTiTunes.m */; };
		D2D60BA216766EFD00CE32DE /* Cocoa.framework in Frameworks */ = {isa = PBXBuildFile; fileRef = D2D60BA116766EFD00CE32DE /* Cocoa.framework */; };
		D2D60BAC16766EFD00CE32DE /* InfoPlist.strings in Resources */ = {isa = PBXBuildFile; fileRef = D2D60BAA16766EFD00CE32DE /* InfoPlist.strings */; };
		D2D60BAE16766EFD00CE32DE /* main.m in Sources */ = {isa = PBXBuildFile; fileRef = D2D60BAD16766EFD00CE32DE /* main.m */; };
		D2D60BB216766EFD00CE32DE /* Credits.rtf in Resources */ = {isa = PBXBuildFile; fileRef = D2D60BB016766EFD00CE32DE /* Credits.rtf */; };
		D2D60BB516766EFD00CE32DE /* MTAppDelegate.m in Sources */ = {isa = PBXBuildFile; fileRef = D2D60BB416766EFD00CE32DE /* MTAppDelegate.m */; };
		D2D60BB816766EFD00CE32DE /* MainMenu.xib in Resources */ = {isa = PBXBuildFile; fileRef = D2D60BB616766EFD00CE32DE /* MainMenu.xib */; };
		D2D60BC416766F3200CE32DE /* cTiVo.icns in Resources */ = {isa = PBXBuildFile; fileRef = D2D60BBF16766F3200CE32DE /* cTiVo.icns */; };
		D2D60BC516766F3200CE32DE /* formats.plist in Resources */ = {isa = PBXBuildFile; fileRef = D2D60BC016766F3200CE32DE /* formats.plist */; };
		D2D60BC616766F3200CE32DE /* HandBrakeCLI in Resources */ = {isa = PBXBuildFile; fileRef = D2D60BC116766F3200CE32DE /* HandBrakeCLI */; };
		D2D60BC716766F3200CE32DE /* mencoder in Resources */ = {isa = PBXBuildFile; fileRef = D2D60BC216766F3200CE32DE /* mencoder */; };
		D2D60BC816766F3200CE32DE /* tivodecode in Resources */ = {isa = PBXBuildFile; fileRef = D2D60BC316766F3200CE32DE /* tivodecode */; };
		D2D60BD416766FA600CE32DE /* MTNetworkTivos.m in Sources */ = {isa = PBXBuildFile; fileRef = D2D60BC916766FA600CE32DE /* MTNetworkTivos.m */; };
		D2D60BD716766FA600CE32DE /* MTDownloadList.m in Sources */ = {isa = PBXBuildFile; fileRef = D2D60BCC16766FA600CE32DE /* MTDownloadList.m */; };
		D2D60BD916766FA600CE32DE /* MTProgramList.m in Sources */ = {isa = PBXBuildFile; fileRef = D2D60BCE16766FA600CE32DE /* MTProgramList.m */; };
		D2D60BDC16766FA600CE32DE /* NSString+HTML.m in Sources */ = {isa = PBXBuildFile; fileRef = D2D60BD116766FA600CE32DE /* NSString+HTML.m */; };
		D2D60BDE16766FA600CE32DE /* GTMNSString+HTML.m in Sources */ = {isa = PBXBuildFile; fileRef = D2D60BD316766FA600CE32DE /* GTMNSString+HTML.m */; };
		D2DFA6891683B9E200CD6CE0 /* ScriptingBridge.framework in Frameworks */ = {isa = PBXBuildFile; fileRef = D2DFA6881683B9E200CD6CE0 /* ScriptingBridge.framework */; };
		D2DFA68F1683C27600CD6CE0 /* MTDownloadListCheckCell.m in Sources */ = {isa = PBXBuildFile; fileRef = D2DFA68E1683C27600CD6CE0 /* MTDownloadListCheckCell.m */; };
/* End PBXBuildFile section */

/* Begin PBXCopyFilesBuildPhase section */
		D2995CAE168D0F7D00B960B9 /* CopyFiles */ = {
			isa = PBXCopyFilesBuildPhase;
			buildActionMask = 2147483647;
			dstPath = "";
			dstSubfolderSpec = 10;
			files = (
				D2995CAF168D0F9200B960B9 /* Sparkle.framework in CopyFiles */,
			);
			runOnlyForDeploymentPostprocessing = 0;
		};
/* End PBXCopyFilesBuildPhase section */

/* Begin PBXFileReference section */
		D20BA5511678F7BD007BADB9 /* MTProgressindicator.h */ = {isa = PBXFileReference; fileEncoding = 4; lastKnownFileType = sourcecode.c.h; path = MTProgressindicator.h; sourceTree = "<group>"; };
		D20BA5521678F7BD007BADB9 /* MTProgressindicator.m */ = {isa = PBXFileReference; fileEncoding = 4; lastKnownFileType = sourcecode.c.objc; path = MTProgressindicator.m; sourceTree = "<group>"; };
		D22BC41D1680DB5E007D699C /* MTTiVoShow.h */ = {isa = PBXFileReference; fileEncoding = 4; lastKnownFileType = sourcecode.c.h; path = MTTiVoShow.h; sourceTree = "<group>"; };
		D22BC41E1680DB5E007D699C /* MTTiVoShow.m */ = {isa = PBXFileReference; fileEncoding = 4; lastKnownFileType = sourcecode.c.objc; path = MTTiVoShow.m; sourceTree = "<group>"; };
		D279D3E8167A32FA007F0677 /* MTMainWindowController.h */ = {isa = PBXFileReference; fileEncoding = 4; lastKnownFileType = sourcecode.c.h; path = MTMainWindowController.h; sourceTree = "<group>"; };
		D279D3E9167A32FA007F0677 /* MTMainWindowController.m */ = {isa = PBXFileReference; fileEncoding = 4; lastKnownFileType = sourcecode.c.objc; path = MTMainWindowController.m; sourceTree = "<group>"; };
		D279D3EA167A32FA007F0677 /* MTMainWindowController.xib */ = {isa = PBXFileReference; fileEncoding = 4; lastKnownFileType = file.xib; path = MTMainWindowController.xib; sourceTree = "<group>"; };
		D2901AE71677BB0E001E559C /* MTDownloadListCellView.h */ = {isa = PBXFileReference; fileEncoding = 4; lastKnownFileType = sourcecode.c.h; path = MTDownloadListCellView.h; sourceTree = "<group>"; };
		D2901AE81677BB0E001E559C /* MTDownloadListCellView.m */ = {isa = PBXFileReference; fileEncoding = 4; lastKnownFileType = sourcecode.c.objc; path = MTDownloadListCellView.m; sourceTree = "<group>"; };
		D2995CA4168B8BB200B960B9 /* MTCheckBox.h */ = {isa = PBXFileReference; fileEncoding = 4; lastKnownFileType = sourcecode.c.h; path = MTCheckBox.h; sourceTree = "<group>"; };
		D2995CA5168B8BB200B960B9 /* MTCheckBox.m */ = {isa = PBXFileReference; fileEncoding = 4; lastKnownFileType = sourcecode.c.objc; path = MTCheckBox.m; sourceTree = "<group>"; };
		D2995CAA168D08B300B960B9 /* dsa_pub.pem */ = {isa = PBXFileReference; fileEncoding = 4; lastKnownFileType = text; path = dsa_pub.pem; sourceTree = "<group>"; };
		D2995CAC168D0EE700B960B9 /* Sparkle.framework */ = {isa = PBXFileReference; lastKnownFileType = wrapper.framework; name = Sparkle.framework; path = cTiVo/Sparkle.framework; sourceTree = "<group>"; };
		D2C390741687FFA600D2062E /* MTiTunes.m */ = {isa = PBXFileReference; fileEncoding = 4; lastKnownFileType = sourcecode.c.objc; path = MTiTunes.m; sourceTree = "<group>"; };
		D2C390751687FFA600D2062E /* MTiTunes.h */ = {isa = PBXFileReference; fileEncoding = 4; lastKnownFileType = sourcecode.objj.h; path = MTiTunes.h; sourceTree = "<group>"; };
		D2D60B9D16766EFD00CE32DE /* cTiVo.app */ = {isa = PBXFileReference; explicitFileType = wrapper.application; includeInIndex = 0; path = cTiVo.app; sourceTree = BUILT_PRODUCTS_DIR; };
		D2D60BA116766EFD00CE32DE /* Cocoa.framework */ = {isa = PBXFileReference; lastKnownFileType = wrapper.framework; name = Cocoa.framework; path = System/Library/Frameworks/Cocoa.framework; sourceTree = SDKROOT; };
		D2D60BA416766EFD00CE32DE /* AppKit.framework */ = {isa = PBXFileReference; lastKnownFileType = wrapper.framework; name = AppKit.framework; path = System/Library/Frameworks/AppKit.framework; sourceTree = SDKROOT; };
		D2D60BA516766EFD00CE32DE /* CoreData.framework */ = {isa = PBXFileReference; lastKnownFileType = wrapper.framework; name = CoreData.framework; path = System/Library/Frameworks/CoreData.framework; sourceTree = SDKROOT; };
		D2D60BA616766EFD00CE32DE /* Foundation.framework */ = {isa = PBXFileReference; lastKnownFileType = wrapper.framework; name = Foundation.framework; path = System/Library/Frameworks/Foundation.framework; sourceTree = SDKROOT; };
		D2D60BA916766EFD00CE32DE /* cTiVo-Info.plist */ = {isa = PBXFileReference; lastKnownFileType = text.plist.xml; path = "cTiVo-Info.plist"; sourceTree = "<group>"; };
		D2D60BAB16766EFD00CE32DE /* en */ = {isa = PBXFileReference; lastKnownFileType = text.plist.strings; name = en; path = en.lproj/InfoPlist.strings; sourceTree = "<group>"; };
		D2D60BAD16766EFD00CE32DE /* main.m */ = {isa = PBXFileReference; lastKnownFileType = sourcecode.c.objc; path = main.m; sourceTree = "<group>"; };
		D2D60BAF16766EFD00CE32DE /* cTiVo-Prefix.pch */ = {isa = PBXFileReference; lastKnownFileType = sourcecode.c.h; path = "cTiVo-Prefix.pch"; sourceTree = "<group>"; };
		D2D60BB116766EFD00CE32DE /* en */ = {isa = PBXFileReference; lastKnownFileType = text.rtf; name = en; path = en.lproj/Credits.rtf; sourceTree = "<group>"; };
		D2D60BB316766EFD00CE32DE /* MTAppDelegate.h */ = {isa = PBXFileReference; lastKnownFileType = sourcecode.objj.h; path = MTAppDelegate.h; sourceTree = "<group>"; };
		D2D60BB416766EFD00CE32DE /* MTAppDelegate.m */ = {isa = PBXFileReference; lastKnownFileType = sourcecode.c.objc; path = MTAppDelegate.m; sourceTree = "<group>"; };
		D2D60BB716766EFD00CE32DE /* en */ = {isa = PBXFileReference; lastKnownFileType = file.xib; name = en; path = en.lproj/MainMenu.xib; sourceTree = "<group>"; };
		D2D60BBF16766F3200CE32DE /* cTiVo.icns */ = {isa = PBXFileReference; lastKnownFileType = image.icns; path = cTiVo.icns; sourceTree = "<group>"; };
		D2D60BC016766F3200CE32DE /* formats.plist */ = {isa = PBXFileReference; fileEncoding = 4; lastKnownFileType = text.plist.xml; path = formats.plist; sourceTree = "<group>"; };
		D2D60BC116766F3200CE32DE /* HandBrakeCLI */ = {isa = PBXFileReference; lastKnownFileType = "compiled.mach-o.executable"; path = HandBrakeCLI; sourceTree = "<group>"; };
		D2D60BC216766F3200CE32DE /* mencoder */ = {isa = PBXFileReference; lastKnownFileType = "compiled.mach-o.executable"; path = mencoder; sourceTree = "<group>"; };
		D2D60BC316766F3200CE32DE /* tivodecode */ = {isa = PBXFileReference; lastKnownFileType = "compiled.mach-o.executable"; path = tivodecode; sourceTree = "<group>"; };
		D2D60BC916766FA600CE32DE /* MTNetworkTivos.m */ = {isa = PBXFileReference; fileEncoding = 4; lastKnownFileType = sourcecode.c.objc; path = MTNetworkTivos.m; sourceTree = "<group>"; };
		D2D60BCA16766FA600CE32DE /* MTNetworkTivos.h */ = {isa = PBXFileReference; fileEncoding = 4; lastKnownFileType = sourcecode.objj.h; path = MTNetworkTivos.h; sourceTree = "<group>"; };
		D2D60BCB16766FA600CE32DE /* MTConstants.h */ = {isa = PBXFileReference; fileEncoding = 4; lastKnownFileType = sourcecode.objj.h; path = MTConstants.h; sourceTree = "<group>"; };
		D2D60BCC16766FA600CE32DE /* MTDownloadList.m */ = {isa = PBXFileReference; fileEncoding = 4; lastKnownFileType = sourcecode.c.objc; path = MTDownloadList.m; sourceTree = "<group>"; };
		D2D60BCD16766FA600CE32DE /* MTDownloadList.h */ = {isa = PBXFileReference; fileEncoding = 4; lastKnownFileType = sourcecode.objj.h; path = MTDownloadList.h; sourceTree = "<group>"; };
		D2D60BCE16766FA600CE32DE /* MTProgramList.m */ = {isa = PBXFileReference; fileEncoding = 4; lastKnownFileType = sourcecode.c.objc; path = MTProgramList.m; sourceTree = "<group>"; };
		D2D60BCF16766FA600CE32DE /* MTProgramList.h */ = {isa = PBXFileReference; fileEncoding = 4; lastKnownFileType = sourcecode.objj.h; path = MTProgramList.h; sourceTree = "<group>"; };
		D2D60BD016766FA600CE32DE /* NSString+HTML.h */ = {isa = PBXFileReference; fileEncoding = 4; lastKnownFileType = sourcecode.objj.h; path = "NSString+HTML.h"; sourceTree = "<group>"; };
		D2D60BD116766FA600CE32DE /* NSString+HTML.m */ = {isa = PBXFileReference; fileEncoding = 4; lastKnownFileType = sourcecode.c.objc; path = "NSString+HTML.m"; sourceTree = "<group>"; };
		D2D60BD216766FA600CE32DE /* GTMNSString+HTML.h */ = {isa = PBXFileReference; fileEncoding = 4; lastKnownFileType = sourcecode.objj.h; path = "GTMNSString+HTML.h"; sourceTree = "<group>"; };
		D2D60BD316766FA600CE32DE /* GTMNSString+HTML.m */ = {isa = PBXFileReference; fileEncoding = 4; lastKnownFileType = sourcecode.c.objc; path = "GTMNSString+HTML.m"; sourceTree = "<group>"; };
		D2DFA6881683B9E200CD6CE0 /* ScriptingBridge.framework */ = {isa = PBXFileReference; lastKnownFileType = wrapper.framework; name = ScriptingBridge.framework; path = System/Library/Frameworks/ScriptingBridge.framework; sourceTree = SDKROOT; };
		D2DFA68C1683BA0300CD6CE0 /* iTunes.h */ = {isa = PBXFileReference; fileEncoding = 4; lastKnownFileType = sourcecode.c.h; path = iTunes.h; sourceTree = "<group>"; };
		D2DFA68D1683C27600CD6CE0 /* MTDownloadListCheckCell.h */ = {isa = PBXFileReference; fileEncoding = 4; lastKnownFileType = sourcecode.c.h; path = MTDownloadListCheckCell.h; sourceTree = "<group>"; };
		D2DFA68E1683C27600CD6CE0 /* MTDownloadListCheckCell.m */ = {isa = PBXFileReference; fileEncoding = 4; lastKnownFileType = sourcecode.c.objc; path = MTDownloadListCheckCell.m; sourceTree = "<group>"; };
/* End PBXFileReference section */

/* Begin PBXFrameworksBuildPhase section */
		D2D60B9A16766EFD00CE32DE /* Frameworks */ = {
			isa = PBXFrameworksBuildPhase;
			buildActionMask = 2147483647;
			files = (
				D2995CAD168D0EE700B960B9 /* Sparkle.framework in Frameworks */,
				D2DFA6891683B9E200CD6CE0 /* ScriptingBridge.framework in Frameworks */,
				D2D60BA216766EFD00CE32DE /* Cocoa.framework in Frameworks */,
			);
			runOnlyForDeploymentPostprocessing = 0;
		};
/* End PBXFrameworksBuildPhase section */

/* Begin PBXGroup section */
		D2D60B9216766EFD00CE32DE = {
			isa = PBXGroup;
			children = (
				D2D60BA716766EFD00CE32DE /* cTiVo */,
				D2D60BA016766EFD00CE32DE /* Frameworks */,
				D2D60B9E16766EFD00CE32DE /* Products */,
			);
			sourceTree = "<group>";
		};
		D2D60B9E16766EFD00CE32DE /* Products */ = {
			isa = PBXGroup;
			children = (
				D2D60B9D16766EFD00CE32DE /* cTiVo.app */,
			);
			name = Products;
			sourceTree = "<group>";
		};
		D2D60BA016766EFD00CE32DE /* Frameworks */ = {
			isa = PBXGroup;
			children = (
				D2995CAC168D0EE700B960B9 /* Sparkle.framework */,
				D2DFA6881683B9E200CD6CE0 /* ScriptingBridge.framework */,
				D2D60BA116766EFD00CE32DE /* Cocoa.framework */,
				D2D60BA316766EFD00CE32DE /* Other Frameworks */,
			);
			name = Frameworks;
			sourceTree = "<group>";
		};
		D2D60BA316766EFD00CE32DE /* Other Frameworks */ = {
			isa = PBXGroup;
			children = (
				D2D60BA416766EFD00CE32DE /* AppKit.framework */,
				D2D60BA516766EFD00CE32DE /* CoreData.framework */,
				D2D60BA616766EFD00CE32DE /* Foundation.framework */,
			);
			name = "Other Frameworks";
			sourceTree = "<group>";
		};
		D2D60BA716766EFD00CE32DE /* cTiVo */ = {
			isa = PBXGroup;
			children = (
				D2C390741687FFA600D2062E /* MTiTunes.m */,
				D2C390751687FFA600D2062E /* MTiTunes.h */,
				D2DFA68B1683B9EC00CD6CE0 /* iTunesInterface */,
				D2D60BB616766EFD00CE32DE /* MainMenu.xib */,
				D2D60BB316766EFD00CE32DE /* MTAppDelegate.h */,
				D2D60BB416766EFD00CE32DE /* MTAppDelegate.m */,
				D2D60BCB16766FA600CE32DE /* MTConstants.h */,
				D2D60BCD16766FA600CE32DE /* MTDownloadList.h */,
				D2D60BCC16766FA600CE32DE /* MTDownloadList.m */,
				D2901AE71677BB0E001E559C /* MTDownloadListCellView.h */,
				D2901AE81677BB0E001E559C /* MTDownloadListCellView.m */,
				D2995CA4168B8BB200B960B9 /* MTCheckBox.h */,
				D2995CA5168B8BB200B960B9 /* MTCheckBox.m */,
				D2DFA68D1683C27600CD6CE0 /* MTDownloadListCheckCell.h */,
				D2DFA68E1683C27600CD6CE0 /* MTDownloadListCheckCell.m */,
				D279D3E8167A32FA007F0677 /* MTMainWindowController.h */,
				D279D3E9167A32FA007F0677 /* MTMainWindowController.m */,
				D279D3EA167A32FA007F0677 /* MTMainWindowController.xib */,
				D2D60BCA16766FA600CE32DE /* MTNetworkTivos.h */,
				D2D60BC916766FA600CE32DE /* MTNetworkTivos.m */,
				D2D60BCF16766FA600CE32DE /* MTProgramList.h */,
				D2D60BCE16766FA600CE32DE /* MTProgramList.m */,
				D20BA5511678F7BD007BADB9 /* MTProgressindicator.h */,
				D20BA5521678F7BD007BADB9 /* MTProgressindicator.m */,
				D22BC41D1680DB5E007D699C /* MTTiVoShow.h */,
				D22BC41E1680DB5E007D699C /* MTTiVoShow.m */,
				D2D60BBE16766F1100CE32DE /* Resources */,
				D2D60BA816766EFD00CE32DE /* Supporting Files */,
				D2D60BDF16766FB100CE32DE /* Utilities */,
			);
			path = cTiVo;
			sourceTree = "<group>";
		};
		D2D60BA816766EFD00CE32DE /* Supporting Files */ = {
			isa = PBXGroup;
			children = (
				D2D60BA916766EFD00CE32DE /* cTiVo-Info.plist */,
				D2D60BAA16766EFD00CE32DE /* InfoPlist.strings */,
				D2D60BAD16766EFD00CE32DE /* main.m */,
				D2D60BAF16766EFD00CE32DE /* cTiVo-Prefix.pch */,
				D2D60BB016766EFD00CE32DE /* Credits.rtf */,
			);
			name = "Supporting Files";
			sourceTree = "<group>";
		};
		D2D60BBE16766F1100CE32DE /* Resources */ = {
			isa = PBXGroup;
			children = (
				D2995CAA168D08B300B960B9 /* dsa_pub.pem */,
				D2D60BBF16766F3200CE32DE /* cTiVo.icns */,
				D2D60BC016766F3200CE32DE /* formats.plist */,
				D2D60BC116766F3200CE32DE /* HandBrakeCLI */,
				D2D60BC216766F3200CE32DE /* mencoder */,
				D2D60BC316766F3200CE32DE /* tivodecode */,
			);
			name = Resources;
			sourceTree = "<group>";
		};
		D2D60BDF16766FB100CE32DE /* Utilities */ = {
			isa = PBXGroup;
			children = (
				D2D60BD016766FA600CE32DE /* NSString+HTML.h */,
				D2D60BD116766FA600CE32DE /* NSString+HTML.m */,
				D2D60BD216766FA600CE32DE /* GTMNSString+HTML.h */,
				D2D60BD316766FA600CE32DE /* GTMNSString+HTML.m */,
			);
			name = Utilities;
			sourceTree = "<group>";
		};
		D2DFA68B1683B9EC00CD6CE0 /* iTunesInterface */ = {
			isa = PBXGroup;
			children = (
				D2DFA68C1683BA0300CD6CE0 /* iTunes.h */,
			);
			name = iTunesInterface;
			sourceTree = "<group>";
		};
/* End PBXGroup section */

/* Begin PBXNativeTarget section */
		D2D60B9C16766EFD00CE32DE /* cTiVo */ = {
			isa = PBXNativeTarget;
			buildConfigurationList = D2D60BBB16766EFD00CE32DE /* Build configuration list for PBXNativeTarget "cTiVo" */;
			buildPhases = (
				D2D60B9916766EFD00CE32DE /* Sources */,
				D2901ADC1677AF3C001E559C /* ShellScript */,
				D2D60B9A16766EFD00CE32DE /* Frameworks */,
				D2D60B9B16766EFD00CE32DE /* Resources */,
				D2995CAE168D0F7D00B960B9 /* CopyFiles */,
			);
			buildRules = (
			);
			dependencies = (
			);
			name = cTiVo;
			productName = cTiVo;
			productReference = D2D60B9D16766EFD00CE32DE /* cTiVo.app */;
			productType = "com.apple.product-type.application";
		};
/* End PBXNativeTarget section */

/* Begin PBXProject section */
		D2D60B9416766EFD00CE32DE /* Project object */ = {
			isa = PBXProject;
			attributes = {
				CLASSPREFIX = MT;
				LastUpgradeCheck = 0450;
				ORGANIZATIONNAME = "Scott Buchanan";
			};
			buildConfigurationList = D2D60B9716766EFD00CE32DE /* Build configuration list for PBXProject "cTiVo" */;
			compatibilityVersion = "Xcode 3.2";
			developmentRegion = English;
			hasScannedForEncodings = 0;
			knownRegions = (
				en,
			);
			mainGroup = D2D60B9216766EFD00CE32DE;
			productRefGroup = D2D60B9E16766EFD00CE32DE /* Products */;
			projectDirPath = "";
			projectRoot = "";
			targets = (
				D2D60B9C16766EFD00CE32DE /* cTiVo */,
			);
		};
/* End PBXProject section */

/* Begin PBXResourcesBuildPhase section */
		D2D60B9B16766EFD00CE32DE /* Resources */ = {
			isa = PBXResourcesBuildPhase;
			buildActionMask = 2147483647;
			files = (
				D2D60BAC16766EFD00CE32DE /* InfoPlist.strings in Resources */,
				D2D60BB216766EFD00CE32DE /* Credits.rtf in Resources */,
				D2D60BB816766EFD00CE32DE /* MainMenu.xib in Resources */,
				D2D60BC416766F3200CE32DE /* cTiVo.icns in Resources */,
				D2D60BC516766F3200CE32DE /* formats.plist in Resources */,
				D2D60BC616766F3200CE32DE /* HandBrakeCLI in Resources */,
				D2D60BC716766F3200CE32DE /* mencoder in Resources */,
				D2D60BC816766F3200CE32DE /* tivodecode in Resources */,
				D279D3EC167A32FA007F0677 /* MTMainWindowController.xib in Resources */,
				D2995CAB168D08B300B960B9 /* dsa_pub.pem in Resources */,
			);
			runOnlyForDeploymentPostprocessing = 0;
		};
/* End PBXResourcesBuildPhase section */

/* Begin PBXShellScriptBuildPhase section */
		D2901ADC1677AF3C001E559C /* ShellScript */ = {
			isa = PBXShellScriptBuildPhase;
			buildActionMask = 2147483647;
			files = (
			);
			inputPaths = (
			);
			outputPaths = (
			);
			runOnlyForDeploymentPostprocessing = 0;
			shellPath = /bin/sh;
			shellScript = "svn update\n/usr/libexec/PlistBuddy -c \"Set :CFBundleVersion `svn info | grep Revision | awk '{print $2}'`\" ${TARGET_BUILD_DIR}/${INFOPLIST_PATH}\n";
		};
/* End PBXShellScriptBuildPhase section */

/* Begin PBXSourcesBuildPhase section */
		D2D60B9916766EFD00CE32DE /* Sources */ = {
			isa = PBXSourcesBuildPhase;
			buildActionMask = 2147483647;
			files = (
				D2D60BAE16766EFD00CE32DE /* main.m in Sources */,
				D2D60BB516766EFD00CE32DE /* MTAppDelegate.m in Sources */,
				D2D60BD416766FA600CE32DE /* MTNetworkTivos.m in Sources */,
				D2D60BD716766FA600CE32DE /* MTDownloadList.m in Sources */,
				D2D60BD916766FA600CE32DE /* MTProgramList.m in Sources */,
				D2D60BDC16766FA600CE32DE /* NSString+HTML.m in Sources */,
				D2D60BDE16766FA600CE32DE /* GTMNSString+HTML.m in Sources */,
				D2901AE91677BB0E001E559C /* MTDownloadListCellView.m in Sources */,
				D20BA5531678F7BD007BADB9 /* MTProgressindicator.m in Sources */,
				D279D3EB167A32FA007F0677 /* MTMainWindowController.m in Sources */,
				D22BC41F1680DB5E007D699C /* MTTiVoShow.m in Sources */,
				D2DFA68F1683C27600CD6CE0 /* MTDownloadListCheckCell.m in Sources */,
				D2C390761687FFA600D2062E /* MTiTunes.m in Sources */,
				D2995CA6168B8BB200B960B9 /* MTCheckBox.m in Sources */,
			);
			runOnlyForDeploymentPostprocessing = 0;
		};
/* End PBXSourcesBuildPhase section */

/* Begin PBXVariantGroup section */
		D2D60BAA16766EFD00CE32DE /* InfoPlist.strings */ = {
			isa = PBXVariantGroup;
			children = (
				D2D60BAB16766EFD00CE32DE /* en */,
			);
			name = InfoPlist.strings;
			sourceTree = "<group>";
		};
		D2D60BB016766EFD00CE32DE /* Credits.rtf */ = {
			isa = PBXVariantGroup;
			children = (
				D2D60BB116766EFD00CE32DE /* en */,
			);
			name = Credits.rtf;
			sourceTree = "<group>";
		};
		D2D60BB616766EFD00CE32DE /* MainMenu.xib */ = {
			isa = PBXVariantGroup;
			children = (
				D2D60BB716766EFD00CE32DE /* en */,
			);
			name = MainMenu.xib;
			sourceTree = "<group>";
		};
/* End PBXVariantGroup section */

/* Begin XCBuildConfiguration section */
		D2D60BB916766EFD00CE32DE /* Debug */ = {
			isa = XCBuildConfiguration;
			buildSettings = {
				ALWAYS_SEARCH_USER_PATHS = NO;
				ARCHS = "$(ARCHS_STANDARD_64_BIT)";
				CLANG_CXX_LANGUAGE_STANDARD = "gnu++0x";
				CLANG_CXX_LIBRARY = "libc++";
				CLANG_WARN_EMPTY_BODY = YES;
				CLANG_WARN__DUPLICATE_METHOD_MATCH = YES;
				COPY_PHASE_STRIP = NO;
				GCC_C_LANGUAGE_STANDARD = gnu99;
				GCC_DYNAMIC_NO_PIC = NO;
				GCC_ENABLE_OBJC_EXCEPTIONS = YES;
				GCC_OPTIMIZATION_LEVEL = 0;
				GCC_PREPROCESSOR_DEFINITIONS = (
					"DEBUG=1",
					"$(inherited)",
				);
				GCC_SYMBOLS_PRIVATE_EXTERN = NO;
				GCC_WARN_64_TO_32_BIT_CONVERSION = YES;
				GCC_WARN_ABOUT_RETURN_TYPE = YES;
				GCC_WARN_UNINITIALIZED_AUTOS = YES;
				GCC_WARN_UNUSED_VARIABLE = YES;
				MACOSX_DEPLOYMENT_TARGET = 10.8;
				ONLY_ACTIVE_ARCH = YES;
				SDKROOT = macosx;
			};
			name = Debug;
		};
		D2D60BBA16766EFD00CE32DE /* Release */ = {
			isa = XCBuildConfiguration;
			buildSettings = {
				ALWAYS_SEARCH_USER_PATHS = NO;
				ARCHS = "$(ARCHS_STANDARD_64_BIT)";
				CLANG_CXX_LANGUAGE_STANDARD = "gnu++0x";
				CLANG_CXX_LIBRARY = "libc++";
				CLANG_WARN_EMPTY_BODY = YES;
				CLANG_WARN__DUPLICATE_METHOD_MATCH = YES;
				COPY_PHASE_STRIP = YES;
				DEBUG_INFORMATION_FORMAT = "dwarf-with-dsym";
				GCC_C_LANGUAGE_STANDARD = gnu99;
				GCC_ENABLE_OBJC_EXCEPTIONS = YES;
				GCC_WARN_64_TO_32_BIT_CONVERSION = YES;
				GCC_WARN_ABOUT_RETURN_TYPE = YES;
				GCC_WARN_UNINITIALIZED_AUTOS = YES;
				GCC_WARN_UNUSED_VARIABLE = YES;
				MACOSX_DEPLOYMENT_TARGET = 10.8;
				SDKROOT = macosx;
			};
			name = Release;
		};
		D2D60BBC16766EFD00CE32DE /* Debug */ = {
			isa = XCBuildConfiguration;
			buildSettings = {
				COMBINE_HIDPI_IMAGES = YES;
				FRAMEWORK_SEARCH_PATHS = (
					"$(inherited)",
					"\"$(SRCROOT)\"",
					"\"$(SRCROOT)/cTiVo\"",
				);
				GCC_PRECOMPILE_PREFIX_HEADER = YES;
				GCC_PREFIX_HEADER = "cTiVo/cTiVo-Prefix.pch";
				INFOPLIST_FILE = "cTiVo/cTiVo-Info.plist";
				MACOSX_DEPLOYMENT_TARGET = 10.5;
				PRODUCT_NAME = "$(TARGET_NAME)";
				WRAPPER_EXTENSION = app;
			};
			name = Debug;
		};
		D2D60BBD16766EFD00CE32DE /* Release */ = {
			isa = XCBuildConfiguration;
			buildSettings = {
				COMBINE_HIDPI_IMAGES = YES;
				FRAMEWORK_SEARCH_PATHS = (
					"$(inherited)",
					"\"$(SRCROOT)\"",
					"\"$(SRCROOT)/cTiVo\"",
				);
				GCC_PRECOMPILE_PREFIX_HEADER = YES;
				GCC_PREFIX_HEADER = "cTiVo/cTiVo-Prefix.pch";
				INFOPLIST_FILE = "cTiVo/cTiVo-Info.plist";
				MACOSX_DEPLOYMENT_TARGET = 10.5;
				PRODUCT_NAME = "$(TARGET_NAME)";
				WRAPPER_EXTENSION = app;
			};
			name = Release;
		};
/* End XCBuildConfiguration section */

/* Begin XCConfigurationList section */
		D2D60B9716766EFD00CE32DE /* Build configuration list for PBXProject "cTiVo" */ = {
			isa = XCConfigurationList;
			buildConfigurations = (
				D2D60BB916766EFD00CE32DE /* Debug */,
				D2D60BBA16766EFD00CE32DE /* Release */,
			);
			defaultConfigurationIsVisible = 0;
			defaultConfigurationName = Release;
		};
		D2D60BBB16766EFD00CE32DE /* Build configuration list for PBXNativeTarget "cTiVo" */ = {
			isa = XCConfigurationList;
			buildConfigurations = (
				D2D60BBC16766EFD00CE32DE /* Debug */,
				D2D60BBD16766EFD00CE32DE /* Release */,
			);
			defaultConfigurationIsVisible = 0;
			defaultConfigurationName = Release;
		};
/* End XCConfigurationList section */
	};
	rootObject = D2D60B9416766EFD00CE32DE /* Project object */;
}
