// !$*UTF8*$!
{
	archiveVersion = 1;
	classes = {
	};
	objectVersion = 46;
	objects = {

/* Begin PBXBuildFile section */
		1E00BDE7170A4809005F3970 /* MTMainWindowDrawer.xib in Resources */ = {isa = PBXBuildFile; fileRef = 1E00BDE6170A4809005F3970 /* MTMainWindowDrawer.xib */; };
		1E07865019C7F5EB00A68051 /* Crashlytics.framework in Frameworks */ = {isa = PBXBuildFile; fileRef = 1E07864F19C7F5EB00A68051 /* Crashlytics.framework */; };
		1E0C5DD9170236B30015C55D /* recent-recording.png in Resources */ = {isa = PBXBuildFile; fileRef = 1E0C5DD8170236B30015C55D /* recent-recording.png */; };
		1E18145E1708AC1500166E5F /* cTiVo.help in Resources */ = {isa = PBXBuildFile; fileRef = 1E18145D1708AC1500166E5F /* cTiVo.help */; };
		1E1814601708AF7000166E5F /* cTiVo.icns in Resources */ = {isa = PBXBuildFile; fileRef = 1E18145F1708AF7000166E5F /* cTiVo.icns */; };
		1E2724EF16C9A8B500A21940 /* elgatoScript.pl in Resources */ = {isa = PBXBuildFile; fileRef = 1E2724EE16C9A8B500A21940 /* elgatoScript.pl */; };
		1E2725C416CB63D500A21940 /* elgatoLaunch.scpt in Resources */ = {isa = PBXBuildFile; fileRef = 1E2725C216CB63D500A21940 /* elgatoLaunch.scpt */; };
		1E2725C516CB63D500A21940 /* elgatoProgress.scpt in Resources */ = {isa = PBXBuildFile; fileRef = 1E2725C316CB63D500A21940 /* elgatoProgress.scpt */; };
		1E37CBEC19D7EBA200661D7D /* Sparkle.framework in Frameworks */ = {isa = PBXBuildFile; fileRef = D2995CAC168D0EE700B960B9 /* Sparkle.framework */; };
		1E389BB816C46BA600B80EC9 /* MTAdvPreferencesViewController.m in Sources */ = {isa = PBXBuildFile; fileRef = 1E389BB716C46BA600B80EC9 /* MTAdvPreferencesViewController.m */; };
		1E3D27E01A4DCB53006B9CC4 /* NSNotificationCenter+Threads.m in Sources */ = {isa = PBXBuildFile; fileRef = 1E3D27DF1A4DCB53006B9CC4 /* NSNotificationCenter+Threads.m */; };
		1E3D27E51A4F5992006B9CC4 /* Crashlytics.sh in Resources */ = {isa = PBXBuildFile; fileRef = 1E3D27E41A4F5992006B9CC4 /* Crashlytics.sh */; };
		1E45C8F316E11E59005C5334 /* MTIsStringEmpty.m in Sources */ = {isa = PBXBuildFile; fileRef = 1E45C8F216E11E59005C5334 /* MTIsStringEmpty.m */; };
		1E4A38481A37C0F4001D84A7 /* MTSubscriptionList.m in Sources */ = {isa = PBXBuildFile; fileRef = 1E4A38471A37C0F4001D84A7 /* MTSubscriptionList.m */; };
		1E59368919648C860008780B /* DDLog.m in Sources */ = {isa = PBXBuildFile; fileRef = 1E59368819648C860008780B /* DDLog.m */; };
		1E59368C19648CFF0008780B /* MTLog.m in Sources */ = {isa = PBXBuildFile; fileRef = 1E59368B19648CFF0008780B /* MTLog.m */; };
		1E684A7B16E2C50B000F5C6E /* copyright.png in Resources */ = {isa = PBXBuildFile; fileRef = 1E684A7516E2C50B000F5C6E /* copyright.png */; };
		1E684A7D16E2C50B000F5C6E /* expired-recording.png in Resources */ = {isa = PBXBuildFile; fileRef = 1E684A7716E2C50B000F5C6E /* expired-recording.png */; };
		1E684A7E16E2C50B000F5C6E /* expires-soon-recording.png in Resources */ = {isa = PBXBuildFile; fileRef = 1E684A7816E2C50B000F5C6E /* expires-soon-recording.png */; };
		1E684A7F16E2C50B000F5C6E /* save-until-i-delete-recording.png in Resources */ = {isa = PBXBuildFile; fileRef = 1E684A7916E2C50B000F5C6E /* save-until-i-delete-recording.png */; };
		1E684A8016E2C50B000F5C6E /* suggestion-recording.png in Resources */ = {isa = PBXBuildFile; fileRef = 1E684A7A16E2C50B000F5C6E /* suggestion-recording.png */; };
		1E684A8716E3A010000F5C6E /* status-unknown.png in Resources */ = {isa = PBXBuildFile; fileRef = 1E684A8616E3A010000F5C6E /* status-unknown.png */; };
		1E684A8B16E3A338000F5C6E /* deleted.png in Resources */ = {isa = PBXBuildFile; fileRef = 1E684A8A16E3A338000F5C6E /* deleted.png */; };
		1E6ECF4A16CF646300863EB0 /* pytivo_txt.xslt in Resources */ = {isa = PBXBuildFile; fileRef = 1E6ECF4916CF646300863EB0 /* pytivo_txt.xslt */; };
		1E6F22D616DD1F4C0071D291 /* MTDownload.m in Sources */ = {isa = PBXBuildFile; fileRef = 1E6F22D516DD1F4C0071D291 /* MTDownload.m */; };
		1E6F22DA16DD3D9E0071D291 /* NSString+RFC3339Date.m in Sources */ = {isa = PBXBuildFile; fileRef = 1E6F22D916DD3D9E0071D291 /* NSString+RFC3339Date.m */; };
		1E7F5ADB1701877A003AA96C /* in-progress-recording.png in Resources */ = {isa = PBXBuildFile; fileRef = 1E7F5ADA1701877A003AA96C /* in-progress-recording.png */; };
		1E964C9C1882768A00C19046 /* copyright@2x.png in Resources */ = {isa = PBXBuildFile; fileRef = 1E964C931882768900C19046 /* copyright@2x.png */; };
		1E964C9D1882768A00C19046 /* deleted@2x.png in Resources */ = {isa = PBXBuildFile; fileRef = 1E964C941882768A00C19046 /* deleted@2x.png */; };
		1E964C9E1882768A00C19046 /* expired-recording@2x.png in Resources */ = {isa = PBXBuildFile; fileRef = 1E964C951882768A00C19046 /* expired-recording@2x.png */; };
		1E964C9F1882768A00C19046 /* expires-soon-recording@2x.png in Resources */ = {isa = PBXBuildFile; fileRef = 1E964C961882768A00C19046 /* expires-soon-recording@2x.png */; };
		1E964CA01882768A00C19046 /* in-progress-recording@2x.png in Resources */ = {isa = PBXBuildFile; fileRef = 1E964C971882768A00C19046 /* in-progress-recording@2x.png */; };
		1E964CA11882768A00C19046 /* status-unknown@2x.png in Resources */ = {isa = PBXBuildFile; fileRef = 1E964C981882768A00C19046 /* status-unknown@2x.png */; };
		1E964CA21882768A00C19046 /* recent-recording@2x.png in Resources */ = {isa = PBXBuildFile; fileRef = 1E964C991882768A00C19046 /* recent-recording@2x.png */; };
		1E964CA31882768A00C19046 /* save-until-i-delete-recording@2x.png in Resources */ = {isa = PBXBuildFile; fileRef = 1E964C9A1882768A00C19046 /* save-until-i-delete-recording@2x.png */; };
		1E964CA41882768A00C19046 /* suggestion-recording@2x.png in Resources */ = {isa = PBXBuildFile; fileRef = 1E964C9B1882768A00C19046 /* suggestion-recording@2x.png */; };
		1E964CA7188313ED00C19046 /* checkImage2.png in Resources */ = {isa = PBXBuildFile; fileRef = 1E964CA5188313ED00C19046 /* checkImage2.png */; };
		1E964CA8188313ED00C19046 /* checkImage2@2x.png in Resources */ = {isa = PBXBuildFile; fileRef = 1E964CA6188313ED00C19046 /* checkImage2@2x.png */; };
		1E9959C8173DC7D100B47539 /* DDFileLogger.m in Sources */ = {isa = PBXBuildFile; fileRef = 1E9959C3173DC7D100B47539 /* DDFileLogger.m */; };
		1E9959CA173DC7D100B47539 /* DDTTYLogger.m in Sources */ = {isa = PBXBuildFile; fileRef = 1E9959C7173DC7D100B47539 /* DDTTYLogger.m */; };
		1E9A10EF1757200000863C44 /* cTiVo.png in Resources */ = {isa = PBXBuildFile; fileRef = 1E9A10EE1757200000863C44 /* cTiVo.png */; };
		1EABE6F616B0C593004DDB61 /* Growl.framework in CopyFiles */ = {isa = PBXBuildFile; fileRef = 1EABE6F316B0A254004DDB61 /* Growl.framework */; settings = {ATTRIBUTES = (CodeSignOnCopy, ); }; };
		1EABE6FE16B0DA21004DDB61 /* Growl Registration Ticket.growlRegDict in Resources */ = {isa = PBXBuildFile; fileRef = 1EABE6FD16B0DA21004DDB61 /* Growl Registration Ticket.growlRegDict */; };
		1EB328B1173ED0F0005E8656 /* MTLogFormatter.m in Sources */ = {isa = PBXBuildFile; fileRef = 1EB328B0173ED0F0005E8656 /* MTLogFormatter.m */; };
		1ED49975174D898D0022E084 /* MTTiVoPopUpButton.m in Sources */ = {isa = PBXBuildFile; fileRef = 1ED49972174D898D0022E084 /* MTTiVoPopUpButton.m */; };
		1ED49976174D898D0022E084 /* MTTiVoPopUpTableCellView.m in Sources */ = {isa = PBXBuildFile; fileRef = 1ED49974174D898D0022E084 /* MTTiVoPopUpTableCellView.m */; };
		1EDE323A19C502980052E6C6 /* tivo.png in Resources */ = {isa = PBXBuildFile; fileRef = 1EDE323819C502980052E6C6 /* tivo.png */; };
		1EDE323B19C502980052E6C6 /* tivo@2x.png in Resources */ = {isa = PBXBuildFile; fileRef = 1EDE323919C502980052E6C6 /* tivo@2x.png */; };
		D2001C261704F93F00B75D9C /* MTSrt.m in Sources */ = {isa = PBXBuildFile; fileRef = D2001C221704F93F00B75D9C /* MTSrt.m */; };
		D2001C281704F93F00B75D9C /* MTEdl.m in Sources */ = {isa = PBXBuildFile; fileRef = D2001C241704F93F00B75D9C /* MTEdl.m */; };
		D208560716B61B9B002F5F8C /* MTPreferencesViewController.m in Sources */ = {isa = PBXBuildFile; fileRef = D208560516B61B9B002F5F8C /* MTPreferencesViewController.m */; };
		D208560816B61B9B002F5F8C /* MTPreferencesViewController.xib in Resources */ = {isa = PBXBuildFile; fileRef = D208560616B61B9B002F5F8C /* MTPreferencesViewController.xib */; };
		D209B6AA1813305E004E733B /* FindTiVoHelpFile.rtf in Resources */ = {isa = PBXBuildFile; fileRef = D209B6A91813305E004E733B /* FindTiVoHelpFile.rtf */; };
		D20BA5531678F7BD007BADB9 /* MTProgressindicator.m in Sources */ = {isa = PBXBuildFile; fileRef = D20BA5521678F7BD007BADB9 /* MTProgressindicator.m */; };
		D219D5E916A4F88D00C79962 /* MTHelpViewController.xib in Resources */ = {isa = PBXBuildFile; fileRef = D219D5E616A4F88C00C79962 /* MTHelpViewController.xib */; };
		D219D5EA16A4F88D00C79962 /* MTHelpViewController.m in Sources */ = {isa = PBXBuildFile; fileRef = D219D5E816A4F88D00C79962 /* MTHelpViewController.m */; };
		D219D5F416A503C100C79962 /* EncoderHelpText.rtf in Resources */ = {isa = PBXBuildFile; fileRef = D219D5F316A503C100C79962 /* EncoderHelpText.rtf */; };
		D22BC41F1680DB5E007D699C /* MTTiVoShow.m in Sources */ = {isa = PBXBuildFile; fileRef = D22BC41E1680DB5E007D699C /* MTTiVoShow.m */; };
		D22E4B1916B76DCD00619A6E /* MTAdvPreferencesViewController.xib in Resources */ = {isa = PBXBuildFile; fileRef = D22E4B1716B76DCD00619A6E /* MTAdvPreferencesViewController.xib */; };
		D235BF01168F52DE00320FA5 /* MTSubscriptionTableView.m in Sources */ = {isa = PBXBuildFile; fileRef = D235BF00168F52DE00320FA5 /* MTSubscriptionTableView.m */; };
		D240EF5C16EEEC3F00635E53 /* ccextractor in Resources */ = {isa = PBXBuildFile; fileRef = 1EFD685A16D19AA100CC36E5 /* ccextractor */; };
		D240EF5E16EFE05E00635E53 /* QTKit.framework in Frameworks */ = {isa = PBXBuildFile; fileRef = D240EF5D16EFE05E00635E53 /* QTKit.framework */; };
		D24A8D0E16A5F3DC00DFF890 /* catToFile in Resources */ = {isa = PBXBuildFile; fileRef = D24A8D0D16A5F3DC00DFF890 /* catToFile */; };
		D2574E8617FE30EC00BBAB5C /* MAKHelpFile.rtf in Resources */ = {isa = PBXBuildFile; fileRef = D2574E8517FE30EC00BBAB5C /* MAKHelpFile.rtf */; };
		D257C6E41697400700EBE30B /* MTFormatPopUpButton.m in Sources */ = {isa = PBXBuildFile; fileRef = D257C6E21697400600EBE30B /* MTFormatPopUpButton.m */; };
		D257C6E9169740A000EBE30B /* MTPopUpTableCellView.m in Sources */ = {isa = PBXBuildFile; fileRef = D257C6E7169740A000EBE30B /* MTPopUpTableCellView.m */; };
		D271F3631734BCDA00641435 /* Security.framework in Frameworks */ = {isa = PBXBuildFile; fileRef = D271F3621734BCDA00641435 /* Security.framework */; };
		D274653516C8081C0012CFF7 /* ComSkipHelpText.rtf in Resources */ = {isa = PBXBuildFile; fileRef = D274653416C8081C0012CFF7 /* ComSkipHelpText.rtf */; };
		D27579BD16B4DC2B0090D137 /* MTPreferencesWindowController.m in Sources */ = {isa = PBXBuildFile; fileRef = D27579BB16B4DC2B0090D137 /* MTPreferencesWindowController.m */; };
		D27579BE16B4DC2B0090D137 /* MTPreferencesWindowController.xib in Resources */ = {isa = PBXBuildFile; fileRef = D27579BC16B4DC2B0090D137 /* MTPreferencesWindowController.xib */; };
		D27579C216B575A30090D137 /* MTTabViewItem.m in Sources */ = {isa = PBXBuildFile; fileRef = D27579C116B575A20090D137 /* MTTabViewItem.m */; };
		D279D3EB167A32FA007F0677 /* MTMainWindowController.m in Sources */ = {isa = PBXBuildFile; fileRef = D279D3E9167A32FA007F0677 /* MTMainWindowController.m */; };
		D279D3EC167A32FA007F0677 /* MTMainWindowController.xib in Resources */ = {isa = PBXBuildFile; fileRef = D279D3EA167A32FA007F0677 /* MTMainWindowController.xib */; };
		D28EB0FB16B3182100AA0330 /* MTNetService.m in Sources */ = {isa = PBXBuildFile; fileRef = D28EB0F916B3182100AA0330 /* MTNetService.m */; };
		D2901AE91677BB0E001E559C /* MTDownloadTableCellView.m in Sources */ = {isa = PBXBuildFile; fileRef = D2901AE81677BB0E001E559C /* MTDownloadTableCellView.m */; };
		D291436E1713467A00CE3202 /* NSString+HTML.m in Sources */ = {isa = PBXBuildFile; fileRef = D2D60BD116766FA600CE32DE /* NSString+HTML.m */; settings = {COMPILER_FLAGS = "-fno-objc-arc"; }; };
		D291436F1713467F00CE3202 /* GTMNSString+HTML.m in Sources */ = {isa = PBXBuildFile; fileRef = D2D60BD316766FA600CE32DE /* GTMNSString+HTML.m */; settings = {COMPILER_FLAGS = "-fno-objc-arc"; }; };
		D295CE84175A6AE500D010B8 /* NSString+Helpers.m in Sources */ = {isa = PBXBuildFile; fileRef = D295CE82175A6AE500D010B8 /* NSString+Helpers.m */; };
		D297AC221730296C0036125A /* libmp4v2.a in Frameworks */ = {isa = PBXBuildFile; fileRef = D297AC1A1730296C0036125A /* libmp4v2.a */; };
		D297AC28173047EE0036125A /* libstdc++.dylib in Frameworks */ = {isa = PBXBuildFile; fileRef = D297AC27173047EE0036125A /* libstdc++.dylib */; };
		D2995CA6168B8BB200B960B9 /* MTCheckBox.m in Sources */ = {isa = PBXBuildFile; fileRef = D2995CA5168B8BB200B960B9 /* MTCheckBox.m */; };
		D2995CAB168D08B300B960B9 /* cTiVo_sparkle_pub.pem in Resources */ = {isa = PBXBuildFile; fileRef = D2995CAA168D08B300B960B9 /* cTiVo_sparkle_pub.pem */; };
		D2995CAF168D0F9200B960B9 /* Sparkle.framework in CopyFiles */ = {isa = PBXBuildFile; fileRef = D2995CAC168D0EE700B960B9 /* Sparkle.framework */; settings = {ATTRIBUTES = (CodeSignOnCopy, ); }; };
		D2A09C7A16C77E9D00F2B86F /* Quartz.framework in Frameworks */ = {isa = PBXBuildFile; fileRef = D2A09C7916C77E9D00F2B86F /* Quartz.framework */; };
		D2A648F216991CD300C7DA01 /* MTTiVo.m in Sources */ = {isa = PBXBuildFile; fileRef = D2A648F116991CD300C7DA01 /* MTTiVo.m */; };
		D2A648FB16994D2A00C7DA01 /* MTSubscription.m in Sources */ = {isa = PBXBuildFile; fileRef = 1E791BD31697C59300E47E84 /* MTSubscription.m */; };
		D2A7269816A23E3D00C58C5F /* MTFormat.m in Sources */ = {isa = PBXBuildFile; fileRef = D2A7269716A23E3D00C58C5F /* MTFormat.m */; };
		D2A7269C16A25DEB00C58C5F /* MTFormatEditorController.m in Sources */ = {isa = PBXBuildFile; fileRef = D2A7269A16A25DEB00C58C5F /* MTFormatEditorController.m */; };
		D2A7269D16A25DEB00C58C5F /* MTFormatEditorController.xib in Resources */ = {isa = PBXBuildFile; fileRef = D2A7269B16A25DEB00C58C5F /* MTFormatEditorController.xib */; };
		D2AFDBE8169B2D3A00D7DA3B /* MTiTivoImport.m in Sources */ = {isa = PBXBuildFile; fileRef = D2AFDBE7169B2D3A00D7DA3B /* MTiTivoImport.m */; };
		D2B4B4F41732D69C005B97F1 /* elgatoQuit.scpt in Resources */ = {isa = PBXBuildFile; fileRef = D2B4B4F31732D69C005B97F1 /* elgatoQuit.scpt */; };
		D2B6706D169CA91F009CB164 /* SystemConfiguration.framework in Frameworks */ = {isa = PBXBuildFile; fileRef = D2B6706C169CA91F009CB164 /* SystemConfiguration.framework */; };
		D2B73F3216BC485E003CB4ED /* comskip in Resources */ = {isa = PBXBuildFile; fileRef = D2B73F3116BC485E003CB4ED /* comskip */; };
		D2B73F3616BC8A90003CB4ED /* comskip.ini in Resources */ = {isa = PBXBuildFile; fileRef = D2B73F3516BC8A90003CB4ED /* comskip.ini */; };
		D2C390761687FFA600D2062E /* MTiTunes.m in Sources */ = {isa = PBXBuildFile; fileRef = D2C390741687FFA600D2062E /* MTiTunes.m */; };
		D2C6BB5A1714681C00289751 /* MTTask.m in Sources */ = {isa = PBXBuildFile; fileRef = D2C6BB591714681C00289751 /* MTTask.m */; };
		D2CAF34016AB43AE004E4CFA /* IOKit.framework in Frameworks */ = {isa = PBXBuildFile; fileRef = D2CAF33F16AB43AE004E4CFA /* IOKit.framework */; };
		D2D2C6F016B3816B001AFE75 /* MTManualTiVoEditorController.xib in Resources */ = {isa = PBXBuildFile; fileRef = D2D2C6ED16B3816B001AFE75 /* MTManualTiVoEditorController.xib */; };
		D2D2C6F116B3816B001AFE75 /* MTManualTiVoEditorController.m in Sources */ = {isa = PBXBuildFile; fileRef = D2D2C6EE16B3816B001AFE75 /* MTManualTiVoEditorController.m */; };
		D2D60BA216766EFD00CE32DE /* Cocoa.framework in Frameworks */ = {isa = PBXBuildFile; fileRef = D2D60BA116766EFD00CE32DE /* Cocoa.framework */; };
		D2D60BAC16766EFD00CE32DE /* InfoPlist.strings in Resources */ = {isa = PBXBuildFile; fileRef = D2D60BAA16766EFD00CE32DE /* InfoPlist.strings */; };
		D2D60BAE16766EFD00CE32DE /* main.m in Sources */ = {isa = PBXBuildFile; fileRef = D2D60BAD16766EFD00CE32DE /* main.m */; };
		D2D60BB216766EFD00CE32DE /* Credits.rtf in Resources */ = {isa = PBXBuildFile; fileRef = D2D60BB016766EFD00CE32DE /* Credits.rtf */; };
		D2D60BB516766EFD00CE32DE /* MTAppDelegate.m in Sources */ = {isa = PBXBuildFile; fileRef = D2D60BB416766EFD00CE32DE /* MTAppDelegate.m */; };
		D2D60BB816766EFD00CE32DE /* MainMenu.xib in Resources */ = {isa = PBXBuildFile; fileRef = D2D60BB616766EFD00CE32DE /* MainMenu.xib */; };
		D2D60BC516766F3200CE32DE /* formats.plist in Resources */ = {isa = PBXBuildFile; fileRef = D2D60BC016766F3200CE32DE /* formats.plist */; };
		D2D60BC616766F3200CE32DE /* HandBrakeCLI in Resources */ = {isa = PBXBuildFile; fileRef = D2D60BC116766F3200CE32DE /* HandBrakeCLI */; };
		D2D60BC716766F3200CE32DE /* mencoder in Resources */ = {isa = PBXBuildFile; fileRef = D2D60BC216766F3200CE32DE /* mencoder */; };
		D2D60BC816766F3200CE32DE /* tivodecode in Resources */ = {isa = PBXBuildFile; fileRef = D2D60BC316766F3200CE32DE /* tivodecode */; };
		D2D60BD416766FA600CE32DE /* MTTiVoManager.m in Sources */ = {isa = PBXBuildFile; fileRef = D2D60BC916766FA600CE32DE /* MTTiVoManager.m */; };
		D2D60BD716766FA600CE32DE /* MTDownloadTableView.m in Sources */ = {isa = PBXBuildFile; fileRef = D2D60BCC16766FA600CE32DE /* MTDownloadTableView.m */; };
		D2D60BD916766FA600CE32DE /* MTProgramTableView.m in Sources */ = {isa = PBXBuildFile; fileRef = D2D60BCE16766FA600CE32DE /* MTProgramTableView.m */; };
		D2DFA6891683B9E200CD6CE0 /* ScriptingBridge.framework in Frameworks */ = {isa = PBXBuildFile; fileRef = D2DFA6881683B9E200CD6CE0 /* ScriptingBridge.framework */; };
		D2DFA68F1683C27600CD6CE0 /* MTDownloadCheckTableCell.m in Sources */ = {isa = PBXBuildFile; fileRef = D2DFA68E1683C27600CD6CE0 /* MTDownloadCheckTableCell.m */; };
		D2ED1BBB1715C3BF00742F18 /* MTTaskChain.m in Sources */ = {isa = PBXBuildFile; fileRef = D2ED1BBA1715C3BF00742F18 /* MTTaskChain.m */; };
/* End PBXBuildFile section */

/* Begin PBXCopyFilesBuildPhase section */
		D2995CAE168D0F7D00B960B9 /* CopyFiles */ = {
			isa = PBXCopyFilesBuildPhase;
			buildActionMask = 2147483647;
			dstPath = "";
			dstSubfolderSpec = 10;
			files = (
				D2995CAF168D0F9200B960B9 /* Sparkle.framework in CopyFiles */,
				1EABE6F616B0C593004DDB61 /* Growl.framework in CopyFiles */,
			);
			runOnlyForDeploymentPostprocessing = 0;
		};
/* End PBXCopyFilesBuildPhase section */

/* Begin PBXFileReference section */
		1E00BDE6170A4809005F3970 /* MTMainWindowDrawer.xib */ = {isa = PBXFileReference; fileEncoding = 4; lastKnownFileType = file.xib; path = MTMainWindowDrawer.xib; sourceTree = "<group>"; };
		1E07864F19C7F5EB00A68051 /* Crashlytics.framework */ = {isa = PBXFileReference; lastKnownFileType = wrapper.framework; path = Crashlytics.framework; sourceTree = "<group>"; };
		1E0C5DD8170236B30015C55D /* recent-recording.png */ = {isa = PBXFileReference; lastKnownFileType = image.png; path = "recent-recording.png"; sourceTree = "<group>"; };
		1E18145D1708AC1500166E5F /* cTiVo.help */ = {isa = PBXFileReference; lastKnownFileType = folder; path = cTiVo.help; sourceTree = "<group>"; };
		1E18145F1708AF7000166E5F /* cTiVo.icns */ = {isa = PBXFileReference; lastKnownFileType = image.icns; path = cTiVo.icns; sourceTree = "<group>"; };
		1E2724EE16C9A8B500A21940 /* elgatoScript.pl */ = {isa = PBXFileReference; fileEncoding = 4; lastKnownFileType = text.script.perl; path = elgatoScript.pl; sourceTree = "<group>"; };
		1E2725C216CB63D500A21940 /* elgatoLaunch.scpt */ = {isa = PBXFileReference; lastKnownFileType = file; lineEnding = 1; path = elgatoLaunch.scpt; sourceTree = "<group>"; xcLanguageSpecificationIdentifier = xcode.lang.simpleColoring; };
		1E2725C316CB63D500A21940 /* elgatoProgress.scpt */ = {isa = PBXFileReference; lastKnownFileType = file; lineEnding = 1; path = elgatoProgress.scpt; sourceTree = "<group>"; xcLanguageSpecificationIdentifier = xcode.lang.simpleColoring; };
		1E389BB616C46BA600B80EC9 /* MTAdvPreferencesViewController.h */ = {isa = PBXFileReference; fileEncoding = 4; lastKnownFileType = sourcecode.c.h; path = MTAdvPreferencesViewController.h; sourceTree = "<group>"; };
		1E389BB716C46BA600B80EC9 /* MTAdvPreferencesViewController.m */ = {isa = PBXFileReference; fileEncoding = 4; lastKnownFileType = sourcecode.c.objc; path = MTAdvPreferencesViewController.m; sourceTree = "<group>"; };
		1E3D27DE1A4DCB53006B9CC4 /* NSNotificationCenter+Threads.h */ = {isa = PBXFileReference; fileEncoding = 4; lastKnownFileType = sourcecode.c.h; path = "NSNotificationCenter+Threads.h"; sourceTree = "<group>"; };
		1E3D27DF1A4DCB53006B9CC4 /* NSNotificationCenter+Threads.m */ = {isa = PBXFileReference; fileEncoding = 4; lastKnownFileType = sourcecode.c.objc; path = "NSNotificationCenter+Threads.m"; sourceTree = "<group>"; };
		1E3D27E41A4F5992006B9CC4 /* Crashlytics.sh */ = {isa = PBXFileReference; fileEncoding = 4; lastKnownFileType = text.script.sh; path = Crashlytics.sh; sourceTree = "<group>"; };
		1E45C8F116E11E59005C5334 /* MTIsStringEmpty.h */ = {isa = PBXFileReference; fileEncoding = 4; lastKnownFileType = sourcecode.c.h; path = MTIsStringEmpty.h; sourceTree = "<group>"; };
		1E45C8F216E11E59005C5334 /* MTIsStringEmpty.m */ = {isa = PBXFileReference; fileEncoding = 4; lastKnownFileType = sourcecode.c.objc; path = MTIsStringEmpty.m; sourceTree = "<group>"; };
		1E4A38461A37C0F4001D84A7 /* MTSubscriptionList.h */ = {isa = PBXFileReference; fileEncoding = 4; lastKnownFileType = sourcecode.c.h; path = MTSubscriptionList.h; sourceTree = "<group>"; };
		1E4A38471A37C0F4001D84A7 /* MTSubscriptionList.m */ = {isa = PBXFileReference; fileEncoding = 4; lastKnownFileType = sourcecode.c.objc; path = MTSubscriptionList.m; sourceTree = "<group>"; };
		1E533E0F1A51F662006E6757 /* cTiVoLogging-Info.plist */ = {isa = PBXFileReference; lastKnownFileType = text.plist.xml; name = "cTiVoLogging-Info.plist"; path = "/Users/hugh/Documents/Develop/cTiVoGithub/cTiVoLogging-Info.plist"; sourceTree = "<absolute>"; };
		1E5936821964867E0008780B /* MTLog.h */ = {isa = PBXFileReference; fileEncoding = 4; lastKnownFileType = sourcecode.c.h; path = MTLog.h; sourceTree = "<group>"; };
		1E59368319648C180008780B /* DDLog.h */ = {isa = PBXFileReference; fileEncoding = 4; lastKnownFileType = sourcecode.c.h; path = DDLog.h; sourceTree = "<group>"; };
		1E59368819648C860008780B /* DDLog.m */ = {isa = PBXFileReference; fileEncoding = 4; lastKnownFileType = sourcecode.c.objc; path = DDLog.m; sourceTree = "<group>"; };
		1E59368B19648CFF0008780B /* MTLog.m */ = {isa = PBXFileReference; fileEncoding = 4; lastKnownFileType = sourcecode.c.objc; path = MTLog.m; sourceTree = "<group>"; };
		1E5C5C1A17FDF0B80056E794 /* readme.md */ = {isa = PBXFileReference; lastKnownFileType = text; path = readme.md; sourceTree = "<group>"; };
		1E5C5C1B17FE18BB0056E794 /* wiki */ = {isa = PBXFileReference; lastKnownFileType = folder; path = wiki; sourceTree = "<group>"; };
		1E6349E419C899CF00E650D0 /* Crashlytics.sh */ = {isa = PBXFileReference; lastKnownFileType = text.script.sh; name = Crashlytics.sh; path = cTiVo/Crashlytics.sh; sourceTree = "<group>"; };
		1E6349E519C89AB700E650D0 /* MTCrashlyticsKey.m */ = {isa = PBXFileReference; fileEncoding = 4; lastKnownFileType = sourcecode.c.objc; path = MTCrashlyticsKey.m; sourceTree = "<group>"; };
		1E684A7516E2C50B000F5C6E /* copyright.png */ = {isa = PBXFileReference; lastKnownFileType = image.png; path = copyright.png; sourceTree = "<group>"; };
		1E684A7716E2C50B000F5C6E /* expired-recording.png */ = {isa = PBXFileReference; lastKnownFileType = image.png; path = "expired-recording.png"; sourceTree = "<group>"; };
		1E684A7816E2C50B000F5C6E /* expires-soon-recording.png */ = {isa = PBXFileReference; lastKnownFileType = image.png; path = "expires-soon-recording.png"; sourceTree = "<group>"; };
		1E684A7916E2C50B000F5C6E /* save-until-i-delete-recording.png */ = {isa = PBXFileReference; lastKnownFileType = image.png; path = "save-until-i-delete-recording.png"; sourceTree = "<group>"; };
		1E684A7A16E2C50B000F5C6E /* suggestion-recording.png */ = {isa = PBXFileReference; lastKnownFileType = image.png; path = "suggestion-recording.png"; sourceTree = "<group>"; };
		1E684A8616E3A010000F5C6E /* status-unknown.png */ = {isa = PBXFileReference; lastKnownFileType = image.png; path = "status-unknown.png"; sourceTree = "<group>"; };
		1E684A8A16E3A338000F5C6E /* deleted.png */ = {isa = PBXFileReference; lastKnownFileType = image.png; path = deleted.png; sourceTree = "<group>"; };
		1E6ECF4916CF646300863EB0 /* pytivo_txt.xslt */ = {isa = PBXFileReference; fileEncoding = 4; lastKnownFileType = text.xml; path = pytivo_txt.xslt; sourceTree = "<group>"; };
		1E6F22D416DD1F4C0071D291 /* MTDownload.h */ = {isa = PBXFileReference; fileEncoding = 4; lastKnownFileType = sourcecode.c.h; path = MTDownload.h; sourceTree = "<group>"; };
		1E6F22D516DD1F4C0071D291 /* MTDownload.m */ = {isa = PBXFileReference; fileEncoding = 4; lastKnownFileType = sourcecode.c.objc; lineEnding = 0; path = MTDownload.m; sourceTree = "<group>"; xcLanguageSpecificationIdentifier = xcode.lang.objc; };
		1E6F22D816DD3D9E0071D291 /* NSString+RFC3339Date.h */ = {isa = PBXFileReference; fileEncoding = 4; lastKnownFileType = sourcecode.c.h; path = "NSString+RFC3339Date.h"; sourceTree = "<group>"; };
		1E6F22D916DD3D9E0071D291 /* NSString+RFC3339Date.m */ = {isa = PBXFileReference; fileEncoding = 4; lastKnownFileType = sourcecode.c.objc; path = "NSString+RFC3339Date.m"; sourceTree = "<group>"; };
		1E791BD21697C59300E47E84 /* MTSubscription.h */ = {isa = PBXFileReference; fileEncoding = 4; lastKnownFileType = sourcecode.c.h; path = MTSubscription.h; sourceTree = "<group>"; };
		1E791BD31697C59300E47E84 /* MTSubscription.m */ = {isa = PBXFileReference; fileEncoding = 4; lastKnownFileType = sourcecode.c.objc; lineEnding = 0; path = MTSubscription.m; sourceTree = "<group>"; xcLanguageSpecificationIdentifier = xcode.lang.objc; };
		1E7F5ADA1701877A003AA96C /* in-progress-recording.png */ = {isa = PBXFileReference; lastKnownFileType = image.png; path = "in-progress-recording.png"; sourceTree = "<group>"; };
		1E964C931882768900C19046 /* copyright@2x.png */ = {isa = PBXFileReference; lastKnownFileType = image.png; path = "copyright@2x.png"; sourceTree = "<group>"; };
		1E964C941882768A00C19046 /* deleted@2x.png */ = {isa = PBXFileReference; lastKnownFileType = image.png; path = "deleted@2x.png"; sourceTree = "<group>"; };
		1E964C951882768A00C19046 /* expired-recording@2x.png */ = {isa = PBXFileReference; lastKnownFileType = image.png; path = "expired-recording@2x.png"; sourceTree = "<group>"; };
		1E964C961882768A00C19046 /* expires-soon-recording@2x.png */ = {isa = PBXFileReference; lastKnownFileType = image.png; path = "expires-soon-recording@2x.png"; sourceTree = "<group>"; };
		1E964C971882768A00C19046 /* in-progress-recording@2x.png */ = {isa = PBXFileReference; lastKnownFileType = image.png; path = "in-progress-recording@2x.png"; sourceTree = "<group>"; };
		1E964C981882768A00C19046 /* status-unknown@2x.png */ = {isa = PBXFileReference; lastKnownFileType = image.png; path = "status-unknown@2x.png"; sourceTree = "<group>"; };
		1E964C991882768A00C19046 /* recent-recording@2x.png */ = {isa = PBXFileReference; lastKnownFileType = image.png; path = "recent-recording@2x.png"; sourceTree = "<group>"; };
		1E964C9A1882768A00C19046 /* save-until-i-delete-recording@2x.png */ = {isa = PBXFileReference; lastKnownFileType = image.png; path = "save-until-i-delete-recording@2x.png"; sourceTree = "<group>"; };
		1E964C9B1882768A00C19046 /* suggestion-recording@2x.png */ = {isa = PBXFileReference; lastKnownFileType = image.png; path = "suggestion-recording@2x.png"; sourceTree = "<group>"; };
		1E964CA5188313ED00C19046 /* checkImage2.png */ = {isa = PBXFileReference; lastKnownFileType = image.png; path = checkImage2.png; sourceTree = "<group>"; };
		1E964CA6188313ED00C19046 /* checkImage2@2x.png */ = {isa = PBXFileReference; lastKnownFileType = image.png; path = "checkImage2@2x.png"; sourceTree = "<group>"; };
		1E9959C2173DC7D100B47539 /* DDFileLogger.h */ = {isa = PBXFileReference; fileEncoding = 4; lastKnownFileType = sourcecode.c.h; path = DDFileLogger.h; sourceTree = "<group>"; };
		1E9959C3173DC7D100B47539 /* DDFileLogger.m */ = {isa = PBXFileReference; fileEncoding = 4; lastKnownFileType = sourcecode.c.objc; path = DDFileLogger.m; sourceTree = "<group>"; };
		1E9959C6173DC7D100B47539 /* DDTTYLogger.h */ = {isa = PBXFileReference; fileEncoding = 4; lastKnownFileType = sourcecode.c.h; path = DDTTYLogger.h; sourceTree = "<group>"; };
		1E9959C7173DC7D100B47539 /* DDTTYLogger.m */ = {isa = PBXFileReference; fileEncoding = 4; lastKnownFileType = sourcecode.c.objc; path = DDTTYLogger.m; sourceTree = "<group>"; };
		1E9A10EE1757200000863C44 /* cTiVo.png */ = {isa = PBXFileReference; lastKnownFileType = image.png; path = cTiVo.png; sourceTree = "<group>"; };
		1EABE6F316B0A254004DDB61 /* Growl.framework */ = {isa = PBXFileReference; lastKnownFileType = wrapper.framework; name = Growl.framework; path = cTiVo/Growl.framework; sourceTree = "<group>"; };
		1EABE6FD16B0DA21004DDB61 /* Growl Registration Ticket.growlRegDict */ = {isa = PBXFileReference; fileEncoding = 4; lastKnownFileType = text.xml; path = "Growl Registration Ticket.growlRegDict"; sourceTree = "<group>"; };
		1EB328AF173ED0F0005E8656 /* MTLogFormatter.h */ = {isa = PBXFileReference; fileEncoding = 4; lastKnownFileType = sourcecode.c.h; path = MTLogFormatter.h; sourceTree = "<group>"; };
		1EB328B0173ED0F0005E8656 /* MTLogFormatter.m */ = {isa = PBXFileReference; fileEncoding = 4; lastKnownFileType = sourcecode.c.objc; path = MTLogFormatter.m; sourceTree = "<group>"; };
		1ED49971174D898D0022E084 /* MTTiVoPopUpButton.h */ = {isa = PBXFileReference; fileEncoding = 4; lastKnownFileType = sourcecode.c.h; path = MTTiVoPopUpButton.h; sourceTree = "<group>"; };
		1ED49972174D898D0022E084 /* MTTiVoPopUpButton.m */ = {isa = PBXFileReference; fileEncoding = 4; lastKnownFileType = sourcecode.c.objc; path = MTTiVoPopUpButton.m; sourceTree = "<group>"; };
		1ED49973174D898D0022E084 /* MTTiVoPopUpTableCellView.h */ = {isa = PBXFileReference; fileEncoding = 4; lastKnownFileType = sourcecode.c.h; path = MTTiVoPopUpTableCellView.h; sourceTree = "<group>"; };
		1ED49974174D898D0022E084 /* MTTiVoPopUpTableCellView.m */ = {isa = PBXFileReference; fileEncoding = 4; lastKnownFileType = sourcecode.c.objc; path = MTTiVoPopUpTableCellView.m; sourceTree = "<group>"; };
		1EDE323819C502980052E6C6 /* tivo.png */ = {isa = PBXFileReference; lastKnownFileType = image.png; path = tivo.png; sourceTree = "<group>"; };
		1EDE323919C502980052E6C6 /* tivo@2x.png */ = {isa = PBXFileReference; lastKnownFileType = image.png; path = "tivo@2x.png"; sourceTree = "<group>"; };
		1EFD685A16D19AA100CC36E5 /* ccextractor */ = {isa = PBXFileReference; lastKnownFileType = "compiled.mach-o.executable"; path = ccextractor; sourceTree = "<group>"; };
		D2001C211704F93F00B75D9C /* MTSrt.h */ = {isa = PBXFileReference; fileEncoding = 4; lastKnownFileType = sourcecode.objj.h; path = MTSrt.h; sourceTree = "<group>"; };
		D2001C221704F93F00B75D9C /* MTSrt.m */ = {isa = PBXFileReference; fileEncoding = 4; lastKnownFileType = sourcecode.c.objc; path = MTSrt.m; sourceTree = "<group>"; };
		D2001C231704F93F00B75D9C /* MTEdl.h */ = {isa = PBXFileReference; fileEncoding = 4; lastKnownFileType = sourcecode.objj.h; path = MTEdl.h; sourceTree = "<group>"; };
		D2001C241704F93F00B75D9C /* MTEdl.m */ = {isa = PBXFileReference; fileEncoding = 4; lastKnownFileType = sourcecode.c.objc; path = MTEdl.m; sourceTree = "<group>"; };
		D202E09F169778DA00514213 /* MTiTivoImport.h */ = {isa = PBXFileReference; fileEncoding = 4; lastKnownFileType = sourcecode.objj.h; path = MTiTivoImport.h; sourceTree = "<group>"; };
		D208560416B61B9B002F5F8C /* MTPreferencesViewController.h */ = {isa = PBXFileReference; fileEncoding = 4; lastKnownFileType = sourcecode.c.h; path = MTPreferencesViewController.h; sourceTree = "<group>"; };
		D208560516B61B9B002F5F8C /* MTPreferencesViewController.m */ = {isa = PBXFileReference; fileEncoding = 4; lastKnownFileType = sourcecode.c.objc; path = MTPreferencesViewController.m; sourceTree = "<group>"; };
		D208560616B61B9B002F5F8C /* MTPreferencesViewController.xib */ = {isa = PBXFileReference; fileEncoding = 4; lastKnownFileType = file.xib; path = MTPreferencesViewController.xib; sourceTree = "<group>"; };
		D209B6A91813305E004E733B /* FindTiVoHelpFile.rtf */ = {isa = PBXFileReference; fileEncoding = 4; lastKnownFileType = text.rtf; path = FindTiVoHelpFile.rtf; sourceTree = "<group>"; };
		D20BA5511678F7BD007BADB9 /* MTProgressindicator.h */ = {isa = PBXFileReference; fileEncoding = 4; lastKnownFileType = sourcecode.c.h; path = MTProgressindicator.h; sourceTree = "<group>"; };
		D20BA5521678F7BD007BADB9 /* MTProgressindicator.m */ = {isa = PBXFileReference; fileEncoding = 4; lastKnownFileType = sourcecode.c.objc; path = MTProgressindicator.m; sourceTree = "<group>"; };
		D219D5E616A4F88C00C79962 /* MTHelpViewController.xib */ = {isa = PBXFileReference; fileEncoding = 4; lastKnownFileType = file.xib; path = MTHelpViewController.xib; sourceTree = "<group>"; };
		D219D5E716A4F88C00C79962 /* MTHelpViewController.h */ = {isa = PBXFileReference; fileEncoding = 4; lastKnownFileType = sourcecode.c.h; path = MTHelpViewController.h; sourceTree = "<group>"; };
		D219D5E816A4F88D00C79962 /* MTHelpViewController.m */ = {isa = PBXFileReference; fileEncoding = 4; lastKnownFileType = sourcecode.c.objc; path = MTHelpViewController.m; sourceTree = "<group>"; };
		D219D5F316A503C100C79962 /* EncoderHelpText.rtf */ = {isa = PBXFileReference; fileEncoding = 4; lastKnownFileType = text.rtf; path = EncoderHelpText.rtf; sourceTree = "<group>"; };
		D22BC41D1680DB5E007D699C /* MTTiVoShow.h */ = {isa = PBXFileReference; fileEncoding = 4; lastKnownFileType = sourcecode.c.h; path = MTTiVoShow.h; sourceTree = "<group>"; };
		D22BC41E1680DB5E007D699C /* MTTiVoShow.m */ = {isa = PBXFileReference; fileEncoding = 4; lastKnownFileType = sourcecode.c.objc; path = MTTiVoShow.m; sourceTree = "<group>"; };
		D22E4B1716B76DCD00619A6E /* MTAdvPreferencesViewController.xib */ = {isa = PBXFileReference; fileEncoding = 4; lastKnownFileType = file.xib; path = MTAdvPreferencesViewController.xib; sourceTree = "<group>"; };
		D235BEFF168F52DE00320FA5 /* MTSubscriptionTableView.h */ = {isa = PBXFileReference; fileEncoding = 4; lastKnownFileType = sourcecode.c.h; path = MTSubscriptionTableView.h; sourceTree = "<group>"; };
		D235BF00168F52DE00320FA5 /* MTSubscriptionTableView.m */ = {isa = PBXFileReference; fileEncoding = 4; lastKnownFileType = sourcecode.c.objc; path = MTSubscriptionTableView.m; sourceTree = "<group>"; };
		D240EF5D16EFE05E00635E53 /* QTKit.framework */ = {isa = PBXFileReference; lastKnownFileType = wrapper.framework; name = QTKit.framework; path = System/Library/Frameworks/QTKit.framework; sourceTree = SDKROOT; };
		D24A8D0D16A5F3DC00DFF890 /* catToFile */ = {isa = PBXFileReference; fileEncoding = 4; lastKnownFileType = text.script.sh; path = catToFile; sourceTree = "<group>"; };
		D2574E8517FE30EC00BBAB5C /* MAKHelpFile.rtf */ = {isa = PBXFileReference; fileEncoding = 4; lastKnownFileType = text.rtf; path = MAKHelpFile.rtf; sourceTree = "<group>"; };
		D257C6E11697400600EBE30B /* MTFormatPopUpButton.h */ = {isa = PBXFileReference; fileEncoding = 4; lastKnownFileType = sourcecode.c.h; path = MTFormatPopUpButton.h; sourceTree = "<group>"; };
		D257C6E21697400600EBE30B /* MTFormatPopUpButton.m */ = {isa = PBXFileReference; fileEncoding = 4; lastKnownFileType = sourcecode.c.objc; path = MTFormatPopUpButton.m; sourceTree = "<group>"; };
		D257C6E61697409F00EBE30B /* MTPopUpTableCellView.h */ = {isa = PBXFileReference; fileEncoding = 4; lastKnownFileType = sourcecode.objj.h; path = MTPopUpTableCellView.h; sourceTree = "<group>"; };
		D257C6E7169740A000EBE30B /* MTPopUpTableCellView.m */ = {isa = PBXFileReference; fileEncoding = 4; lastKnownFileType = sourcecode.c.objc; path = MTPopUpTableCellView.m; sourceTree = "<group>"; };
		D271F3621734BCDA00641435 /* Security.framework */ = {isa = PBXFileReference; lastKnownFileType = wrapper.framework; name = Security.framework; path = System/Library/Frameworks/Security.framework; sourceTree = SDKROOT; };
		D274653416C8081C0012CFF7 /* ComSkipHelpText.rtf */ = {isa = PBXFileReference; fileEncoding = 4; lastKnownFileType = text.rtf; path = ComSkipHelpText.rtf; sourceTree = "<group>"; };
		D27579BA16B4DC2B0090D137 /* MTPreferencesWindowController.h */ = {isa = PBXFileReference; fileEncoding = 4; lastKnownFileType = sourcecode.c.h; path = MTPreferencesWindowController.h; sourceTree = "<group>"; };
		D27579BB16B4DC2B0090D137 /* MTPreferencesWindowController.m */ = {isa = PBXFileReference; fileEncoding = 4; lastKnownFileType = sourcecode.c.objc; path = MTPreferencesWindowController.m; sourceTree = "<group>"; };
		D27579BC16B4DC2B0090D137 /* MTPreferencesWindowController.xib */ = {isa = PBXFileReference; fileEncoding = 4; lastKnownFileType = file.xib; path = MTPreferencesWindowController.xib; sourceTree = "<group>"; };
		D27579C016B575A20090D137 /* MTTabViewItem.h */ = {isa = PBXFileReference; fileEncoding = 4; lastKnownFileType = sourcecode.c.h; path = MTTabViewItem.h; sourceTree = "<group>"; };
		D27579C116B575A20090D137 /* MTTabViewItem.m */ = {isa = PBXFileReference; fileEncoding = 4; lastKnownFileType = sourcecode.c.objc; path = MTTabViewItem.m; sourceTree = "<group>"; };
		D279D3E8167A32FA007F0677 /* MTMainWindowController.h */ = {isa = PBXFileReference; fileEncoding = 4; lastKnownFileType = sourcecode.c.h; path = MTMainWindowController.h; sourceTree = "<group>"; };
		D279D3E9167A32FA007F0677 /* MTMainWindowController.m */ = {isa = PBXFileReference; fileEncoding = 4; lastKnownFileType = sourcecode.c.objc; path = MTMainWindowController.m; sourceTree = "<group>"; };
		D279D3EA167A32FA007F0677 /* MTMainWindowController.xib */ = {isa = PBXFileReference; fileEncoding = 4; lastKnownFileType = file.xib; path = MTMainWindowController.xib; sourceTree = "<group>"; };
		D28EB0F916B3182100AA0330 /* MTNetService.m */ = {isa = PBXFileReference; fileEncoding = 4; lastKnownFileType = sourcecode.c.objc; path = MTNetService.m; sourceTree = "<group>"; };
		D28EB0FA16B3182100AA0330 /* MTNetService.h */ = {isa = PBXFileReference; fileEncoding = 4; lastKnownFileType = sourcecode.c.h; path = MTNetService.h; sourceTree = "<group>"; };
		D2901AE71677BB0E001E559C /* MTDownloadTableCellView.h */ = {isa = PBXFileReference; fileEncoding = 4; lastKnownFileType = sourcecode.c.h; path = MTDownloadTableCellView.h; sourceTree = "<group>"; };
		D2901AE81677BB0E001E559C /* MTDownloadTableCellView.m */ = {isa = PBXFileReference; fileEncoding = 4; lastKnownFileType = sourcecode.c.objc; path = MTDownloadTableCellView.m; sourceTree = "<group>"; };
		D295CE81175A6AE500D010B8 /* NSString+Helpers.h */ = {isa = PBXFileReference; fileEncoding = 4; lastKnownFileType = sourcecode.objj.h; path = "NSString+Helpers.h"; sourceTree = "<group>"; };
		D295CE82175A6AE500D010B8 /* NSString+Helpers.m */ = {isa = PBXFileReference; fileEncoding = 4; lastKnownFileType = sourcecode.c.objc; path = "NSString+Helpers.m"; sourceTree = "<group>"; };
		D297AC131730296C0036125A /* chapter.h */ = {isa = PBXFileReference; fileEncoding = 4; lastKnownFileType = sourcecode.c.h; path = chapter.h; sourceTree = "<group>"; };
		D297AC141730296C0036125A /* file.h */ = {isa = PBXFileReference; fileEncoding = 4; lastKnownFileType = sourcecode.c.h; path = file.h; sourceTree = "<group>"; };
		D297AC151730296C0036125A /* file_prop.h */ = {isa = PBXFileReference; fileEncoding = 4; lastKnownFileType = sourcecode.c.h; path = file_prop.h; sourceTree = "<group>"; };
		D297AC161730296C0036125A /* general.h */ = {isa = PBXFileReference; fileEncoding = 4; lastKnownFileType = sourcecode.c.h; path = general.h; sourceTree = "<group>"; };
		D297AC171730296C0036125A /* isma.h */ = {isa = PBXFileReference; fileEncoding = 4; lastKnownFileType = sourcecode.c.h; path = isma.h; sourceTree = "<group>"; };
		D297AC181730296C0036125A /* itmf_generic.h */ = {isa = PBXFileReference; fileEncoding = 4; lastKnownFileType = sourcecode.c.h; path = itmf_generic.h; sourceTree = "<group>"; };
		D297AC191730296C0036125A /* itmf_tags.h */ = {isa = PBXFileReference; fileEncoding = 4; lastKnownFileType = sourcecode.c.h; path = itmf_tags.h; sourceTree = "<group>"; };
		D297AC1A1730296C0036125A /* libmp4v2.a */ = {isa = PBXFileReference; lastKnownFileType = archive.ar; path = libmp4v2.a; sourceTree = "<group>"; };
		D297AC1B1730296C0036125A /* mp4v2.h */ = {isa = PBXFileReference; fileEncoding = 4; lastKnownFileType = sourcecode.c.h; path = mp4v2.h; sourceTree = "<group>"; };
		D297AC1C1730296C0036125A /* platform.h */ = {isa = PBXFileReference; fileEncoding = 4; lastKnownFileType = sourcecode.c.h; path = platform.h; sourceTree = "<group>"; };
		D297AC1D1730296C0036125A /* project.h */ = {isa = PBXFileReference; fileEncoding = 4; lastKnownFileType = sourcecode.c.h; path = project.h; sourceTree = "<group>"; };
		D297AC1E1730296C0036125A /* sample.h */ = {isa = PBXFileReference; fileEncoding = 4; lastKnownFileType = sourcecode.c.h; path = sample.h; sourceTree = "<group>"; };
		D297AC1F1730296C0036125A /* streaming.h */ = {isa = PBXFileReference; fileEncoding = 4; lastKnownFileType = sourcecode.c.h; path = streaming.h; sourceTree = "<group>"; };
		D297AC201730296C0036125A /* track.h */ = {isa = PBXFileReference; fileEncoding = 4; lastKnownFileType = sourcecode.c.h; path = track.h; sourceTree = "<group>"; };
		D297AC211730296C0036125A /* track_prop.h */ = {isa = PBXFileReference; fileEncoding = 4; lastKnownFileType = sourcecode.c.h; path = track_prop.h; sourceTree = "<group>"; };
		D297AC27173047EE0036125A /* libstdc++.dylib */ = {isa = PBXFileReference; lastKnownFileType = "compiled.mach-o.dylib"; name = "libstdc++.dylib"; path = "usr/lib/libstdc++.dylib"; sourceTree = SDKROOT; };
		D2995CA4168B8BB200B960B9 /* MTCheckBox.h */ = {isa = PBXFileReference; fileEncoding = 4; lastKnownFileType = sourcecode.c.h; path = MTCheckBox.h; sourceTree = "<group>"; };
		D2995CA5168B8BB200B960B9 /* MTCheckBox.m */ = {isa = PBXFileReference; fileEncoding = 4; lastKnownFileType = sourcecode.c.objc; path = MTCheckBox.m; sourceTree = "<group>"; };
		D2995CAA168D08B300B960B9 /* cTiVo_sparkle_pub.pem */ = {isa = PBXFileReference; fileEncoding = 4; lastKnownFileType = text; path = cTiVo_sparkle_pub.pem; sourceTree = "<group>"; };
		D2995CAC168D0EE700B960B9 /* Sparkle.framework */ = {isa = PBXFileReference; lastKnownFileType = wrapper.framework; name = Sparkle.framework; path = cTiVo/Sparkle.framework; sourceTree = "<group>"; };
		D2A09C7916C77E9D00F2B86F /* Quartz.framework */ = {isa = PBXFileReference; lastKnownFileType = wrapper.framework; name = Quartz.framework; path = System/Library/Frameworks/Quartz.framework; sourceTree = SDKROOT; };
		D2A648F016991CD300C7DA01 /* MTTiVo.h */ = {isa = PBXFileReference; fileEncoding = 4; lastKnownFileType = sourcecode.c.h; path = MTTiVo.h; sourceTree = "<group>"; };
		D2A648F116991CD300C7DA01 /* MTTiVo.m */ = {isa = PBXFileReference; fileEncoding = 4; lastKnownFileType = sourcecode.c.objc; path = MTTiVo.m; sourceTree = "<group>"; };
		D2A7269416A2005400C58C5F /* README */ = {isa = PBXFileReference; lastKnownFileType = text; path = README; sourceTree = "<group>"; };
		D2A7269616A23E3D00C58C5F /* MTFormat.h */ = {isa = PBXFileReference; fileEncoding = 4; lastKnownFileType = sourcecode.c.h; path = MTFormat.h; sourceTree = "<group>"; };
		D2A7269716A23E3D00C58C5F /* MTFormat.m */ = {isa = PBXFileReference; fileEncoding = 4; lastKnownFileType = sourcecode.c.objc; path = MTFormat.m; sourceTree = "<group>"; };
		D2A7269916A25DEB00C58C5F /* MTFormatEditorController.h */ = {isa = PBXFileReference; fileEncoding = 4; lastKnownFileType = sourcecode.c.h; path = MTFormatEditorController.h; sourceTree = "<group>"; };
		D2A7269A16A25DEB00C58C5F /* MTFormatEditorController.m */ = {isa = PBXFileReference; fileEncoding = 4; lastKnownFileType = sourcecode.c.objc; path = MTFormatEditorController.m; sourceTree = "<group>"; };
		D2A7269B16A25DEB00C58C5F /* MTFormatEditorController.xib */ = {isa = PBXFileReference; fileEncoding = 4; lastKnownFileType = file.xib; path = MTFormatEditorController.xib; sourceTree = "<group>"; };
		D2AFDBE7169B2D3A00D7DA3B /* MTiTivoImport.m */ = {isa = PBXFileReference; fileEncoding = 4; lastKnownFileType = sourcecode.c.objc; lineEnding = 0; path = MTiTivoImport.m; sourceTree = "<group>"; xcLanguageSpecificationIdentifier = xcode.lang.objc; };
		D2B4B4F31732D69C005B97F1 /* elgatoQuit.scpt */ = {isa = PBXFileReference; lastKnownFileType = file; lineEnding = 1; path = elgatoQuit.scpt; sourceTree = "<group>"; xcLanguageSpecificationIdentifier = xcode.lang.simpleColoring; };
		D2B6706C169CA91F009CB164 /* SystemConfiguration.framework */ = {isa = PBXFileReference; lastKnownFileType = wrapper.framework; name = SystemConfiguration.framework; path = System/Library/Frameworks/SystemConfiguration.framework; sourceTree = SDKROOT; };
		D2B73F3116BC485E003CB4ED /* comskip */ = {isa = PBXFileReference; lastKnownFileType = "compiled.mach-o.executable"; path = comskip; sourceTree = "<group>"; };
		D2B73F3516BC8A90003CB4ED /* comskip.ini */ = {isa = PBXFileReference; fileEncoding = 4; lastKnownFileType = text; path = comskip.ini; sourceTree = "<group>"; };
		D2C0381017131FC50001BA52 /* sparklecast.xml */ = {isa = PBXFileReference; lastKnownFileType = text.xml; path = sparklecast.xml; sourceTree = "<group>"; };
		D2C390741687FFA600D2062E /* MTiTunes.m */ = {isa = PBXFileReference; fileEncoding = 4; lastKnownFileType = sourcecode.c.objc; path = MTiTunes.m; sourceTree = "<group>"; };
		D2C390751687FFA600D2062E /* MTiTunes.h */ = {isa = PBXFileReference; fileEncoding = 4; lastKnownFileType = sourcecode.objj.h; path = MTiTunes.h; sourceTree = "<group>"; };
		D2C6BB581714681C00289751 /* MTTask.h */ = {isa = PBXFileReference; fileEncoding = 4; lastKnownFileType = sourcecode.c.h; path = MTTask.h; sourceTree = "<group>"; };
		D2C6BB591714681C00289751 /* MTTask.m */ = {isa = PBXFileReference; fileEncoding = 4; lastKnownFileType = sourcecode.c.objc; path = MTTask.m; sourceTree = "<group>"; };
		D2CAF33F16AB43AE004E4CFA /* IOKit.framework */ = {isa = PBXFileReference; lastKnownFileType = wrapper.framework; name = IOKit.framework; path = System/Library/Frameworks/IOKit.framework; sourceTree = SDKROOT; };
		D2D2C6ED16B3816B001AFE75 /* MTManualTiVoEditorController.xib */ = {isa = PBXFileReference; fileEncoding = 4; lastKnownFileType = file.xib; path = MTManualTiVoEditorController.xib; sourceTree = "<group>"; };
		D2D2C6EE16B3816B001AFE75 /* MTManualTiVoEditorController.m */ = {isa = PBXFileReference; fileEncoding = 4; lastKnownFileType = sourcecode.c.objc; path = MTManualTiVoEditorController.m; sourceTree = "<group>"; };
		D2D2C6EF16B3816B001AFE75 /* MTManualTiVoEditorController.h */ = {isa = PBXFileReference; fileEncoding = 4; lastKnownFileType = sourcecode.c.h; path = MTManualTiVoEditorController.h; sourceTree = "<group>"; };
		D2D60B9D16766EFD00CE32DE /* cTiVo.app */ = {isa = PBXFileReference; explicitFileType = wrapper.application; includeInIndex = 0; path = cTiVo.app; sourceTree = BUILT_PRODUCTS_DIR; };
		D2D60BA116766EFD00CE32DE /* Cocoa.framework */ = {isa = PBXFileReference; lastKnownFileType = wrapper.framework; name = Cocoa.framework; path = System/Library/Frameworks/Cocoa.framework; sourceTree = SDKROOT; };
		D2D60BA416766EFD00CE32DE /* AppKit.framework */ = {isa = PBXFileReference; lastKnownFileType = wrapper.framework; name = AppKit.framework; path = System/Library/Frameworks/AppKit.framework; sourceTree = SDKROOT; };
		D2D60BA516766EFD00CE32DE /* CoreData.framework */ = {isa = PBXFileReference; lastKnownFileType = wrapper.framework; name = CoreData.framework; path = System/Library/Frameworks/CoreData.framework; sourceTree = SDKROOT; };
		D2D60BA616766EFD00CE32DE /* Foundation.framework */ = {isa = PBXFileReference; lastKnownFileType = wrapper.framework; name = Foundation.framework; path = System/Library/Frameworks/Foundation.framework; sourceTree = SDKROOT; };
		D2D60BA916766EFD00CE32DE /* cTiVo-Info.plist */ = {isa = PBXFileReference; lastKnownFileType = text.plist.xml; path = "cTiVo-Info.plist"; sourceTree = "<group>"; };
		D2D60BAB16766EFD00CE32DE /* en */ = {isa = PBXFileReference; lastKnownFileType = text.plist.strings; name = en; path = en.lproj/InfoPlist.strings; sourceTree = "<group>"; };
		D2D60BAD16766EFD00CE32DE /* main.m */ = {isa = PBXFileReference; lastKnownFileType = sourcecode.c.objc; path = main.m; sourceTree = "<group>"; };
		D2D60BAF16766EFD00CE32DE /* cTiVo-Prefix.pch */ = {isa = PBXFileReference; lastKnownFileType = sourcecode.c.h; path = "cTiVo-Prefix.pch"; sourceTree = "<group>"; };
		D2D60BB116766EFD00CE32DE /* en */ = {isa = PBXFileReference; lastKnownFileType = text.rtf; name = en; path = en.lproj/Credits.rtf; sourceTree = "<group>"; };
		D2D60BB316766EFD00CE32DE /* MTAppDelegate.h */ = {isa = PBXFileReference; lastKnownFileType = sourcecode.objj.h; path = MTAppDelegate.h; sourceTree = "<group>"; };
		D2D60BB416766EFD00CE32DE /* MTAppDelegate.m */ = {isa = PBXFileReference; lastKnownFileType = sourcecode.c.objc; lineEnding = 0; path = MTAppDelegate.m; sourceTree = "<group>"; xcLanguageSpecificationIdentifier = xcode.lang.objc; };
		D2D60BB716766EFD00CE32DE /* en */ = {isa = PBXFileReference; lastKnownFileType = file.xib; name = en; path = en.lproj/MainMenu.xib; sourceTree = "<group>"; };
		D2D60BC016766F3200CE32DE /* formats.plist */ = {isa = PBXFileReference; fileEncoding = 4; lastKnownFileType = text.plist.xml; path = formats.plist; sourceTree = "<group>"; };
		D2D60BC116766F3200CE32DE /* HandBrakeCLI */ = {isa = PBXFileReference; lastKnownFileType = "compiled.mach-o.executable"; path = HandBrakeCLI; sourceTree = "<group>"; };
		D2D60BC216766F3200CE32DE /* mencoder */ = {isa = PBXFileReference; lastKnownFileType = "compiled.mach-o.executable"; path = mencoder; sourceTree = "<group>"; };
		D2D60BC316766F3200CE32DE /* tivodecode */ = {isa = PBXFileReference; lastKnownFileType = "compiled.mach-o.executable"; path = tivodecode; sourceTree = "<group>"; };
		D2D60BC916766FA600CE32DE /* MTTiVoManager.m */ = {isa = PBXFileReference; fileEncoding = 4; lastKnownFileType = sourcecode.c.objc; path = MTTiVoManager.m; sourceTree = "<group>"; };
		D2D60BCA16766FA600CE32DE /* MTTiVoManager.h */ = {isa = PBXFileReference; fileEncoding = 4; lastKnownFileType = sourcecode.objj.h; path = MTTiVoManager.h; sourceTree = "<group>"; };
		D2D60BCB16766FA600CE32DE /* MTConstants.h */ = {isa = PBXFileReference; fileEncoding = 4; lastKnownFileType = sourcecode.objj.h; lineEnding = 0; path = MTConstants.h; sourceTree = "<group>"; xcLanguageSpecificationIdentifier = xcode.lang.objcpp; };
		D2D60BCC16766FA600CE32DE /* MTDownloadTableView.m */ = {isa = PBXFileReference; fileEncoding = 4; lastKnownFileType = sourcecode.c.objc; path = MTDownloadTableView.m; sourceTree = "<group>"; };
		D2D60BCD16766FA600CE32DE /* MTDownloadTableView.h */ = {isa = PBXFileReference; fileEncoding = 4; lastKnownFileType = sourcecode.c.h; path = MTDownloadTableView.h; sourceTree = "<group>"; };
		D2D60BCE16766FA600CE32DE /* MTProgramTableView.m */ = {isa = PBXFileReference; fileEncoding = 4; lastKnownFileType = sourcecode.c.objc; path = MTProgramTableView.m; sourceTree = "<group>"; };
		D2D60BCF16766FA600CE32DE /* MTProgramTableView.h */ = {isa = PBXFileReference; fileEncoding = 4; lastKnownFileType = sourcecode.c.h; path = MTProgramTableView.h; sourceTree = "<group>"; };
		D2D60BD016766FA600CE32DE /* NSString+HTML.h */ = {isa = PBXFileReference; fileEncoding = 4; lastKnownFileType = sourcecode.objj.h; path = "NSString+HTML.h"; sourceTree = "<group>"; };
		D2D60BD116766FA600CE32DE /* NSString+HTML.m */ = {isa = PBXFileReference; fileEncoding = 4; lastKnownFileType = sourcecode.c.objc; path = "NSString+HTML.m"; sourceTree = "<group>"; };
		D2D60BD216766FA600CE32DE /* GTMNSString+HTML.h */ = {isa = PBXFileReference; fileEncoding = 4; lastKnownFileType = sourcecode.objj.h; path = "GTMNSString+HTML.h"; sourceTree = "<group>"; };
		D2D60BD316766FA600CE32DE /* GTMNSString+HTML.m */ = {isa = PBXFileReference; fileEncoding = 4; lastKnownFileType = sourcecode.c.objc; path = "GTMNSString+HTML.m"; sourceTree = "<group>"; };
		D2DFA6881683B9E200CD6CE0 /* ScriptingBridge.framework */ = {isa = PBXFileReference; lastKnownFileType = wrapper.framework; name = ScriptingBridge.framework; path = System/Library/Frameworks/ScriptingBridge.framework; sourceTree = SDKROOT; };
		D2DFA68C1683BA0300CD6CE0 /* iTunes.h */ = {isa = PBXFileReference; fileEncoding = 4; lastKnownFileType = sourcecode.c.h; path = iTunes.h; sourceTree = "<group>"; };
		D2DFA68D1683C27600CD6CE0 /* MTDownloadCheckTableCell.h */ = {isa = PBXFileReference; fileEncoding = 4; lastKnownFileType = sourcecode.c.h; path = MTDownloadCheckTableCell.h; sourceTree = "<group>"; };
		D2DFA68E1683C27600CD6CE0 /* MTDownloadCheckTableCell.m */ = {isa = PBXFileReference; fileEncoding = 4; lastKnownFileType = sourcecode.c.objc; path = MTDownloadCheckTableCell.m; sourceTree = "<group>"; };
		D2ED1BB91715C3BF00742F18 /* MTTaskChain.h */ = {isa = PBXFileReference; fileEncoding = 4; lastKnownFileType = sourcecode.c.h; path = MTTaskChain.h; sourceTree = "<group>"; };
		D2ED1BBA1715C3BF00742F18 /* MTTaskChain.m */ = {isa = PBXFileReference; fileEncoding = 4; lastKnownFileType = sourcecode.c.objc; path = MTTaskChain.m; sourceTree = "<group>"; };
/* End PBXFileReference section */

/* Begin PBXFrameworksBuildPhase section */
		D2D60B9A16766EFD00CE32DE /* Frameworks */ = {
			isa = PBXFrameworksBuildPhase;
			buildActionMask = 2147483647;
			files = (
				D271F3631734BCDA00641435 /* Security.framework in Frameworks */,
				D297AC28173047EE0036125A /* libstdc++.dylib in Frameworks */,
				D240EF5E16EFE05E00635E53 /* QTKit.framework in Frameworks */,
				D2A09C7A16C77E9D00F2B86F /* Quartz.framework in Frameworks */,
				D2CAF34016AB43AE004E4CFA /* IOKit.framework in Frameworks */,
				D2B6706D169CA91F009CB164 /* SystemConfiguration.framework in Frameworks */,
				D2DFA6891683B9E200CD6CE0 /* ScriptingBridge.framework in Frameworks */,
				D2D60BA216766EFD00CE32DE /* Cocoa.framework in Frameworks */,
				1E07865019C7F5EB00A68051 /* Crashlytics.framework in Frameworks */,
				1E37CBEC19D7EBA200661D7D /* Sparkle.framework in Frameworks */,
				D297AC221730296C0036125A /* libmp4v2.a in Frameworks */,
			);
			runOnlyForDeploymentPostprocessing = 0;
		};
/* End PBXFrameworksBuildPhase section */

/* Begin PBXGroup section */
		1E684A8C16E40EA8000F5C6E /* Wiki */ = {
			isa = PBXGroup;
			children = (
				D2A7269416A2005400C58C5F /* README */,
			);
			name = Wiki;
			path = cTiVo;
			sourceTree = "<group>";
		};
		1E791BD01697ACAA00E47E84 /* Custom NSViews */ = {
			isa = PBXGroup;
			children = (
				D2995CA4168B8BB200B960B9 /* MTCheckBox.h */,
				D2995CA5168B8BB200B960B9 /* MTCheckBox.m */,
				D257C6E11697400600EBE30B /* MTFormatPopUpButton.h */,
				D257C6E21697400600EBE30B /* MTFormatPopUpButton.m */,
				D257C6E61697409F00EBE30B /* MTPopUpTableCellView.h */,
				D257C6E7169740A000EBE30B /* MTPopUpTableCellView.m */,
				1ED49971174D898D0022E084 /* MTTiVoPopUpButton.h */,
				1ED49972174D898D0022E084 /* MTTiVoPopUpButton.m */,
				1ED49973174D898D0022E084 /* MTTiVoPopUpTableCellView.h */,
				1ED49974174D898D0022E084 /* MTTiVoPopUpTableCellView.m */,
				D20BA5511678F7BD007BADB9 /* MTProgressindicator.h */,
				D20BA5521678F7BD007BADB9 /* MTProgressindicator.m */,
			);
			name = "Custom NSViews";
			sourceTree = "<group>";
		};
		1E964C921882761F00C19046 /* Images */ = {
			isa = PBXGroup;
			children = (
				1E18145F1708AF7000166E5F /* cTiVo.icns */,
				1E9A10EE1757200000863C44 /* cTiVo.png */,
				1E964CA5188313ED00C19046 /* checkImage2.png */,
				1E964CA6188313ED00C19046 /* checkImage2@2x.png */,
				1E684A7516E2C50B000F5C6E /* copyright.png */,
				1E964C931882768900C19046 /* copyright@2x.png */,
				1E684A8A16E3A338000F5C6E /* deleted.png */,
				1E964C941882768A00C19046 /* deleted@2x.png */,
				1E684A7716E2C50B000F5C6E /* expired-recording.png */,
				1E964C951882768A00C19046 /* expired-recording@2x.png */,
				1E684A7816E2C50B000F5C6E /* expires-soon-recording.png */,
				1E964C961882768A00C19046 /* expires-soon-recording@2x.png */,
				1E7F5ADA1701877A003AA96C /* in-progress-recording.png */,
				1E964C971882768A00C19046 /* in-progress-recording@2x.png */,
				1E684A8616E3A010000F5C6E /* status-unknown.png */,
				1E964C981882768A00C19046 /* status-unknown@2x.png */,
				1E0C5DD8170236B30015C55D /* recent-recording.png */,
				1E964C991882768A00C19046 /* recent-recording@2x.png */,
				1E684A7916E2C50B000F5C6E /* save-until-i-delete-recording.png */,
				1E964C9A1882768A00C19046 /* save-until-i-delete-recording@2x.png */,
				1E684A7A16E2C50B000F5C6E /* suggestion-recording.png */,
				1E964C9B1882768A00C19046 /* suggestion-recording@2x.png */,
				1EDE323819C502980052E6C6 /* tivo.png */,
				1EDE323919C502980052E6C6 /* tivo@2x.png */,
			);
			name = Images;
			sourceTree = "<group>";
		};
		1E9959C1173DC73500B47539 /* DDLogger */ = {
			isa = PBXGroup;
			children = (
				1E59368319648C180008780B /* DDLog.h */,
				1E59368819648C860008780B /* DDLog.m */,
				1E9959C2173DC7D100B47539 /* DDFileLogger.h */,
				1E9959C3173DC7D100B47539 /* DDFileLogger.m */,
				1E5936821964867E0008780B /* MTLog.h */,
				1E59368B19648CFF0008780B /* MTLog.m */,
				1EB328AF173ED0F0005E8656 /* MTLogFormatter.h */,
				1EB328B0173ED0F0005E8656 /* MTLogFormatter.m */,
				1E6349E519C89AB700E650D0 /* MTCrashlyticsKey.m */,
				1E3D27E41A4F5992006B9CC4 /* Crashlytics.sh */,
				1E9959C6173DC7D100B47539 /* DDTTYLogger.h */,
				1E9959C7173DC7D100B47539 /* DDTTYLogger.m */,
			);
			name = DDLogger;
			sourceTree = "<group>";
		};
		1EE4418016A4E64800796897 /* UI Classes- Format Edit */ = {
			isa = PBXGroup;
			children = (
				D2A7269916A25DEB00C58C5F /* MTFormatEditorController.h */,
				D2A7269A16A25DEB00C58C5F /* MTFormatEditorController.m */,
				D2A7269B16A25DEB00C58C5F /* MTFormatEditorController.xib */,
				D219D5E716A4F88C00C79962 /* MTHelpViewController.h */,
				D219D5E816A4F88D00C79962 /* MTHelpViewController.m */,
				D219D5E616A4F88C00C79962 /* MTHelpViewController.xib */,
			);
			name = "UI Classes- Format Edit";
			sourceTree = "<group>";
		};
		D272E49116B33D1600392165 /* UI Classes - Manual TiVo Editor */ = {
			isa = PBXGroup;
			children = (
				D2D2C6ED16B3816B001AFE75 /* MTManualTiVoEditorController.xib */,
				D2D2C6EE16B3816B001AFE75 /* MTManualTiVoEditorController.m */,
				D2D2C6EF16B3816B001AFE75 /* MTManualTiVoEditorController.h */,
			);
			name = "UI Classes - Manual TiVo Editor";
			sourceTree = "<group>";
		};
		D278CCDA16B49A8500711FFD /* UI Classes - Preferences  */ = {
			isa = PBXGroup;
			children = (
				D27579BA16B4DC2B0090D137 /* MTPreferencesWindowController.h */,
				D27579BB16B4DC2B0090D137 /* MTPreferencesWindowController.m */,
				D27579BC16B4DC2B0090D137 /* MTPreferencesWindowController.xib */,
				D27579C016B575A20090D137 /* MTTabViewItem.h */,
				D27579C116B575A20090D137 /* MTTabViewItem.m */,
				D208560416B61B9B002F5F8C /* MTPreferencesViewController.h */,
				D208560516B61B9B002F5F8C /* MTPreferencesViewController.m */,
				D208560616B61B9B002F5F8C /* MTPreferencesViewController.xib */,
				D22E4B1716B76DCD00619A6E /* MTAdvPreferencesViewController.xib */,
				1E389BB616C46BA600B80EC9 /* MTAdvPreferencesViewController.h */,
				1E389BB716C46BA600B80EC9 /* MTAdvPreferencesViewController.m */,
			);
			name = "UI Classes - Preferences ";
			sourceTree = "<group>";
		};
		D297AC121730296C0036125A /* mp4v2 */ = {
			isa = PBXGroup;
			children = (
				D297AC131730296C0036125A /* chapter.h */,
				D297AC141730296C0036125A /* file.h */,
				D297AC151730296C0036125A /* file_prop.h */,
				D297AC161730296C0036125A /* general.h */,
				D297AC171730296C0036125A /* isma.h */,
				D297AC181730296C0036125A /* itmf_generic.h */,
				D297AC191730296C0036125A /* itmf_tags.h */,
				D297AC1A1730296C0036125A /* libmp4v2.a */,
				D297AC1B1730296C0036125A /* mp4v2.h */,
				D297AC1C1730296C0036125A /* platform.h */,
				D297AC1D1730296C0036125A /* project.h */,
				D297AC1E1730296C0036125A /* sample.h */,
				D297AC1F1730296C0036125A /* streaming.h */,
				D297AC201730296C0036125A /* track.h */,
				D297AC211730296C0036125A /* track_prop.h */,
			);
			path = mp4v2;
			sourceTree = "<group>";
		};
		D2C0380F17131F9A0001BA52 /* Update */ = {
			isa = PBXGroup;
			children = (
				D2C0381017131FC50001BA52 /* sparklecast.xml */,
			);
			name = Update;
			path = update;
			sourceTree = "<group>";
		};
		D2D60B9216766EFD00CE32DE = {
			isa = PBXGroup;
			children = (
				1E5C5C1A17FDF0B80056E794 /* readme.md */,
				D271F3621734BCDA00641435 /* Security.framework */,
				D2C0380F17131F9A0001BA52 /* Update */,
				1E684A8C16E40EA8000F5C6E /* Wiki */,
				D2D60BA716766EFD00CE32DE /* cTiVo */,
				D2D60BA016766EFD00CE32DE /* Frameworks */,
				D2D60B9E16766EFD00CE32DE /* Products */,
				1E5C5C1B17FE18BB0056E794 /* wiki */,
			);
			sourceTree = "<group>";
		};
		D2D60B9E16766EFD00CE32DE /* Products */ = {
			isa = PBXGroup;
			children = (
				D2D60B9D16766EFD00CE32DE /* cTiVo.app */,
			);
			name = Products;
			sourceTree = "<group>";
		};
		D2D60BA016766EFD00CE32DE /* Frameworks */ = {
			isa = PBXGroup;
			children = (
				D297AC27173047EE0036125A /* libstdc++.dylib */,
				1E07864F19C7F5EB00A68051 /* Crashlytics.framework */,
				D2A09C7916C77E9D00F2B86F /* Quartz.framework */,
				D2CAF33F16AB43AE004E4CFA /* IOKit.framework */,
				D2B6706C169CA91F009CB164 /* SystemConfiguration.framework */,
				1EABE6F316B0A254004DDB61 /* Growl.framework */,
				D2995CAC168D0EE700B960B9 /* Sparkle.framework */,
				D240EF5D16EFE05E00635E53 /* QTKit.framework */,
				D2DFA6881683B9E200CD6CE0 /* ScriptingBridge.framework */,
				D2D60BA116766EFD00CE32DE /* Cocoa.framework */,
				D2D60BA316766EFD00CE32DE /* Other Frameworks */,
				1E6349E419C899CF00E650D0 /* Crashlytics.sh */,
			);
			name = Frameworks;
			sourceTree = "<group>";
		};
		D2D60BA316766EFD00CE32DE /* Other Frameworks */ = {
			isa = PBXGroup;
			children = (
				D2D60BA416766EFD00CE32DE /* AppKit.framework */,
				D2D60BA516766EFD00CE32DE /* CoreData.framework */,
				D2D60BA616766EFD00CE32DE /* Foundation.framework */,
			);
			name = "Other Frameworks";
			sourceTree = "<group>";
		};
		D2D60BA716766EFD00CE32DE /* cTiVo */ = {
			isa = PBXGroup;
			children = (
				D297AC121730296C0036125A /* mp4v2 */,
				D2D60BB616766EFD00CE32DE /* MainMenu.xib */,
				D2D60BB316766EFD00CE32DE /* MTAppDelegate.h */,
				D2D60BB416766EFD00CE32DE /* MTAppDelegate.m */,
				D2D60BCB16766FA600CE32DE /* MTConstants.h */,
				D2DA8FBA169CDAAD0053B7CB /* Data Model */,
				D2DA8FBB169CDACC0053B7CB /* UI Classes- Main Window */,
				D278CCDA16B49A8500711FFD /* UI Classes - Preferences  */,
				1EE4418016A4E64800796897 /* UI Classes- Format Edit */,
				D272E49116B33D1600392165 /* UI Classes - Manual TiVo Editor */,
				1E791BD01697ACAA00E47E84 /* Custom NSViews */,
				D2DFA68B1683B9EC00CD6CE0 /* iTunesInterface */,
				1E964C921882761F00C19046 /* Images */,
				D2D60BBE16766F1100CE32DE /* Resources */,
				D2D60BA816766EFD00CE32DE /* Supporting Files */,
				1E9959C1173DC73500B47539 /* DDLogger */,
				D2D60BDF16766FB100CE32DE /* Utilities */,
			);
			path = cTiVo;
			sourceTree = "<group>";
		};
		D2D60BA816766EFD00CE32DE /* Supporting Files */ = {
			isa = PBXGroup;
			children = (
				D2D60BA916766EFD00CE32DE /* cTiVo-Info.plist */,
				1E533E0F1A51F662006E6757 /* cTiVoLogging-Info.plist */,
				D2D60BAA16766EFD00CE32DE /* InfoPlist.strings */,
				D2D60BAD16766EFD00CE32DE /* main.m */,
				D2D60BAF16766EFD00CE32DE /* cTiVo-Prefix.pch */,
				D2D60BB016766EFD00CE32DE /* Credits.rtf */,
			);
			name = "Supporting Files";
			sourceTree = "<group>";
		};
		D2D60BBE16766F1100CE32DE /* Resources */ = {
			isa = PBXGroup;
			children = (
				D209B6A91813305E004E733B /* FindTiVoHelpFile.rtf */,
				D2574E8517FE30EC00BBAB5C /* MAKHelpFile.rtf */,
				D24A8D0D16A5F3DC00DFF890 /* catToFile */,
				1EFD685A16D19AA100CC36E5 /* ccextractor */,
				D2B73F3116BC485E003CB4ED /* comskip */,
				D2B73F3516BC8A90003CB4ED /* comskip.ini */,
				D274653416C8081C0012CFF7 /* ComSkipHelpText.rtf */,
				1E18145D1708AC1500166E5F /* cTiVo.help */,
				D2995CAA168D08B300B960B9 /* cTiVo_sparkle_pub.pem */,
				1E2725C216CB63D500A21940 /* elgatoLaunch.scpt */,
				1E2725C316CB63D500A21940 /* elgatoProgress.scpt */,
				D2B4B4F31732D69C005B97F1 /* elgatoQuit.scpt */,
				1E2724EE16C9A8B500A21940 /* elgatoScript.pl */,
				D219D5F316A503C100C79962 /* EncoderHelpText.rtf */,
				D2D60BC016766F3200CE32DE /* formats.plist */,
				1EABE6FD16B0DA21004DDB61 /* Growl Registration Ticket.growlRegDict */,
				D2D60BC116766F3200CE32DE /* HandBrakeCLI */,
				D2D60BC216766F3200CE32DE /* mencoder */,
				1E6ECF4916CF646300863EB0 /* pytivo_txt.xslt */,
				D2D60BC316766F3200CE32DE /* tivodecode */,
			);
			name = Resources;
			sourceTree = "<group>";
		};
		D2D60BDF16766FB100CE32DE /* Utilities */ = {
			isa = PBXGroup;
			children = (
				1E3D27DE1A4DCB53006B9CC4 /* NSNotificationCenter+Threads.h */,
				1E3D27DF1A4DCB53006B9CC4 /* NSNotificationCenter+Threads.m */,
				1E6F22D816DD3D9E0071D291 /* NSString+RFC3339Date.h */,
				1E6F22D916DD3D9E0071D291 /* NSString+RFC3339Date.m */,
				D2D60BD016766FA600CE32DE /* NSString+HTML.h */,
				D2D60BD116766FA600CE32DE /* NSString+HTML.m */,
				D295CE81175A6AE500D010B8 /* NSString+Helpers.h */,
				D295CE82175A6AE500D010B8 /* NSString+Helpers.m */,
				D2D60BD216766FA600CE32DE /* GTMNSString+HTML.h */,
				D2D60BD316766FA600CE32DE /* GTMNSString+HTML.m */,
				D202E09F169778DA00514213 /* MTiTivoImport.h */,
				D2AFDBE7169B2D3A00D7DA3B /* MTiTivoImport.m */,
				1E45C8F116E11E59005C5334 /* MTIsStringEmpty.h */,
				1E45C8F216E11E59005C5334 /* MTIsStringEmpty.m */,
			);
			name = Utilities;
			sourceTree = "<group>";
		};
		D2DA8FBA169CDAAD0053B7CB /* Data Model */ = {
			isa = PBXGroup;
			children = (
				D2001C211704F93F00B75D9C /* MTSrt.h */,
				D2001C221704F93F00B75D9C /* MTSrt.m */,
				D2001C231704F93F00B75D9C /* MTEdl.h */,
				D2001C241704F93F00B75D9C /* MTEdl.m */,
				D28EB0FA16B3182100AA0330 /* MTNetService.h */,
				D28EB0F916B3182100AA0330 /* MTNetService.m */,
				D2A648F016991CD300C7DA01 /* MTTiVo.h */,
				D2A648F116991CD300C7DA01 /* MTTiVo.m */,
				D2D60BCA16766FA600CE32DE /* MTTiVoManager.h */,
				D2D60BC916766FA600CE32DE /* MTTiVoManager.m */,
				1E6F22D416DD1F4C0071D291 /* MTDownload.h */,
				1E6F22D516DD1F4C0071D291 /* MTDownload.m */,
				D22BC41D1680DB5E007D699C /* MTTiVoShow.h */,
				D22BC41E1680DB5E007D699C /* MTTiVoShow.m */,
				1E791BD21697C59300E47E84 /* MTSubscription.h */,
				1E791BD31697C59300E47E84 /* MTSubscription.m */,
				1E4A38461A37C0F4001D84A7 /* MTSubscriptionList.h */,
				1E4A38471A37C0F4001D84A7 /* MTSubscriptionList.m */,
				D2A7269616A23E3D00C58C5F /* MTFormat.h */,
				D2A7269716A23E3D00C58C5F /* MTFormat.m */,
				D2C6BB581714681C00289751 /* MTTask.h */,
				D2C6BB591714681C00289751 /* MTTask.m */,
				D2ED1BB91715C3BF00742F18 /* MTTaskChain.h */,
				D2ED1BBA1715C3BF00742F18 /* MTTaskChain.m */,
			);
			name = "Data Model";
			sourceTree = "<group>";
		};
		D2DA8FBB169CDACC0053B7CB /* UI Classes- Main Window */ = {
			isa = PBXGroup;
			children = (
				D2D60BCD16766FA600CE32DE /* MTDownloadTableView.h */,
				D2D60BCC16766FA600CE32DE /* MTDownloadTableView.m */,
				D279D3E8167A32FA007F0677 /* MTMainWindowController.h */,
				D279D3E9167A32FA007F0677 /* MTMainWindowController.m */,
				D279D3EA167A32FA007F0677 /* MTMainWindowController.xib */,
				1E00BDE6170A4809005F3970 /* MTMainWindowDrawer.xib */,
				D2D60BCF16766FA600CE32DE /* MTProgramTableView.h */,
				D2D60BCE16766FA600CE32DE /* MTProgramTableView.m */,
				D235BEFF168F52DE00320FA5 /* MTSubscriptionTableView.h */,
				D235BF00168F52DE00320FA5 /* MTSubscriptionTableView.m */,
				D2901AE71677BB0E001E559C /* MTDownloadTableCellView.h */,
				D2901AE81677BB0E001E559C /* MTDownloadTableCellView.m */,
				D2DFA68D1683C27600CD6CE0 /* MTDownloadCheckTableCell.h */,
				D2DFA68E1683C27600CD6CE0 /* MTDownloadCheckTableCell.m */,
			);
			name = "UI Classes- Main Window";
			sourceTree = "<group>";
		};
		D2DFA68B1683B9EC00CD6CE0 /* iTunesInterface */ = {
			isa = PBXGroup;
			children = (
				D2C390751687FFA600D2062E /* MTiTunes.h */,
				D2C390741687FFA600D2062E /* MTiTunes.m */,
				D2DFA68C1683BA0300CD6CE0 /* iTunes.h */,
			);
			name = iTunesInterface;
			sourceTree = "<group>";
		};
/* End PBXGroup section */

/* Begin PBXNativeTarget section */
		D2D60B9C16766EFD00CE32DE /* cTiVo */ = {
			isa = PBXNativeTarget;
			buildConfigurationList = D2D60BBB16766EFD00CE32DE /* Build configuration list for PBXNativeTarget "cTiVo" */;
			buildPhases = (
				D2D60B9916766EFD00CE32DE /* Sources */,
				D2F5300316CC0C0100C44128 /* Update SVN */,
				D2D60B9A16766EFD00CE32DE /* Frameworks */,
				D2D60B9B16766EFD00CE32DE /* Resources */,
				D2995CAE168D0F7D00B960B9 /* CopyFiles */,
				D2901ADC1677AF3C001E559C /* Record Bundle Number as GIT commit count */,
				1E07864E19C7F3CE00A68051 /* Run Script */,
				D2AA030A1833F09B00AEE326 /* Sign Bundled Frameworks */,
			);
			buildRules = (
			);
			dependencies = (
			);
			name = cTiVo;
			productName = cTiVo;
			productReference = D2D60B9D16766EFD00CE32DE /* cTiVo.app */;
			productType = "com.apple.product-type.application";
		};
/* End PBXNativeTarget section */

/* Begin PBXProject section */
		D2D60B9416766EFD00CE32DE /* Project object */ = {
			isa = PBXProject;
			attributes = {
				CLASSPREFIX = MT;
				LastUpgradeCheck = 0600;
				ORGANIZATIONNAME = cTiVo;
				TargetAttributes = {
					D2D60B9C16766EFD00CE32DE = {
						DevelopmentTeam = E8XXXD4S77;
					};
				};
			};
			buildConfigurationList = D2D60B9716766EFD00CE32DE /* Build configuration list for PBXProject "cTiVo" */;
			compatibilityVersion = "Xcode 3.2";
			developmentRegion = English;
			hasScannedForEncodings = 0;
			knownRegions = (
				en,
			);
			mainGroup = D2D60B9216766EFD00CE32DE;
			productRefGroup = D2D60B9E16766EFD00CE32DE /* Products */;
			projectDirPath = "";
			projectRoot = "";
			targets = (
				D2D60B9C16766EFD00CE32DE /* cTiVo */,
			);
		};
/* End PBXProject section */

/* Begin PBXResourcesBuildPhase section */
		D2D60B9B16766EFD00CE32DE /* Resources */ = {
			isa = PBXResourcesBuildPhase;
			buildActionMask = 2147483647;
			files = (
				D2D60BAC16766EFD00CE32DE /* InfoPlist.strings in Resources */,
				1E964CA41882768A00C19046 /* suggestion-recording@2x.png in Resources */,
				D2D60BB216766EFD00CE32DE /* Credits.rtf in Resources */,
				D2D60BB816766EFD00CE32DE /* MainMenu.xib in Resources */,
				D2D60BC516766F3200CE32DE /* formats.plist in Resources */,
				D2D60BC616766F3200CE32DE /* HandBrakeCLI in Resources */,
				D2D60BC716766F3200CE32DE /* mencoder in Resources */,
				D2D60BC816766F3200CE32DE /* tivodecode in Resources */,
				1E964CA31882768A00C19046 /* save-until-i-delete-recording@2x.png in Resources */,
				D279D3EC167A32FA007F0677 /* MTMainWindowController.xib in Resources */,
				D2995CAB168D08B300B960B9 /* cTiVo_sparkle_pub.pem in Resources */,
				D2A7269D16A25DEB00C58C5F /* MTFormatEditorController.xib in Resources */,
				D219D5E916A4F88D00C79962 /* MTHelpViewController.xib in Resources */,
				D219D5F416A503C100C79962 /* EncoderHelpText.rtf in Resources */,
				1E964CA7188313ED00C19046 /* checkImage2.png in Resources */,
				D24A8D0E16A5F3DC00DFF890 /* catToFile in Resources */,
				1E3D27E51A4F5992006B9CC4 /* Crashlytics.sh in Resources */,
				1EABE6FE16B0DA21004DDB61 /* Growl Registration Ticket.growlRegDict in Resources */,
				1E964C9E1882768A00C19046 /* expired-recording@2x.png in Resources */,
				D2574E8617FE30EC00BBAB5C /* MAKHelpFile.rtf in Resources */,
				D2D2C6F016B3816B001AFE75 /* MTManualTiVoEditorController.xib in Resources */,
				D27579BE16B4DC2B0090D137 /* MTPreferencesWindowController.xib in Resources */,
				D208560816B61B9B002F5F8C /* MTPreferencesViewController.xib in Resources */,
				D22E4B1916B76DCD00619A6E /* MTAdvPreferencesViewController.xib in Resources */,
				D2B73F3216BC485E003CB4ED /* comskip in Resources */,
				D2B73F3616BC8A90003CB4ED /* comskip.ini in Resources */,
				D274653516C8081C0012CFF7 /* ComSkipHelpText.rtf in Resources */,
				1E964C9D1882768A00C19046 /* deleted@2x.png in Resources */,
				1E2724EF16C9A8B500A21940 /* elgatoScript.pl in Resources */,
				1E2725C416CB63D500A21940 /* elgatoLaunch.scpt in Resources */,
				1EDE323A19C502980052E6C6 /* tivo.png in Resources */,
				1E2725C516CB63D500A21940 /* elgatoProgress.scpt in Resources */,
				1E6ECF4A16CF646300863EB0 /* pytivo_txt.xslt in Resources */,
				1E964C9F1882768A00C19046 /* expires-soon-recording@2x.png in Resources */,
				1E684A7B16E2C50B000F5C6E /* copyright.png in Resources */,
				D209B6AA1813305E004E733B /* FindTiVoHelpFile.rtf in Resources */,
				1E964C9C1882768A00C19046 /* copyright@2x.png in Resources */,
				1E964CA21882768A00C19046 /* recent-recording@2x.png in Resources */,
				1E684A7D16E2C50B000F5C6E /* expired-recording.png in Resources */,
				1EDE323B19C502980052E6C6 /* tivo@2x.png in Resources */,
				1E684A7E16E2C50B000F5C6E /* expires-soon-recording.png in Resources */,
				1E684A7F16E2C50B000F5C6E /* save-until-i-delete-recording.png in Resources */,
				1E964CA11882768A00C19046 /* status-unknown@2x.png in Resources */,
				1E684A8016E2C50B000F5C6E /* suggestion-recording.png in Resources */,
				1E684A8716E3A010000F5C6E /* status-unknown.png in Resources */,
				1E964CA01882768A00C19046 /* in-progress-recording@2x.png in Resources */,
				1E684A8B16E3A338000F5C6E /* deleted.png in Resources */,
				1E7F5ADB1701877A003AA96C /* in-progress-recording.png in Resources */,
				D240EF5C16EEEC3F00635E53 /* ccextractor in Resources */,
				1E0C5DD9170236B30015C55D /* recent-recording.png in Resources */,
				1E964CA8188313ED00C19046 /* checkImage2@2x.png in Resources */,
				1E18145E1708AC1500166E5F /* cTiVo.help in Resources */,
				1E1814601708AF7000166E5F /* cTiVo.icns in Resources */,
				1E00BDE7170A4809005F3970 /* MTMainWindowDrawer.xib in Resources */,
				D2B4B4F41732D69C005B97F1 /* elgatoQuit.scpt in Resources */,
				1E9A10EF1757200000863C44 /* cTiVo.png in Resources */,
			);
			runOnlyForDeploymentPostprocessing = 0;
		};
/* End PBXResourcesBuildPhase section */

/* Begin PBXShellScriptBuildPhase section */
		1E07864E19C7F3CE00A68051 /* Run Script */ = {
			isa = PBXShellScriptBuildPhase;
			buildActionMask = 2147483647;
			files = (
			);
			inputPaths = (
			);
			name = "Run Script";
			outputPaths = (
			);
			runOnlyForDeploymentPostprocessing = 0;
			shellPath = /bin/sh;
			shellScript = $SRCROOT/cTiVo/Crashlytics.sh;
		};
		D2901ADC1677AF3C001E559C /* Record Bundle Number as GIT commit count */ = {
			isa = PBXShellScriptBuildPhase;
			buildActionMask = 2147483647;
			files = (
			);
			inputPaths = (
			);
			name = "Record Bundle Number as GIT commit count";
			outputPaths = (
			);
			runOnlyForDeploymentPostprocessing = 0;
			shellPath = /bin/sh;
			shellScript = "/usr/libexec/PlistBuddy -c \"Set :CFBundleVersion `git log | grep ^commit | wc | awk '{print $1 + 50}'`\" ${BUILT_PRODUCTS_DIR}/${INFOPLIST_PATH}\n";
		};
		D2AA030A1833F09B00AEE326 /* Sign Bundled Frameworks */ = {
			isa = PBXShellScriptBuildPhase;
			buildActionMask = 2147483647;
			files = (
			);
			inputPaths = (
			);
			name = "Sign Bundled Frameworks";
			outputPaths = (
			);
			runOnlyForDeploymentPostprocessing = 0;
			shellPath = /bin/sh;
			shellScript = "LOCATION=\"${BUILT_PRODUCTS_DIR}\"/\"${FRAMEWORKS_FOLDER_PATH}\"\n\n# By default, use the configured code signing identity for the project/target\nIDENTITY=\"${CODE_SIGN_IDENTITY}\"\nif [ \"$IDENTITY\" == \"\" ]\nthen\n    # If a code signing identity is not specified, use ad hoc signing\n    IDENTITY=\"-\"\nfi\ncodesign --verbose --force --sign \"$IDENTITY\" \"$LOCATION/Sparkle.framework/Versions/A\"\ncodesign --verbose --force --sign \"$IDENTITY\" \"$LOCATION/Growl.framework/Versions/A\"\n";
		};
		D2F5300316CC0C0100C44128 /* Update SVN */ = {
			isa = PBXShellScriptBuildPhase;
			buildActionMask = 8;
			files = (
			);
			inputPaths = (
			);
			name = "Update SVN";
			outputPaths = (
			);
			runOnlyForDeploymentPostprocessing = 1;
			shellPath = /bin/sh;
			shellScript = "svn update\n";
		};
/* End PBXShellScriptBuildPhase section */

/* Begin PBXSourcesBuildPhase section */
		D2D60B9916766EFD00CE32DE /* Sources */ = {
			isa = PBXSourcesBuildPhase;
			buildActionMask = 2147483647;
			files = (
				1E59368919648C860008780B /* DDLog.m in Sources */,
				D2D60BAE16766EFD00CE32DE /* main.m in Sources */,
				D2D60BB516766EFD00CE32DE /* MTAppDelegate.m in Sources */,
				D2D60BD416766FA600CE32DE /* MTTiVoManager.m in Sources */,
				D2D60BD716766FA600CE32DE /* MTDownloadTableView.m in Sources */,
				D2D60BD916766FA600CE32DE /* MTProgramTableView.m in Sources */,
				D2901AE91677BB0E001E559C /* MTDownloadTableCellView.m in Sources */,
				D20BA5531678F7BD007BADB9 /* MTProgressindicator.m in Sources */,
				D279D3EB167A32FA007F0677 /* MTMainWindowController.m in Sources */,
				D22BC41F1680DB5E007D699C /* MTTiVoShow.m in Sources */,
				D2DFA68F1683C27600CD6CE0 /* MTDownloadCheckTableCell.m in Sources */,
				D2C390761687FFA600D2062E /* MTiTunes.m in Sources */,
				D2995CA6168B8BB200B960B9 /* MTCheckBox.m in Sources */,
				D235BF01168F52DE00320FA5 /* MTSubscriptionTableView.m in Sources */,
				D257C6E41697400700EBE30B /* MTFormatPopUpButton.m in Sources */,
				D257C6E9169740A000EBE30B /* MTPopUpTableCellView.m in Sources */,
				D2A648F216991CD300C7DA01 /* MTTiVo.m in Sources */,
				D2A648FB16994D2A00C7DA01 /* MTSubscription.m in Sources */,
				1E4A38481A37C0F4001D84A7 /* MTSubscriptionList.m in Sources */,
				D2AFDBE8169B2D3A00D7DA3B /* MTiTivoImport.m in Sources */,
				D2A7269816A23E3D00C58C5F /* MTFormat.m in Sources */,
				D2A7269C16A25DEB00C58C5F /* MTFormatEditorController.m in Sources */,
				D219D5EA16A4F88D00C79962 /* MTHelpViewController.m in Sources */,
				D28EB0FB16B3182100AA0330 /* MTNetService.m in Sources */,
				D2D2C6F116B3816B001AFE75 /* MTManualTiVoEditorController.m in Sources */,
				D27579BD16B4DC2B0090D137 /* MTPreferencesWindowController.m in Sources */,
				D27579C216B575A30090D137 /* MTTabViewItem.m in Sources */,
				D208560716B61B9B002F5F8C /* MTPreferencesViewController.m in Sources */,
				1E389BB816C46BA600B80EC9 /* MTAdvPreferencesViewController.m in Sources */,
				1E6F22D616DD1F4C0071D291 /* MTDownload.m in Sources */,
				1E6F22DA16DD3D9E0071D291 /* NSString+RFC3339Date.m in Sources */,
				1E3D27E01A4DCB53006B9CC4 /* NSNotificationCenter+Threads.m in Sources */,
				1E45C8F316E11E59005C5334 /* MTIsStringEmpty.m in Sources */,
				D2001C261704F93F00B75D9C /* MTSrt.m in Sources */,
				D2001C281704F93F00B75D9C /* MTEdl.m in Sources */,
				D291436E1713467A00CE3202 /* NSString+HTML.m in Sources */,
				D291436F1713467F00CE3202 /* GTMNSString+HTML.m in Sources */,
				D2C6BB5A1714681C00289751 /* MTTask.m in Sources */,
				D2ED1BBB1715C3BF00742F18 /* MTTaskChain.m in Sources */,
				1E9959C8173DC7D100B47539 /* DDFileLogger.m in Sources */,
				1E9959CA173DC7D100B47539 /* DDTTYLogger.m in Sources */,
				1EB328B1173ED0F0005E8656 /* MTLogFormatter.m in Sources */,
				1E59368C19648CFF0008780B /* MTLog.m in Sources */,
				1ED49975174D898D0022E084 /* MTTiVoPopUpButton.m in Sources */,
				1ED49976174D898D0022E084 /* MTTiVoPopUpTableCellView.m in Sources */,
				D295CE84175A6AE500D010B8 /* NSString+Helpers.m in Sources */,
			);
			runOnlyForDeploymentPostprocessing = 0;
		};
/* End PBXSourcesBuildPhase section */

/* Begin PBXVariantGroup section */
		D2D60BAA16766EFD00CE32DE /* InfoPlist.strings */ = {
			isa = PBXVariantGroup;
			children = (
				D2D60BAB16766EFD00CE32DE /* en */,
			);
			name = InfoPlist.strings;
			sourceTree = "<group>";
		};
		D2D60BB016766EFD00CE32DE /* Credits.rtf */ = {
			isa = PBXVariantGroup;
			children = (
				D2D60BB116766EFD00CE32DE /* en */,
			);
			name = Credits.rtf;
			sourceTree = "<group>";
		};
		D2D60BB616766EFD00CE32DE /* MainMenu.xib */ = {
			isa = PBXVariantGroup;
			children = (
				D2D60BB716766EFD00CE32DE /* en */,
			);
			name = MainMenu.xib;
			sourceTree = "<group>";
		};
/* End PBXVariantGroup section */

/* Begin XCBuildConfiguration section */
		D2D60BB916766EFD00CE32DE /* Debug */ = {
			isa = XCBuildConfiguration;
			buildSettings = {
				ALWAYS_SEARCH_USER_PATHS = NO;
				CLANG_CXX_LANGUAGE_STANDARD = "gnu++0x";
				CLANG_CXX_LIBRARY = "libc++";
				CLANG_WARN_EMPTY_BODY = YES;
				CLANG_WARN_OBJC_IMPLICIT_ATOMIC_PROPERTIES = NO;
				CLANG_WARN_OBJC_MISSING_PROPERTY_SYNTHESIS = NO;
				CLANG_WARN__DUPLICATE_METHOD_MATCH = YES;
				CODE_SIGN_IDENTITY = "Developer ID Application";
				COPY_PHASE_STRIP = NO;
				DEBUG_INFORMATION_FORMAT = "dwarf-with-dsym";
				GCC_C_LANGUAGE_STANDARD = gnu99;
				GCC_DYNAMIC_NO_PIC = NO;
				GCC_ENABLE_OBJC_EXCEPTIONS = YES;
				GCC_OPTIMIZATION_LEVEL = 0;
				GCC_PREPROCESSOR_DEFINITIONS = (
					"DEBUG=1",
					"$(inherited)",
				);
				GCC_SYMBOLS_PRIVATE_EXTERN = NO;
				GCC_WARN_64_TO_32_BIT_CONVERSION = YES;
				GCC_WARN_ABOUT_RETURN_TYPE = YES;
				GCC_WARN_MULTIPLE_DEFINITION_TYPES_FOR_SELECTOR = NO;
				GCC_WARN_STRICT_SELECTOR_MATCH = NO;
				GCC_WARN_UNDECLARED_SELECTOR = NO;
				GCC_WARN_UNINITIALIZED_AUTOS = YES;
				GCC_WARN_UNUSED_VARIABLE = YES;
				MACOSX_DEPLOYMENT_TARGET = 10.7;
				ONLY_ACTIVE_ARCH = YES;
				OTHER_CFLAGS = (
					"-Wall",
					"-Wextra",
					"-Wnewline-eof",
					"-Wshadow",
					"-Wundef",
					"-Wdeprecated-implementations",
				);
				SDKROOT = macosx;
			};
			name = Debug;
		};
		D2D60BBA16766EFD00CE32DE /* Release */ = {
			isa = XCBuildConfiguration;
			buildSettings = {
				ALWAYS_SEARCH_USER_PATHS = NO;
				CLANG_CXX_LANGUAGE_STANDARD = "gnu++0x";
				CLANG_CXX_LIBRARY = "libc++";
				CLANG_WARN_EMPTY_BODY = YES;
				CLANG_WARN_OBJC_IMPLICIT_ATOMIC_PROPERTIES = NO;
				CLANG_WARN_OBJC_MISSING_PROPERTY_SYNTHESIS = NO;
				CLANG_WARN__DUPLICATE_METHOD_MATCH = YES;
				CODE_SIGN_IDENTITY = "Developer ID Application";
				COPY_PHASE_STRIP = NO;
				DEBUG_INFORMATION_FORMAT = "dwarf-with-dsym";
				ENABLE_NS_ASSERTIONS = NO;
				GCC_C_LANGUAGE_STANDARD = gnu99;
				GCC_ENABLE_OBJC_EXCEPTIONS = YES;
				GCC_WARN_64_TO_32_BIT_CONVERSION = YES;
				GCC_WARN_ABOUT_RETURN_TYPE = YES;
				GCC_WARN_MULTIPLE_DEFINITION_TYPES_FOR_SELECTOR = NO;
				GCC_WARN_STRICT_SELECTOR_MATCH = NO;
				GCC_WARN_UNDECLARED_SELECTOR = NO;
				GCC_WARN_UNINITIALIZED_AUTOS = YES;
				GCC_WARN_UNUSED_VARIABLE = YES;
				MACOSX_DEPLOYMENT_TARGET = 10.7;
				OTHER_CFLAGS = (
					"-Wall",
					"-Wextra",
					"-Wnewline-eof",
					"-Wshadow",
					"-Wundef",
					"-Wdeprecated-implementations",
				);
				SDKROOT = macosx;
			};
			name = Release;
		};
		D2D60BBC16766EFD00CE32DE /* Debug */ = {
			isa = XCBuildConfiguration;
			buildSettings = {
				ALWAYS_SEARCH_USER_PATHS = YES;
				CLANG_ENABLE_OBJC_ARC = YES;
				CODE_SIGN_IDENTITY = "Developer ID Application";
				COMBINE_HIDPI_IMAGES = YES;
				FRAMEWORK_SEARCH_PATHS = (
					"$(inherited)",
					"\"$(SRCROOT)/cTiVo\"",
					"$(SRCROOT)",
					"$(PROJECT_DIR)",
				);
				GCC_PRECOMPILE_PREFIX_HEADER = YES;
				GCC_PREFIX_HEADER = "cTiVo/cTiVo-Prefix.pch";
				HEADER_SEARCH_PATHS = "\"$(SRCROOT)/cTiVo\"";
				INFOPLIST_FILE = "cTiVo/cTiVo-Info.plist";
				LIBRARY_SEARCH_PATHS = (
					"$(inherited)",
					"\"$(SRCROOT)/cTiVo/mp4v2\"",
				);
				MACOSX_DEPLOYMENT_TARGET = 10.7;
				PRODUCT_NAME = "$(TARGET_NAME)";
				PROVISIONING_PROFILE = "";
				WRAPPER_EXTENSION = app;
			};
			name = Debug;
		};
		D2D60BBD16766EFD00CE32DE /* Release */ = {
			isa = XCBuildConfiguration;
			buildSettings = {
				ALWAYS_SEARCH_USER_PATHS = YES;
				CLANG_ENABLE_OBJC_ARC = YES;
				CODE_SIGN_IDENTITY = "Developer ID Application";
				COMBINE_HIDPI_IMAGES = YES;
				FRAMEWORK_SEARCH_PATHS = (
					"$(inherited)",
					"$(SRCROOT)",
					"$(SRCROOT)",
					"$(PROJECT_DIR)",
					"$(PROJECT_DIR)/cTiVo",
				);
				GCC_PRECOMPILE_PREFIX_HEADER = YES;
				GCC_PREFIX_HEADER = "cTiVo/cTiVo-Prefix.pch";
				HEADER_SEARCH_PATHS = "\"$(SRCROOT)/cTiVo\"";
				INFOPLIST_FILE = "cTiVo/cTiVo-Info.plist";
				LIBRARY_SEARCH_PATHS = (
					"$(inherited)",
					"\"$(SRCROOT)/cTiVo/mp4v2\"",
				);
				MACOSX_DEPLOYMENT_TARGET = 10.7;
				PRODUCT_NAME = "$(TARGET_NAME)";
				PROVISIONING_PROFILE = "";
				WRAPPER_EXTENSION = app;
			};
			name = Release;
		};
/* End XCBuildConfiguration section */

/* Begin XCConfigurationList section */
		D2D60B9716766EFD00CE32DE /* Build configuration list for PBXProject "cTiVo" */ = {
			isa = XCConfigurationList;
			buildConfigurations = (
				D2D60BB916766EFD00CE32DE /* Debug */,
				D2D60BBA16766EFD00CE32DE /* Release */,
			);
			defaultConfigurationIsVisible = 0;
			defaultConfigurationName = Release;
		};
		D2D60BBB16766EFD00CE32DE /* Build configuration list for PBXNativeTarget "cTiVo" */ = {
			isa = XCConfigurationList;
			buildConfigurations = (
				D2D60BBC16766EFD00CE32DE /* Debug */,
				D2D60BBD16766EFD00CE32DE /* Release */,
			);
			defaultConfigurationIsVisible = 0;
			defaultConfigurationName = Release;
		};
/* End XCConfigurationList section */
	};
	rootObject = D2D60B9416766EFD00CE32DE /* Project object */;
}
